
Microsoft Visual Studio Solution File, Format Version 12.00
# Visual Studio Version 16
VisualStudioVersion = 16.0.30114.105
MinimumVisualStudioVersion = 10.0.40219.1
Project("{FAE04EC0-301F-11D3-BF4B-00C04F79EFBC}") = "Xamarin.CommunityToolkit.MauiCompat", "Xamarin.CommunityToolkit.MauiCompat\Xamarin.CommunityToolkit.MauiCompat.csproj", "{451696DD-2230-4F8E-9AB8-7A9E18E99ECE}"
EndProject
Global
	GlobalSection(SolutionConfigurationPlatforms) = preSolution
		Debug|Any CPU = Debug|Any CPU
		Release|Any CPU = Release|Any CPU
	EndGlobalSection
	GlobalSection(SolutionProperties) = preSolution
		HideSolutionNode = FALSE
	EndGlobalSection
	GlobalSection(ProjectConfigurationPlatforms) = postSolution
		{451696DD-2230-4F8E-9AB8-7A9E18E99ECE}.Debug|Any CPU.ActiveCfg = Debug|Any CPU
		{451696DD-2230-4F8E-9AB8-7A9E18E99ECE}.Debug|Any CPU.Build.0 = Debug|Any CPU
		{451696DD-2230-4F8E-9AB8-7A9E18E99ECE}.Release|Any CPU.ActiveCfg = Release|Any CPU
		{451696DD-2230-4F8E-9AB8-7A9E18E99ECE}.Release|Any CPU.Build.0 = Release|Any CPU
	EndGlobalSection
EndGlobal
