
Microsoft Visual Studio Solution File, Format Version 12.00
# Visual Studio Version 16
VisualStudioVersion = 16.0.31019.210
MinimumVisualStudioVersion = 10.0.40219.1
Project("{9A19103F-16F7-4668-BE54-9A1E7A4F7556}") = "CommunityToolkit.Maui", "src\CommunityToolkit\CommunityToolkit.Maui\CommunityToolkit.Maui.csproj", "{1B9B44A1-281F-4854-8DA9-4679A34593BB}"
EndProject
Project("{9A19103F-16F7-4668-BE54-9A1E7A4F7556}") = "CommunityToolkit.Maui.Markup", "src\Markup\CommunityToolkit.Maui.Markup\CommunityToolkit.Maui.Markup.csproj", "{ED6D1344-7A87-4DCF-BBA3-13E319108C56}"
EndProject
Global
	GlobalSection(SolutionConfigurationPlatforms) = preSolution
		Debug|Any CPU = Debug|Any CPU
		Release|Any CPU = Release|Any CPU
	EndGlobalSection
	GlobalSection(ProjectConfigurationPlatforms) = postSolution
		{1B9B44A1-281F-4854-8DA9-4679A34593BB}.Debug|Any CPU.ActiveCfg = Debug|Any CPU
		{1B9B44A1-281F-4854-8DA9-4679A34593BB}.Debug|Any CPU.Build.0 = Debug|Any CPU
		{1B9B44A1-281F-4854-8DA9-4679A34593BB}.Release|Any CPU.ActiveCfg = Release|Any CPU
		{1B9B44A1-281F-4854-8DA9-4679A34593BB}.Release|Any CPU.Build.0 = Release|Any CPU
		{ED6D1344-7A87-4DCF-BBA3-13E319108C56}.Debug|Any CPU.ActiveCfg = Debug|Any CPU
		{ED6D1344-7A87-4DCF-BBA3-13E319108C56}.Debug|Any CPU.Build.0 = Debug|Any CPU
		{ED6D1344-7A87-4DCF-BBA3-13E319108C56}.Release|Any CPU.ActiveCfg = Release|Any CPU
		{ED6D1344-7A87-4DCF-BBA3-13E319108C56}.Release|Any CPU.Build.0 = Release|Any CPU
	EndGlobalSection
	GlobalSection(SolutionProperties) = preSolution
		HideSolutionNode = FALSE
	EndGlobalSection
	GlobalSection(ExtensibilityGlobals) = postSolution
		SolutionGuid = {AE83A1F1-289A-47DB-A6EB-8D060163C67D}
	EndGlobalSection
EndGlobal
