
Microsoft Visual Studio Solution File, Format Version 12.00
# Visual Studio 15
VisualStudioVersion = 15.0.27130.2027
MinimumVisualStudioVersion = 10.0.40219.1
Project("{2150E333-8FDC-42A3-9474-1A3956D46DE8}") = "Solution Items", "Solution Items", "{4CF83A7E-B02C-4DEC-A0B7-EFC68623D928}"
	ProjectSection(SolutionItems) = preProject
		.editorconfig = .editorconfig
		Toolkit\Directory.build.props = Toolkit\Directory.build.props
		Toolkit\Directory.build.targets = Toolkit\Directory.build.targets
		LICENSE = LICENSE
		README.md = README.md
		stylecop.json = stylecop.json
		Toolkit.ruleset = Toolkit.ruleset
	EndProjectSection
EndProject
Project("{9A19103F-16F7-4668-BE54-9A1E7A4F7556}") = "Animations", "Toolkit\Animations\Animations.csproj", "{3D2364FF-A667-4EC1-8225-5D44E00BA306}"
EndProject
Project("{2150E333-8FDC-42A3-9474-1A3956D46DE8}") = "Tests", "Tests", "{D4A649FE-CF76-4885-B42B-10811E95564D}"
EndProject
Project("{9A19103F-16F7-4668-BE54-9A1E7A4F7556}") = "Behaviors.Tests", "Toolkit\Behaviors.Tests\Behaviors.Tests.csproj", "{51A69387-00D0-4256-B9CE-F9F36F6E6883}"
EndProject
Project("{9A19103F-16F7-4668-BE54-9A1E7A4F7556}") = "Converters.Tests", "Toolkit\Converters.Tests\Converters.Tests.csproj", "{BB4CCA3A-64D3-4616-AAF3-EF3219E087A4}"
EndProject
Project("{9A19103F-16F7-4668-BE54-9A1E7A4F7556}") = "Converters", "Toolkit\Converters\Converters.csproj", "{68B628DB-7631-4058-B63D-95A8AF5B4FBD}"
EndProject
Project("{9A19103F-16F7-4668-BE54-9A1E7A4F7556}") = "Effects", "Toolkit\Effects\Effects.csproj", "{D1B4FCD5-5018-4CDA-98B4-6666263B580C}"
EndProject
Project("{9A19103F-16F7-4668-BE54-9A1E7A4F7556}") = "Behaviors", "Toolkit\Behaviors\Behaviors.csproj", "{5CB3353B-BBDC-416D-B012-5FB0990CFBD1}"
EndProject
Project("{2150E333-8FDC-42A3-9474-1A3956D46DE8}") = "Samples", "Samples", "{2B6EF58D-69D1-4CB8-8AEC-DB3E0BE67868}"
EndProject
Project("{FAE04EC0-301F-11D3-BF4B-00C04F79EFBC}") = "Toolkit.Samples.Android", "Toolkit.Samples\Toolkit.Samples.Android\Toolkit.Samples.Android.csproj", "{86A1173D-F73C-4DD0-9A97-30AF819C387F}"
EndProject
Project("{FAE04EC0-301F-11D3-BF4B-00C04F79EFBC}") = "Toolkit.Samples.iOS", "Toolkit.Samples\Toolkit.Samples.iOS\Toolkit.Samples.iOS.csproj", "{84A9D47E-AB87-4EB2-B542-BB998A50FD85}"
EndProject
Project("{FAE04EC0-301F-11D3-BF4B-00C04F79EFBC}") = "Toolkit.Samples.UWP", "Toolkit.Samples\Toolkit.Samples.UWP\Toolkit.Samples.UWP.csproj", "{651BB325-06FF-4487-A463-B2AAC30107FC}"
EndProject
Project("{9A19103F-16F7-4668-BE54-9A1E7A4F7556}") = "Toolkit.Samples", "Toolkit.Samples\Toolkit.Samples\Toolkit.Samples.csproj", "{5BC1EE6B-4204-46F9-9368-AB558CA957B0}"
EndProject
Global
	GlobalSection(SolutionConfigurationPlatforms) = preSolution
		Ad-Hoc|Any CPU = Ad-Hoc|Any CPU
		Ad-Hoc|ARM = Ad-Hoc|ARM
		Ad-Hoc|iPhone = Ad-Hoc|iPhone
		Ad-Hoc|iPhoneSimulator = Ad-Hoc|iPhoneSimulator
		Ad-Hoc|x64 = Ad-Hoc|x64
		Ad-Hoc|x86 = Ad-Hoc|x86
		AppStore|Any CPU = AppStore|Any CPU
		AppStore|ARM = AppStore|ARM
		AppStore|iPhone = AppStore|iPhone
		AppStore|iPhoneSimulator = AppStore|iPhoneSimulator
		AppStore|x64 = AppStore|x64
		AppStore|x86 = AppStore|x86
		Debug|Any CPU = Debug|Any CPU
		Debug|ARM = Debug|ARM
		Debug|iPhone = Debug|iPhone
		Debug|iPhoneSimulator = Debug|iPhoneSimulator
		Debug|x64 = Debug|x64
		Debug|x86 = Debug|x86
		Release|Any CPU = Release|Any CPU
		Release|ARM = Release|ARM
		Release|iPhone = Release|iPhone
		Release|iPhoneSimulator = Release|iPhoneSimulator
		Release|x64 = Release|x64
		Release|x86 = Release|x86
	EndGlobalSection
	GlobalSection(ProjectConfigurationPlatforms) = postSolution
		{3D2364FF-A667-4EC1-8225-5D44E00BA306}.Ad-Hoc|Any CPU.ActiveCfg = Release|Any CPU
		{3D2364FF-A667-4EC1-8225-5D44E00BA306}.Ad-Hoc|Any CPU.Build.0 = Release|Any CPU
		{3D2364FF-A667-4EC1-8225-5D44E00BA306}.Ad-Hoc|ARM.ActiveCfg = Release|Any CPU
		{3D2364FF-A667-4EC1-8225-5D44E00BA306}.Ad-Hoc|ARM.Build.0 = Release|Any CPU
		{3D2364FF-A667-4EC1-8225-5D44E00BA306}.Ad-Hoc|iPhone.ActiveCfg = Release|Any CPU
		{3D2364FF-A667-4EC1-8225-5D44E00BA306}.Ad-Hoc|iPhone.Build.0 = Release|Any CPU
		{3D2364FF-A667-4EC1-8225-5D44E00BA306}.Ad-Hoc|iPhoneSimulator.ActiveCfg = Release|Any CPU
		{3D2364FF-A667-4EC1-8225-5D44E00BA306}.Ad-Hoc|iPhoneSimulator.Build.0 = Release|Any CPU
		{3D2364FF-A667-4EC1-8225-5D44E00BA306}.Ad-Hoc|x64.ActiveCfg = Release|Any CPU
		{3D2364FF-A667-4EC1-8225-5D44E00BA306}.Ad-Hoc|x64.Build.0 = Release|Any CPU
		{3D2364FF-A667-4EC1-8225-5D44E00BA306}.Ad-Hoc|x86.ActiveCfg = Release|Any CPU
		{3D2364FF-A667-4EC1-8225-5D44E00BA306}.Ad-Hoc|x86.Build.0 = Release|Any CPU
		{3D2364FF-A667-4EC1-8225-5D44E00BA306}.AppStore|Any CPU.ActiveCfg = Release|Any CPU
		{3D2364FF-A667-4EC1-8225-5D44E00BA306}.AppStore|Any CPU.Build.0 = Release|Any CPU
		{3D2364FF-A667-4EC1-8225-5D44E00BA306}.AppStore|ARM.ActiveCfg = Release|Any CPU
		{3D2364FF-A667-4EC1-8225-5D44E00BA306}.AppStore|ARM.Build.0 = Release|Any CPU
		{3D2364FF-A667-4EC1-8225-5D44E00BA306}.AppStore|iPhone.ActiveCfg = Release|Any CPU
		{3D2364FF-A667-4EC1-8225-5D44E00BA306}.AppStore|iPhone.Build.0 = Release|Any CPU
		{3D2364FF-A667-4EC1-8225-5D44E00BA306}.AppStore|iPhoneSimulator.ActiveCfg = Release|Any CPU
		{3D2364FF-A667-4EC1-8225-5D44E00BA306}.AppStore|iPhoneSimulator.Build.0 = Release|Any CPU
		{3D2364FF-A667-4EC1-8225-5D44E00BA306}.AppStore|x64.ActiveCfg = Release|Any CPU
		{3D2364FF-A667-4EC1-8225-5D44E00BA306}.AppStore|x64.Build.0 = Release|Any CPU
		{3D2364FF-A667-4EC1-8225-5D44E00BA306}.AppStore|x86.ActiveCfg = Release|Any CPU
		{3D2364FF-A667-4EC1-8225-5D44E00BA306}.AppStore|x86.Build.0 = Release|Any CPU
		{3D2364FF-A667-4EC1-8225-5D44E00BA306}.Debug|Any CPU.ActiveCfg = Debug|Any CPU
		{3D2364FF-A667-4EC1-8225-5D44E00BA306}.Debug|Any CPU.Build.0 = Debug|Any CPU
		{3D2364FF-A667-4EC1-8225-5D44E00BA306}.Debug|ARM.ActiveCfg = Debug|Any CPU
		{3D2364FF-A667-4EC1-8225-5D44E00BA306}.Debug|ARM.Build.0 = Debug|Any CPU
		{3D2364FF-A667-4EC1-8225-5D44E00BA306}.Debug|iPhone.ActiveCfg = Debug|Any CPU
		{3D2364FF-A667-4EC1-8225-5D44E00BA306}.Debug|iPhone.Build.0 = Debug|Any CPU
		{3D2364FF-A667-4EC1-8225-5D44E00BA306}.Debug|iPhoneSimulator.ActiveCfg = Debug|Any CPU
		{3D2364FF-A667-4EC1-8225-5D44E00BA306}.Debug|iPhoneSimulator.Build.0 = Debug|Any CPU
		{3D2364FF-A667-4EC1-8225-5D44E00BA306}.Debug|x64.ActiveCfg = Debug|Any CPU
		{3D2364FF-A667-4EC1-8225-5D44E00BA306}.Debug|x64.Build.0 = Debug|Any CPU
		{3D2364FF-A667-4EC1-8225-5D44E00BA306}.Debug|x86.ActiveCfg = Debug|Any CPU
		{3D2364FF-A667-4EC1-8225-5D44E00BA306}.Debug|x86.Build.0 = Debug|Any CPU
		{3D2364FF-A667-4EC1-8225-5D44E00BA306}.Release|Any CPU.ActiveCfg = Release|Any CPU
		{3D2364FF-A667-4EC1-8225-5D44E00BA306}.Release|Any CPU.Build.0 = Release|Any CPU
		{3D2364FF-A667-4EC1-8225-5D44E00BA306}.Release|ARM.ActiveCfg = Release|Any CPU
		{3D2364FF-A667-4EC1-8225-5D44E00BA306}.Release|ARM.Build.0 = Release|Any CPU
		{3D2364FF-A667-4EC1-8225-5D44E00BA306}.Release|iPhone.ActiveCfg = Release|Any CPU
		{3D2364FF-A667-4EC1-8225-5D44E00BA306}.Release|iPhone.Build.0 = Release|Any CPU
		{3D2364FF-A667-4EC1-8225-5D44E00BA306}.Release|iPhoneSimulator.ActiveCfg = Release|Any CPU
		{3D2364FF-A667-4EC1-8225-5D44E00BA306}.Release|iPhoneSimulator.Build.0 = Release|Any CPU
		{3D2364FF-A667-4EC1-8225-5D44E00BA306}.Release|x64.ActiveCfg = Release|Any CPU
		{3D2364FF-A667-4EC1-8225-5D44E00BA306}.Release|x64.Build.0 = Release|Any CPU
		{3D2364FF-A667-4EC1-8225-5D44E00BA306}.Release|x86.ActiveCfg = Release|Any CPU
		{3D2364FF-A667-4EC1-8225-5D44E00BA306}.Release|x86.Build.0 = Release|Any CPU
		{51A69387-00D0-4256-B9CE-F9F36F6E6883}.Ad-Hoc|Any CPU.ActiveCfg = Release|Any CPU
		{51A69387-00D0-4256-B9CE-F9F36F6E6883}.Ad-Hoc|Any CPU.Build.0 = Release|Any CPU
		{51A69387-00D0-4256-B9CE-F9F36F6E6883}.Ad-Hoc|ARM.ActiveCfg = Release|Any CPU
		{51A69387-00D0-4256-B9CE-F9F36F6E6883}.Ad-Hoc|ARM.Build.0 = Release|Any CPU
		{51A69387-00D0-4256-B9CE-F9F36F6E6883}.Ad-Hoc|iPhone.ActiveCfg = Release|Any CPU
		{51A69387-00D0-4256-B9CE-F9F36F6E6883}.Ad-Hoc|iPhone.Build.0 = Release|Any CPU
		{51A69387-00D0-4256-B9CE-F9F36F6E6883}.Ad-Hoc|iPhoneSimulator.ActiveCfg = Release|Any CPU
		{51A69387-00D0-4256-B9CE-F9F36F6E6883}.Ad-Hoc|iPhoneSimulator.Build.0 = Release|Any CPU
		{51A69387-00D0-4256-B9CE-F9F36F6E6883}.Ad-Hoc|x64.ActiveCfg = Release|Any CPU
		{51A69387-00D0-4256-B9CE-F9F36F6E6883}.Ad-Hoc|x64.Build.0 = Release|Any CPU
		{51A69387-00D0-4256-B9CE-F9F36F6E6883}.Ad-Hoc|x86.ActiveCfg = Release|Any CPU
		{51A69387-00D0-4256-B9CE-F9F36F6E6883}.Ad-Hoc|x86.Build.0 = Release|Any CPU
		{51A69387-00D0-4256-B9CE-F9F36F6E6883}.AppStore|Any CPU.ActiveCfg = Release|Any CPU
		{51A69387-00D0-4256-B9CE-F9F36F6E6883}.AppStore|Any CPU.Build.0 = Release|Any CPU
		{51A69387-00D0-4256-B9CE-F9F36F6E6883}.AppStore|ARM.ActiveCfg = Release|Any CPU
		{51A69387-00D0-4256-B9CE-F9F36F6E6883}.AppStore|ARM.Build.0 = Release|Any CPU
		{51A69387-00D0-4256-B9CE-F9F36F6E6883}.AppStore|iPhone.ActiveCfg = Release|Any CPU
		{51A69387-00D0-4256-B9CE-F9F36F6E6883}.AppStore|iPhone.Build.0 = Release|Any CPU
		{51A69387-00D0-4256-B9CE-F9F36F6E6883}.AppStore|iPhoneSimulator.ActiveCfg = Release|Any CPU
		{51A69387-00D0-4256-B9CE-F9F36F6E6883}.AppStore|iPhoneSimulator.Build.0 = Release|Any CPU
		{51A69387-00D0-4256-B9CE-F9F36F6E6883}.AppStore|x64.ActiveCfg = Release|Any CPU
		{51A69387-00D0-4256-B9CE-F9F36F6E6883}.AppStore|x64.Build.0 = Release|Any CPU
		{51A69387-00D0-4256-B9CE-F9F36F6E6883}.AppStore|x86.ActiveCfg = Release|Any CPU
		{51A69387-00D0-4256-B9CE-F9F36F6E6883}.AppStore|x86.Build.0 = Release|Any CPU
		{51A69387-00D0-4256-B9CE-F9F36F6E6883}.Debug|Any CPU.ActiveCfg = Debug|Any CPU
		{51A69387-00D0-4256-B9CE-F9F36F6E6883}.Debug|Any CPU.Build.0 = Debug|Any CPU
		{51A69387-00D0-4256-B9CE-F9F36F6E6883}.Debug|ARM.ActiveCfg = Debug|Any CPU
		{51A69387-00D0-4256-B9CE-F9F36F6E6883}.Debug|ARM.Build.0 = Debug|Any CPU
		{51A69387-00D0-4256-B9CE-F9F36F6E6883}.Debug|iPhone.ActiveCfg = Debug|Any CPU
		{51A69387-00D0-4256-B9CE-F9F36F6E6883}.Debug|iPhone.Build.0 = Debug|Any CPU
		{51A69387-00D0-4256-B9CE-F9F36F6E6883}.Debug|iPhoneSimulator.ActiveCfg = Debug|Any CPU
		{51A69387-00D0-4256-B9CE-F9F36F6E6883}.Debug|iPhoneSimulator.Build.0 = Debug|Any CPU
		{51A69387-00D0-4256-B9CE-F9F36F6E6883}.Debug|x64.ActiveCfg = Debug|Any CPU
		{51A69387-00D0-4256-B9CE-F9F36F6E6883}.Debug|x64.Build.0 = Debug|Any CPU
		{51A69387-00D0-4256-B9CE-F9F36F6E6883}.Debug|x86.ActiveCfg = Debug|Any CPU
		{51A69387-00D0-4256-B9CE-F9F36F6E6883}.Debug|x86.Build.0 = Debug|Any CPU
		{51A69387-00D0-4256-B9CE-F9F36F6E6883}.Release|Any CPU.ActiveCfg = Release|Any CPU
		{51A69387-00D0-4256-B9CE-F9F36F6E6883}.Release|Any CPU.Build.0 = Release|Any CPU
		{51A69387-00D0-4256-B9CE-F9F36F6E6883}.Release|ARM.ActiveCfg = Release|Any CPU
		{51A69387-00D0-4256-B9CE-F9F36F6E6883}.Release|ARM.Build.0 = Release|Any CPU
		{51A69387-00D0-4256-B9CE-F9F36F6E6883}.Release|iPhone.ActiveCfg = Release|Any CPU
		{51A69387-00D0-4256-B9CE-F9F36F6E6883}.Release|iPhone.Build.0 = Release|Any CPU
		{51A69387-00D0-4256-B9CE-F9F36F6E6883}.Release|iPhoneSimulator.ActiveCfg = Release|Any CPU
		{51A69387-00D0-4256-B9CE-F9F36F6E6883}.Release|iPhoneSimulator.Build.0 = Release|Any CPU
		{51A69387-00D0-4256-B9CE-F9F36F6E6883}.Release|x64.ActiveCfg = Release|Any CPU
		{51A69387-00D0-4256-B9CE-F9F36F6E6883}.Release|x64.Build.0 = Release|Any CPU
		{51A69387-00D0-4256-B9CE-F9F36F6E6883}.Release|x86.ActiveCfg = Release|Any CPU
		{51A69387-00D0-4256-B9CE-F9F36F6E6883}.Release|x86.Build.0 = Release|Any CPU
		{BB4CCA3A-64D3-4616-AAF3-EF3219E087A4}.Ad-Hoc|Any CPU.ActiveCfg = Release|Any CPU
		{BB4CCA3A-64D3-4616-AAF3-EF3219E087A4}.Ad-Hoc|Any CPU.Build.0 = Release|Any CPU
		{BB4CCA3A-64D3-4616-AAF3-EF3219E087A4}.Ad-Hoc|ARM.ActiveCfg = Release|Any CPU
		{BB4CCA3A-64D3-4616-AAF3-EF3219E087A4}.Ad-Hoc|ARM.Build.0 = Release|Any CPU
		{BB4CCA3A-64D3-4616-AAF3-EF3219E087A4}.Ad-Hoc|iPhone.ActiveCfg = Release|Any CPU
		{BB4CCA3A-64D3-4616-AAF3-EF3219E087A4}.Ad-Hoc|iPhone.Build.0 = Release|Any CPU
		{BB4CCA3A-64D3-4616-AAF3-EF3219E087A4}.Ad-Hoc|iPhoneSimulator.ActiveCfg = Release|Any CPU
		{BB4CCA3A-64D3-4616-AAF3-EF3219E087A4}.Ad-Hoc|iPhoneSimulator.Build.0 = Release|Any CPU
		{BB4CCA3A-64D3-4616-AAF3-EF3219E087A4}.Ad-Hoc|x64.ActiveCfg = Release|Any CPU
		{BB4CCA3A-64D3-4616-AAF3-EF3219E087A4}.Ad-Hoc|x64.Build.0 = Release|Any CPU
		{BB4CCA3A-64D3-4616-AAF3-EF3219E087A4}.Ad-Hoc|x86.ActiveCfg = Release|Any CPU
		{BB4CCA3A-64D3-4616-AAF3-EF3219E087A4}.Ad-Hoc|x86.Build.0 = Release|Any CPU
		{BB4CCA3A-64D3-4616-AAF3-EF3219E087A4}.AppStore|Any CPU.ActiveCfg = Release|Any CPU
		{BB4CCA3A-64D3-4616-AAF3-EF3219E087A4}.AppStore|Any CPU.Build.0 = Release|Any CPU
		{BB4CCA3A-64D3-4616-AAF3-EF3219E087A4}.AppStore|ARM.ActiveCfg = Release|Any CPU
		{BB4CCA3A-64D3-4616-AAF3-EF3219E087A4}.AppStore|ARM.Build.0 = Release|Any CPU
		{BB4CCA3A-64D3-4616-AAF3-EF3219E087A4}.AppStore|iPhone.ActiveCfg = Release|Any CPU
		{BB4CCA3A-64D3-4616-AAF3-EF3219E087A4}.AppStore|iPhone.Build.0 = Release|Any CPU
		{BB4CCA3A-64D3-4616-AAF3-EF3219E087A4}.AppStore|iPhoneSimulator.ActiveCfg = Release|Any CPU
		{BB4CCA3A-64D3-4616-AAF3-EF3219E087A4}.AppStore|iPhoneSimulator.Build.0 = Release|Any CPU
		{BB4CCA3A-64D3-4616-AAF3-EF3219E087A4}.AppStore|x64.ActiveCfg = Release|Any CPU
		{BB4CCA3A-64D3-4616-AAF3-EF3219E087A4}.AppStore|x64.Build.0 = Release|Any CPU
		{BB4CCA3A-64D3-4616-AAF3-EF3219E087A4}.AppStore|x86.ActiveCfg = Release|Any CPU
		{BB4CCA3A-64D3-4616-AAF3-EF3219E087A4}.AppStore|x86.Build.0 = Release|Any CPU
		{BB4CCA3A-64D3-4616-AAF3-EF3219E087A4}.Debug|Any CPU.ActiveCfg = Debug|Any CPU
		{BB4CCA3A-64D3-4616-AAF3-EF3219E087A4}.Debug|Any CPU.Build.0 = Debug|Any CPU
		{BB4CCA3A-64D3-4616-AAF3-EF3219E087A4}.Debug|ARM.ActiveCfg = Debug|Any CPU
		{BB4CCA3A-64D3-4616-AAF3-EF3219E087A4}.Debug|ARM.Build.0 = Debug|Any CPU
		{BB4CCA3A-64D3-4616-AAF3-EF3219E087A4}.Debug|iPhone.ActiveCfg = Debug|Any CPU
		{BB4CCA3A-64D3-4616-AAF3-EF3219E087A4}.Debug|iPhone.Build.0 = Debug|Any CPU
		{BB4CCA3A-64D3-4616-AAF3-EF3219E087A4}.Debug|iPhoneSimulator.ActiveCfg = Debug|Any CPU
		{BB4CCA3A-64D3-4616-AAF3-EF3219E087A4}.Debug|iPhoneSimulator.Build.0 = Debug|Any CPU
		{BB4CCA3A-64D3-4616-AAF3-EF3219E087A4}.Debug|x64.ActiveCfg = Debug|Any CPU
		{BB4CCA3A-64D3-4616-AAF3-EF3219E087A4}.Debug|x64.Build.0 = Debug|Any CPU
		{BB4CCA3A-64D3-4616-AAF3-EF3219E087A4}.Debug|x86.ActiveCfg = Debug|Any CPU
		{BB4CCA3A-64D3-4616-AAF3-EF3219E087A4}.Debug|x86.Build.0 = Debug|Any CPU
		{BB4CCA3A-64D3-4616-AAF3-EF3219E087A4}.Release|Any CPU.ActiveCfg = Release|Any CPU
		{BB4CCA3A-64D3-4616-AAF3-EF3219E087A4}.Release|Any CPU.Build.0 = Release|Any CPU
		{BB4CCA3A-64D3-4616-AAF3-EF3219E087A4}.Release|ARM.ActiveCfg = Release|Any CPU
		{BB4CCA3A-64D3-4616-AAF3-EF3219E087A4}.Release|ARM.Build.0 = Release|Any CPU
		{BB4CCA3A-64D3-4616-AAF3-EF3219E087A4}.Release|iPhone.ActiveCfg = Release|Any CPU
		{BB4CCA3A-64D3-4616-AAF3-EF3219E087A4}.Release|iPhone.Build.0 = Release|Any CPU
		{BB4CCA3A-64D3-4616-AAF3-EF3219E087A4}.Release|iPhoneSimulator.ActiveCfg = Release|Any CPU
		{BB4CCA3A-64D3-4616-AAF3-EF3219E087A4}.Release|iPhoneSimulator.Build.0 = Release|Any CPU
		{BB4CCA3A-64D3-4616-AAF3-EF3219E087A4}.Release|x64.ActiveCfg = Release|Any CPU
		{BB4CCA3A-64D3-4616-AAF3-EF3219E087A4}.Release|x64.Build.0 = Release|Any CPU
		{BB4CCA3A-64D3-4616-AAF3-EF3219E087A4}.Release|x86.ActiveCfg = Release|Any CPU
		{BB4CCA3A-64D3-4616-AAF3-EF3219E087A4}.Release|x86.Build.0 = Release|Any CPU
		{68B628DB-7631-4058-B63D-95A8AF5B4FBD}.Ad-Hoc|Any CPU.ActiveCfg = Release|Any CPU
		{68B628DB-7631-4058-B63D-95A8AF5B4FBD}.Ad-Hoc|Any CPU.Build.0 = Release|Any CPU
		{68B628DB-7631-4058-B63D-95A8AF5B4FBD}.Ad-Hoc|ARM.ActiveCfg = Release|Any CPU
		{68B628DB-7631-4058-B63D-95A8AF5B4FBD}.Ad-Hoc|ARM.Build.0 = Release|Any CPU
		{68B628DB-7631-4058-B63D-95A8AF5B4FBD}.Ad-Hoc|iPhone.ActiveCfg = Release|Any CPU
		{68B628DB-7631-4058-B63D-95A8AF5B4FBD}.Ad-Hoc|iPhone.Build.0 = Release|Any CPU
		{68B628DB-7631-4058-B63D-95A8AF5B4FBD}.Ad-Hoc|iPhoneSimulator.ActiveCfg = Release|Any CPU
		{68B628DB-7631-4058-B63D-95A8AF5B4FBD}.Ad-Hoc|iPhoneSimulator.Build.0 = Release|Any CPU
		{68B628DB-7631-4058-B63D-95A8AF5B4FBD}.Ad-Hoc|x64.ActiveCfg = Release|Any CPU
		{68B628DB-7631-4058-B63D-95A8AF5B4FBD}.Ad-Hoc|x64.Build.0 = Release|Any CPU
		{68B628DB-7631-4058-B63D-95A8AF5B4FBD}.Ad-Hoc|x86.ActiveCfg = Release|Any CPU
		{68B628DB-7631-4058-B63D-95A8AF5B4FBD}.Ad-Hoc|x86.Build.0 = Release|Any CPU
		{68B628DB-7631-4058-B63D-95A8AF5B4FBD}.AppStore|Any CPU.ActiveCfg = Release|Any CPU
		{68B628DB-7631-4058-B63D-95A8AF5B4FBD}.AppStore|Any CPU.Build.0 = Release|Any CPU
		{68B628DB-7631-4058-B63D-95A8AF5B4FBD}.AppStore|ARM.ActiveCfg = Release|Any CPU
		{68B628DB-7631-4058-B63D-95A8AF5B4FBD}.AppStore|ARM.Build.0 = Release|Any CPU
		{68B628DB-7631-4058-B63D-95A8AF5B4FBD}.AppStore|iPhone.ActiveCfg = Release|Any CPU
		{68B628DB-7631-4058-B63D-95A8AF5B4FBD}.AppStore|iPhone.Build.0 = Release|Any CPU
		{68B628DB-7631-4058-B63D-95A8AF5B4FBD}.AppStore|iPhoneSimulator.ActiveCfg = Release|Any CPU
		{68B628DB-7631-4058-B63D-95A8AF5B4FBD}.AppStore|iPhoneSimulator.Build.0 = Release|Any CPU
		{68B628DB-7631-4058-B63D-95A8AF5B4FBD}.AppStore|x64.ActiveCfg = Release|Any CPU
		{68B628DB-7631-4058-B63D-95A8AF5B4FBD}.AppStore|x64.Build.0 = Release|Any CPU
		{68B628DB-7631-4058-B63D-95A8AF5B4FBD}.AppStore|x86.ActiveCfg = Release|Any CPU
		{68B628DB-7631-4058-B63D-95A8AF5B4FBD}.AppStore|x86.Build.0 = Release|Any CPU
		{68B628DB-7631-4058-B63D-95A8AF5B4FBD}.Debug|Any CPU.ActiveCfg = Debug|Any CPU
		{68B628DB-7631-4058-B63D-95A8AF5B4FBD}.Debug|Any CPU.Build.0 = Debug|Any CPU
		{68B628DB-7631-4058-B63D-95A8AF5B4FBD}.Debug|ARM.ActiveCfg = Debug|Any CPU
		{68B628DB-7631-4058-B63D-95A8AF5B4FBD}.Debug|ARM.Build.0 = Debug|Any CPU
		{68B628DB-7631-4058-B63D-95A8AF5B4FBD}.Debug|iPhone.ActiveCfg = Debug|Any CPU
		{68B628DB-7631-4058-B63D-95A8AF5B4FBD}.Debug|iPhone.Build.0 = Debug|Any CPU
		{68B628DB-7631-4058-B63D-95A8AF5B4FBD}.Debug|iPhoneSimulator.ActiveCfg = Debug|Any CPU
		{68B628DB-7631-4058-B63D-95A8AF5B4FBD}.Debug|iPhoneSimulator.Build.0 = Debug|Any CPU
		{68B628DB-7631-4058-B63D-95A8AF5B4FBD}.Debug|x64.ActiveCfg = Debug|Any CPU
		{68B628DB-7631-4058-B63D-95A8AF5B4FBD}.Debug|x64.Build.0 = Debug|Any CPU
		{68B628DB-7631-4058-B63D-95A8AF5B4FBD}.Debug|x86.ActiveCfg = Debug|Any CPU
		{68B628DB-7631-4058-B63D-95A8AF5B4FBD}.Debug|x86.Build.0 = Debug|Any CPU
		{68B628DB-7631-4058-B63D-95A8AF5B4FBD}.Release|Any CPU.ActiveCfg = Release|Any CPU
		{68B628DB-7631-4058-B63D-95A8AF5B4FBD}.Release|Any CPU.Build.0 = Release|Any CPU
		{68B628DB-7631-4058-B63D-95A8AF5B4FBD}.Release|ARM.ActiveCfg = Release|Any CPU
		{68B628DB-7631-4058-B63D-95A8AF5B4FBD}.Release|ARM.Build.0 = Release|Any CPU
		{68B628DB-7631-4058-B63D-95A8AF5B4FBD}.Release|iPhone.ActiveCfg = Release|Any CPU
		{68B628DB-7631-4058-B63D-95A8AF5B4FBD}.Release|iPhone.Build.0 = Release|Any CPU
		{68B628DB-7631-4058-B63D-95A8AF5B4FBD}.Release|iPhoneSimulator.ActiveCfg = Release|Any CPU
		{68B628DB-7631-4058-B63D-95A8AF5B4FBD}.Release|iPhoneSimulator.Build.0 = Release|Any CPU
		{68B628DB-7631-4058-B63D-95A8AF5B4FBD}.Release|x64.ActiveCfg = Release|Any CPU
		{68B628DB-7631-4058-B63D-95A8AF5B4FBD}.Release|x64.Build.0 = Release|Any CPU
		{68B628DB-7631-4058-B63D-95A8AF5B4FBD}.Release|x86.ActiveCfg = Release|Any CPU
		{68B628DB-7631-4058-B63D-95A8AF5B4FBD}.Release|x86.Build.0 = Release|Any CPU
		{D1B4FCD5-5018-4CDA-98B4-6666263B580C}.Ad-Hoc|Any CPU.ActiveCfg = Release|Any CPU
		{D1B4FCD5-5018-4CDA-98B4-6666263B580C}.Ad-Hoc|Any CPU.Build.0 = Release|Any CPU
		{D1B4FCD5-5018-4CDA-98B4-6666263B580C}.Ad-Hoc|ARM.ActiveCfg = Release|Any CPU
		{D1B4FCD5-5018-4CDA-98B4-6666263B580C}.Ad-Hoc|ARM.Build.0 = Release|Any CPU
		{D1B4FCD5-5018-4CDA-98B4-6666263B580C}.Ad-Hoc|iPhone.ActiveCfg = Release|Any CPU
		{D1B4FCD5-5018-4CDA-98B4-6666263B580C}.Ad-Hoc|iPhone.Build.0 = Release|Any CPU
		{D1B4FCD5-5018-4CDA-98B4-6666263B580C}.Ad-Hoc|iPhoneSimulator.ActiveCfg = Release|Any CPU
		{D1B4FCD5-5018-4CDA-98B4-6666263B580C}.Ad-Hoc|iPhoneSimulator.Build.0 = Release|Any CPU
		{D1B4FCD5-5018-4CDA-98B4-6666263B580C}.Ad-Hoc|x64.ActiveCfg = Release|Any CPU
		{D1B4FCD5-5018-4CDA-98B4-6666263B580C}.Ad-Hoc|x64.Build.0 = Release|Any CPU
		{D1B4FCD5-5018-4CDA-98B4-6666263B580C}.Ad-Hoc|x86.ActiveCfg = Release|Any CPU
		{D1B4FCD5-5018-4CDA-98B4-6666263B580C}.Ad-Hoc|x86.Build.0 = Release|Any CPU
		{D1B4FCD5-5018-4CDA-98B4-6666263B580C}.AppStore|Any CPU.ActiveCfg = Release|Any CPU
		{D1B4FCD5-5018-4CDA-98B4-6666263B580C}.AppStore|Any CPU.Build.0 = Release|Any CPU
		{D1B4FCD5-5018-4CDA-98B4-6666263B580C}.AppStore|ARM.ActiveCfg = Release|Any CPU
		{D1B4FCD5-5018-4CDA-98B4-6666263B580C}.AppStore|ARM.Build.0 = Release|Any CPU
		{D1B4FCD5-5018-4CDA-98B4-6666263B580C}.AppStore|iPhone.ActiveCfg = Release|Any CPU
		{D1B4FCD5-5018-4CDA-98B4-6666263B580C}.AppStore|iPhone.Build.0 = Release|Any CPU
		{D1B4FCD5-5018-4CDA-98B4-6666263B580C}.AppStore|iPhoneSimulator.ActiveCfg = Release|Any CPU
		{D1B4FCD5-5018-4CDA-98B4-6666263B580C}.AppStore|iPhoneSimulator.Build.0 = Release|Any CPU
		{D1B4FCD5-5018-4CDA-98B4-6666263B580C}.AppStore|x64.ActiveCfg = Release|Any CPU
		{D1B4FCD5-5018-4CDA-98B4-6666263B580C}.AppStore|x64.Build.0 = Release|Any CPU
		{D1B4FCD5-5018-4CDA-98B4-6666263B580C}.AppStore|x86.ActiveCfg = Release|Any CPU
		{D1B4FCD5-5018-4CDA-98B4-6666263B580C}.AppStore|x86.Build.0 = Release|Any CPU
		{D1B4FCD5-5018-4CDA-98B4-6666263B580C}.Debug|Any CPU.ActiveCfg = Debug|Any CPU
		{D1B4FCD5-5018-4CDA-98B4-6666263B580C}.Debug|Any CPU.Build.0 = Debug|Any CPU
		{D1B4FCD5-5018-4CDA-98B4-6666263B580C}.Debug|ARM.ActiveCfg = Debug|Any CPU
		{D1B4FCD5-5018-4CDA-98B4-6666263B580C}.Debug|ARM.Build.0 = Debug|Any CPU
		{D1B4FCD5-5018-4CDA-98B4-6666263B580C}.Debug|iPhone.ActiveCfg = Debug|Any CPU
		{D1B4FCD5-5018-4CDA-98B4-6666263B580C}.Debug|iPhone.Build.0 = Debug|Any CPU
		{D1B4FCD5-5018-4CDA-98B4-6666263B580C}.Debug|iPhoneSimulator.ActiveCfg = Debug|Any CPU
		{D1B4FCD5-5018-4CDA-98B4-6666263B580C}.Debug|iPhoneSimulator.Build.0 = Debug|Any CPU
		{D1B4FCD5-5018-4CDA-98B4-6666263B580C}.Debug|x64.ActiveCfg = Debug|Any CPU
		{D1B4FCD5-5018-4CDA-98B4-6666263B580C}.Debug|x64.Build.0 = Debug|Any CPU
		{D1B4FCD5-5018-4CDA-98B4-6666263B580C}.Debug|x86.ActiveCfg = Debug|Any CPU
		{D1B4FCD5-5018-4CDA-98B4-6666263B580C}.Debug|x86.Build.0 = Debug|Any CPU
		{D1B4FCD5-5018-4CDA-98B4-6666263B580C}.Release|Any CPU.ActiveCfg = Release|Any CPU
		{D1B4FCD5-5018-4CDA-98B4-6666263B580C}.Release|Any CPU.Build.0 = Release|Any CPU
		{D1B4FCD5-5018-4CDA-98B4-6666263B580C}.Release|ARM.ActiveCfg = Release|Any CPU
		{D1B4FCD5-5018-4CDA-98B4-6666263B580C}.Release|ARM.Build.0 = Release|Any CPU
		{D1B4FCD5-5018-4CDA-98B4-6666263B580C}.Release|iPhone.ActiveCfg = Release|Any CPU
		{D1B4FCD5-5018-4CDA-98B4-6666263B580C}.Release|iPhone.Build.0 = Release|Any CPU
		{D1B4FCD5-5018-4CDA-98B4-6666263B580C}.Release|iPhoneSimulator.ActiveCfg = Release|Any CPU
		{D1B4FCD5-5018-4CDA-98B4-6666263B580C}.Release|iPhoneSimulator.Build.0 = Release|Any CPU
		{D1B4FCD5-5018-4CDA-98B4-6666263B580C}.Release|x64.ActiveCfg = Release|Any CPU
		{D1B4FCD5-5018-4CDA-98B4-6666263B580C}.Release|x64.Build.0 = Release|Any CPU
		{D1B4FCD5-5018-4CDA-98B4-6666263B580C}.Release|x86.ActiveCfg = Release|Any CPU
		{D1B4FCD5-5018-4CDA-98B4-6666263B580C}.Release|x86.Build.0 = Release|Any CPU
		{5CB3353B-BBDC-416D-B012-5FB0990CFBD1}.Ad-Hoc|Any CPU.ActiveCfg = Release|Any CPU
		{5CB3353B-BBDC-416D-B012-5FB0990CFBD1}.Ad-Hoc|Any CPU.Build.0 = Release|Any CPU
		{5CB3353B-BBDC-416D-B012-5FB0990CFBD1}.Ad-Hoc|ARM.ActiveCfg = Release|Any CPU
		{5CB3353B-BBDC-416D-B012-5FB0990CFBD1}.Ad-Hoc|ARM.Build.0 = Release|Any CPU
		{5CB3353B-BBDC-416D-B012-5FB0990CFBD1}.Ad-Hoc|iPhone.ActiveCfg = Release|Any CPU
		{5CB3353B-BBDC-416D-B012-5FB0990CFBD1}.Ad-Hoc|iPhone.Build.0 = Release|Any CPU
		{5CB3353B-BBDC-416D-B012-5FB0990CFBD1}.Ad-Hoc|iPhoneSimulator.ActiveCfg = Release|Any CPU
		{5CB3353B-BBDC-416D-B012-5FB0990CFBD1}.Ad-Hoc|iPhoneSimulator.Build.0 = Release|Any CPU
		{5CB3353B-BBDC-416D-B012-5FB0990CFBD1}.Ad-Hoc|x64.ActiveCfg = Release|Any CPU
		{5CB3353B-BBDC-416D-B012-5FB0990CFBD1}.Ad-Hoc|x64.Build.0 = Release|Any CPU
		{5CB3353B-BBDC-416D-B012-5FB0990CFBD1}.Ad-Hoc|x86.ActiveCfg = Release|Any CPU
		{5CB3353B-BBDC-416D-B012-5FB0990CFBD1}.Ad-Hoc|x86.Build.0 = Release|Any CPU
		{5CB3353B-BBDC-416D-B012-5FB0990CFBD1}.AppStore|Any CPU.ActiveCfg = Release|Any CPU
		{5CB3353B-BBDC-416D-B012-5FB0990CFBD1}.AppStore|Any CPU.Build.0 = Release|Any CPU
		{5CB3353B-BBDC-416D-B012-5FB0990CFBD1}.AppStore|ARM.ActiveCfg = Release|Any CPU
		{5CB3353B-BBDC-416D-B012-5FB0990CFBD1}.AppStore|ARM.Build.0 = Release|Any CPU
		{5CB3353B-BBDC-416D-B012-5FB0990CFBD1}.AppStore|iPhone.ActiveCfg = Release|Any CPU
		{5CB3353B-BBDC-416D-B012-5FB0990CFBD1}.AppStore|iPhone.Build.0 = Release|Any CPU
		{5CB3353B-BBDC-416D-B012-5FB0990CFBD1}.AppStore|iPhoneSimulator.ActiveCfg = Release|Any CPU
		{5CB3353B-BBDC-416D-B012-5FB0990CFBD1}.AppStore|iPhoneSimulator.Build.0 = Release|Any CPU
		{5CB3353B-BBDC-416D-B012-5FB0990CFBD1}.AppStore|x64.ActiveCfg = Release|Any CPU
		{5CB3353B-BBDC-416D-B012-5FB0990CFBD1}.AppStore|x64.Build.0 = Release|Any CPU
		{5CB3353B-BBDC-416D-B012-5FB0990CFBD1}.AppStore|x86.ActiveCfg = Release|Any CPU
		{5CB3353B-BBDC-416D-B012-5FB0990CFBD1}.AppStore|x86.Build.0 = Release|Any CPU
		{5CB3353B-BBDC-416D-B012-5FB0990CFBD1}.Debug|Any CPU.ActiveCfg = Debug|Any CPU
		{5CB3353B-BBDC-416D-B012-5FB0990CFBD1}.Debug|Any CPU.Build.0 = Debug|Any CPU
		{5CB3353B-BBDC-416D-B012-5FB0990CFBD1}.Debug|ARM.ActiveCfg = Debug|Any CPU
		{5CB3353B-BBDC-416D-B012-5FB0990CFBD1}.Debug|ARM.Build.0 = Debug|Any CPU
		{5CB3353B-BBDC-416D-B012-5FB0990CFBD1}.Debug|iPhone.ActiveCfg = Debug|Any CPU
		{5CB3353B-BBDC-416D-B012-5FB0990CFBD1}.Debug|iPhone.Build.0 = Debug|Any CPU
		{5CB3353B-BBDC-416D-B012-5FB0990CFBD1}.Debug|iPhoneSimulator.ActiveCfg = Debug|Any CPU
		{5CB3353B-BBDC-416D-B012-5FB0990CFBD1}.Debug|iPhoneSimulator.Build.0 = Debug|Any CPU
		{5CB3353B-BBDC-416D-B012-5FB0990CFBD1}.Debug|x64.ActiveCfg = Debug|Any CPU
		{5CB3353B-BBDC-416D-B012-5FB0990CFBD1}.Debug|x64.Build.0 = Debug|Any CPU
		{5CB3353B-BBDC-416D-B012-5FB0990CFBD1}.Debug|x86.ActiveCfg = Debug|Any CPU
		{5CB3353B-BBDC-416D-B012-5FB0990CFBD1}.Debug|x86.Build.0 = Debug|Any CPU
		{5CB3353B-BBDC-416D-B012-5FB0990CFBD1}.Release|Any CPU.ActiveCfg = Release|Any CPU
		{5CB3353B-BBDC-416D-B012-5FB0990CFBD1}.Release|Any CPU.Build.0 = Release|Any CPU
		{5CB3353B-BBDC-416D-B012-5FB0990CFBD1}.Release|ARM.ActiveCfg = Release|Any CPU
		{5CB3353B-BBDC-416D-B012-5FB0990CFBD1}.Release|ARM.Build.0 = Release|Any CPU
		{5CB3353B-BBDC-416D-B012-5FB0990CFBD1}.Release|iPhone.ActiveCfg = Release|Any CPU
		{5CB3353B-BBDC-416D-B012-5FB0990CFBD1}.Release|iPhone.Build.0 = Release|Any CPU
		{5CB3353B-BBDC-416D-B012-5FB0990CFBD1}.Release|iPhoneSimulator.ActiveCfg = Release|Any CPU
		{5CB3353B-BBDC-416D-B012-5FB0990CFBD1}.Release|iPhoneSimulator.Build.0 = Release|Any CPU
		{5CB3353B-BBDC-416D-B012-5FB0990CFBD1}.Release|x64.ActiveCfg = Release|Any CPU
		{5CB3353B-BBDC-416D-B012-5FB0990CFBD1}.Release|x64.Build.0 = Release|Any CPU
		{5CB3353B-BBDC-416D-B012-5FB0990CFBD1}.Release|x86.ActiveCfg = Release|Any CPU
		{5CB3353B-BBDC-416D-B012-5FB0990CFBD1}.Release|x86.Build.0 = Release|Any CPU
		{86A1173D-F73C-4DD0-9A97-30AF819C387F}.Ad-Hoc|Any CPU.ActiveCfg = Release|Any CPU
		{86A1173D-F73C-4DD0-9A97-30AF819C387F}.Ad-Hoc|Any CPU.Build.0 = Release|Any CPU
		{86A1173D-F73C-4DD0-9A97-30AF819C387F}.Ad-Hoc|Any CPU.Deploy.0 = Release|Any CPU
		{86A1173D-F73C-4DD0-9A97-30AF819C387F}.Ad-Hoc|ARM.ActiveCfg = Release|Any CPU
		{86A1173D-F73C-4DD0-9A97-30AF819C387F}.Ad-Hoc|ARM.Build.0 = Release|Any CPU
		{86A1173D-F73C-4DD0-9A97-30AF819C387F}.Ad-Hoc|ARM.Deploy.0 = Release|Any CPU
		{86A1173D-F73C-4DD0-9A97-30AF819C387F}.Ad-Hoc|iPhone.ActiveCfg = Release|Any CPU
		{86A1173D-F73C-4DD0-9A97-30AF819C387F}.Ad-Hoc|iPhone.Build.0 = Release|Any CPU
		{86A1173D-F73C-4DD0-9A97-30AF819C387F}.Ad-Hoc|iPhone.Deploy.0 = Release|Any CPU
		{86A1173D-F73C-4DD0-9A97-30AF819C387F}.Ad-Hoc|iPhoneSimulator.ActiveCfg = Release|Any CPU
		{86A1173D-F73C-4DD0-9A97-30AF819C387F}.Ad-Hoc|iPhoneSimulator.Build.0 = Release|Any CPU
		{86A1173D-F73C-4DD0-9A97-30AF819C387F}.Ad-Hoc|iPhoneSimulator.Deploy.0 = Release|Any CPU
		{86A1173D-F73C-4DD0-9A97-30AF819C387F}.Ad-Hoc|x64.ActiveCfg = Release|Any CPU
		{86A1173D-F73C-4DD0-9A97-30AF819C387F}.Ad-Hoc|x64.Build.0 = Release|Any CPU
		{86A1173D-F73C-4DD0-9A97-30AF819C387F}.Ad-Hoc|x64.Deploy.0 = Release|Any CPU
		{86A1173D-F73C-4DD0-9A97-30AF819C387F}.Ad-Hoc|x86.ActiveCfg = Release|Any CPU
		{86A1173D-F73C-4DD0-9A97-30AF819C387F}.Ad-Hoc|x86.Build.0 = Release|Any CPU
		{86A1173D-F73C-4DD0-9A97-30AF819C387F}.Ad-Hoc|x86.Deploy.0 = Release|Any CPU
		{86A1173D-F73C-4DD0-9A97-30AF819C387F}.AppStore|Any CPU.ActiveCfg = Release|Any CPU
		{86A1173D-F73C-4DD0-9A97-30AF819C387F}.AppStore|Any CPU.Build.0 = Release|Any CPU
		{86A1173D-F73C-4DD0-9A97-30AF819C387F}.AppStore|Any CPU.Deploy.0 = Release|Any CPU
		{86A1173D-F73C-4DD0-9A97-30AF819C387F}.AppStore|ARM.ActiveCfg = Release|Any CPU
		{86A1173D-F73C-4DD0-9A97-30AF819C387F}.AppStore|ARM.Build.0 = Release|Any CPU
		{86A1173D-F73C-4DD0-9A97-30AF819C387F}.AppStore|ARM.Deploy.0 = Release|Any CPU
		{86A1173D-F73C-4DD0-9A97-30AF819C387F}.AppStore|iPhone.ActiveCfg = Release|Any CPU
		{86A1173D-F73C-4DD0-9A97-30AF819C387F}.AppStore|iPhone.Build.0 = Release|Any CPU
		{86A1173D-F73C-4DD0-9A97-30AF819C387F}.AppStore|iPhone.Deploy.0 = Release|Any CPU
		{86A1173D-F73C-4DD0-9A97-30AF819C387F}.AppStore|iPhoneSimulator.ActiveCfg = Release|Any CPU
		{86A1173D-F73C-4DD0-9A97-30AF819C387F}.AppStore|iPhoneSimulator.Build.0 = Release|Any CPU
		{86A1173D-F73C-4DD0-9A97-30AF819C387F}.AppStore|iPhoneSimulator.Deploy.0 = Release|Any CPU
		{86A1173D-F73C-4DD0-9A97-30AF819C387F}.AppStore|x64.ActiveCfg = Release|Any CPU
		{86A1173D-F73C-4DD0-9A97-30AF819C387F}.AppStore|x64.Build.0 = Release|Any CPU
		{86A1173D-F73C-4DD0-9A97-30AF819C387F}.AppStore|x64.Deploy.0 = Release|Any CPU
		{86A1173D-F73C-4DD0-9A97-30AF819C387F}.AppStore|x86.ActiveCfg = Release|Any CPU
		{86A1173D-F73C-4DD0-9A97-30AF819C387F}.AppStore|x86.Build.0 = Release|Any CPU
		{86A1173D-F73C-4DD0-9A97-30AF819C387F}.AppStore|x86.Deploy.0 = Release|Any CPU
		{86A1173D-F73C-4DD0-9A97-30AF819C387F}.Debug|Any CPU.ActiveCfg = Debug|Any CPU
		{86A1173D-F73C-4DD0-9A97-30AF819C387F}.Debug|Any CPU.Build.0 = Debug|Any CPU
		{86A1173D-F73C-4DD0-9A97-30AF819C387F}.Debug|Any CPU.Deploy.0 = Debug|Any CPU
		{86A1173D-F73C-4DD0-9A97-30AF819C387F}.Debug|ARM.ActiveCfg = Debug|Any CPU
		{86A1173D-F73C-4DD0-9A97-30AF819C387F}.Debug|ARM.Build.0 = Debug|Any CPU
		{86A1173D-F73C-4DD0-9A97-30AF819C387F}.Debug|ARM.Deploy.0 = Debug|Any CPU
		{86A1173D-F73C-4DD0-9A97-30AF819C387F}.Debug|iPhone.ActiveCfg = Debug|Any CPU
		{86A1173D-F73C-4DD0-9A97-30AF819C387F}.Debug|iPhone.Build.0 = Debug|Any CPU
		{86A1173D-F73C-4DD0-9A97-30AF819C387F}.Debug|iPhone.Deploy.0 = Debug|Any CPU
		{86A1173D-F73C-4DD0-9A97-30AF819C387F}.Debug|iPhoneSimulator.ActiveCfg = Debug|Any CPU
		{86A1173D-F73C-4DD0-9A97-30AF819C387F}.Debug|iPhoneSimulator.Build.0 = Debug|Any CPU
		{86A1173D-F73C-4DD0-9A97-30AF819C387F}.Debug|iPhoneSimulator.Deploy.0 = Debug|Any CPU
		{86A1173D-F73C-4DD0-9A97-30AF819C387F}.Debug|x64.ActiveCfg = Debug|Any CPU
		{86A1173D-F73C-4DD0-9A97-30AF819C387F}.Debug|x64.Build.0 = Debug|Any CPU
		{86A1173D-F73C-4DD0-9A97-30AF819C387F}.Debug|x64.Deploy.0 = Debug|Any CPU
		{86A1173D-F73C-4DD0-9A97-30AF819C387F}.Debug|x86.ActiveCfg = Debug|Any CPU
		{86A1173D-F73C-4DD0-9A97-30AF819C387F}.Debug|x86.Build.0 = Debug|Any CPU
		{86A1173D-F73C-4DD0-9A97-30AF819C387F}.Debug|x86.Deploy.0 = Debug|Any CPU
		{86A1173D-F73C-4DD0-9A97-30AF819C387F}.Release|Any CPU.ActiveCfg = Release|Any CPU
		{86A1173D-F73C-4DD0-9A97-30AF819C387F}.Release|Any CPU.Build.0 = Release|Any CPU
		{86A1173D-F73C-4DD0-9A97-30AF819C387F}.Release|Any CPU.Deploy.0 = Release|Any CPU
		{86A1173D-F73C-4DD0-9A97-30AF819C387F}.Release|ARM.ActiveCfg = Release|Any CPU
		{86A1173D-F73C-4DD0-9A97-30AF819C387F}.Release|ARM.Build.0 = Release|Any CPU
		{86A1173D-F73C-4DD0-9A97-30AF819C387F}.Release|ARM.Deploy.0 = Release|Any CPU
		{86A1173D-F73C-4DD0-9A97-30AF819C387F}.Release|iPhone.ActiveCfg = Release|Any CPU
		{86A1173D-F73C-4DD0-9A97-30AF819C387F}.Release|iPhone.Build.0 = Release|Any CPU
		{86A1173D-F73C-4DD0-9A97-30AF819C387F}.Release|iPhone.Deploy.0 = Release|Any CPU
		{86A1173D-F73C-4DD0-9A97-30AF819C387F}.Release|iPhoneSimulator.ActiveCfg = Release|Any CPU
		{86A1173D-F73C-4DD0-9A97-30AF819C387F}.Release|iPhoneSimulator.Build.0 = Release|Any CPU
		{86A1173D-F73C-4DD0-9A97-30AF819C387F}.Release|iPhoneSimulator.Deploy.0 = Release|Any CPU
		{86A1173D-F73C-4DD0-9A97-30AF819C387F}.Release|x64.ActiveCfg = Release|Any CPU
		{86A1173D-F73C-4DD0-9A97-30AF819C387F}.Release|x64.Build.0 = Release|Any CPU
		{86A1173D-F73C-4DD0-9A97-30AF819C387F}.Release|x64.Deploy.0 = Release|Any CPU
		{86A1173D-F73C-4DD0-9A97-30AF819C387F}.Release|x86.ActiveCfg = Release|Any CPU
		{86A1173D-F73C-4DD0-9A97-30AF819C387F}.Release|x86.Build.0 = Release|Any CPU
		{86A1173D-F73C-4DD0-9A97-30AF819C387F}.Release|x86.Deploy.0 = Release|Any CPU
		{84A9D47E-AB87-4EB2-B542-BB998A50FD85}.Ad-Hoc|Any CPU.ActiveCfg = Ad-Hoc|iPhone
		{84A9D47E-AB87-4EB2-B542-BB998A50FD85}.Ad-Hoc|ARM.ActiveCfg = Ad-Hoc|iPhone
		{84A9D47E-AB87-4EB2-B542-BB998A50FD85}.Ad-Hoc|iPhone.ActiveCfg = Ad-Hoc|iPhone
		{84A9D47E-AB87-4EB2-B542-BB998A50FD85}.Ad-Hoc|iPhone.Build.0 = Ad-Hoc|iPhone
		{84A9D47E-AB87-4EB2-B542-BB998A50FD85}.Ad-Hoc|iPhoneSimulator.ActiveCfg = Ad-Hoc|iPhoneSimulator
		{84A9D47E-AB87-4EB2-B542-BB998A50FD85}.Ad-Hoc|iPhoneSimulator.Build.0 = Ad-Hoc|iPhoneSimulator
		{84A9D47E-AB87-4EB2-B542-BB998A50FD85}.Ad-Hoc|x64.ActiveCfg = Ad-Hoc|iPhone
		{84A9D47E-AB87-4EB2-B542-BB998A50FD85}.Ad-Hoc|x86.ActiveCfg = Ad-Hoc|iPhone
		{84A9D47E-AB87-4EB2-B542-BB998A50FD85}.AppStore|Any CPU.ActiveCfg = AppStore|iPhone
		{84A9D47E-AB87-4EB2-B542-BB998A50FD85}.AppStore|ARM.ActiveCfg = AppStore|iPhone
		{84A9D47E-AB87-4EB2-B542-BB998A50FD85}.AppStore|iPhone.ActiveCfg = AppStore|iPhone
		{84A9D47E-AB87-4EB2-B542-BB998A50FD85}.AppStore|iPhone.Build.0 = AppStore|iPhone
		{84A9D47E-AB87-4EB2-B542-BB998A50FD85}.AppStore|iPhoneSimulator.ActiveCfg = AppStore|iPhoneSimulator
		{84A9D47E-AB87-4EB2-B542-BB998A50FD85}.AppStore|iPhoneSimulator.Build.0 = AppStore|iPhoneSimulator
		{84A9D47E-AB87-4EB2-B542-BB998A50FD85}.AppStore|x64.ActiveCfg = AppStore|iPhone
		{84A9D47E-AB87-4EB2-B542-BB998A50FD85}.AppStore|x86.ActiveCfg = AppStore|iPhone
		{84A9D47E-AB87-4EB2-B542-BB998A50FD85}.Debug|Any CPU.ActiveCfg = Debug|iPhone
		{84A9D47E-AB87-4EB2-B542-BB998A50FD85}.Debug|ARM.ActiveCfg = Debug|iPhone
		{84A9D47E-AB87-4EB2-B542-BB998A50FD85}.Debug|iPhone.ActiveCfg = Debug|iPhone
		{84A9D47E-AB87-4EB2-B542-BB998A50FD85}.Debug|iPhone.Build.0 = Debug|iPhone
		{84A9D47E-AB87-4EB2-B542-BB998A50FD85}.Debug|iPhoneSimulator.ActiveCfg = Debug|iPhoneSimulator
		{84A9D47E-AB87-4EB2-B542-BB998A50FD85}.Debug|iPhoneSimulator.Build.0 = Debug|iPhoneSimulator
		{84A9D47E-AB87-4EB2-B542-BB998A50FD85}.Debug|x64.ActiveCfg = Debug|iPhone
		{84A9D47E-AB87-4EB2-B542-BB998A50FD85}.Debug|x86.ActiveCfg = Debug|iPhone
		{84A9D47E-AB87-4EB2-B542-BB998A50FD85}.Release|Any CPU.ActiveCfg = Release|iPhone
		{84A9D47E-AB87-4EB2-B542-BB998A50FD85}.Release|ARM.ActiveCfg = Release|iPhone
		{84A9D47E-AB87-4EB2-B542-BB998A50FD85}.Release|iPhone.ActiveCfg = Release|iPhone
		{84A9D47E-AB87-4EB2-B542-BB998A50FD85}.Release|iPhone.Build.0 = Release|iPhone
		{84A9D47E-AB87-4EB2-B542-BB998A50FD85}.Release|iPhoneSimulator.ActiveCfg = Release|iPhoneSimulator
		{84A9D47E-AB87-4EB2-B542-BB998A50FD85}.Release|iPhoneSimulator.Build.0 = Release|iPhoneSimulator
		{84A9D47E-AB87-4EB2-B542-BB998A50FD85}.Release|x64.ActiveCfg = Release|iPhone
		{84A9D47E-AB87-4EB2-B542-BB998A50FD85}.Release|x86.ActiveCfg = Release|iPhone
		{651BB325-06FF-4487-A463-B2AAC30107FC}.Ad-Hoc|Any CPU.ActiveCfg = Release|x86
		{651BB325-06FF-4487-A463-B2AAC30107FC}.Ad-Hoc|Any CPU.Build.0 = Release|x86
		{651BB325-06FF-4487-A463-B2AAC30107FC}.Ad-Hoc|Any CPU.Deploy.0 = Release|x86
		{651BB325-06FF-4487-A463-B2AAC30107FC}.Ad-Hoc|ARM.ActiveCfg = Release|ARM
		{651BB325-06FF-4487-A463-B2AAC30107FC}.Ad-Hoc|ARM.Build.0 = Release|ARM
		{651BB325-06FF-4487-A463-B2AAC30107FC}.Ad-Hoc|ARM.Deploy.0 = Release|ARM
		{651BB325-06FF-4487-A463-B2AAC30107FC}.Ad-Hoc|iPhone.ActiveCfg = Release|x86
		{651BB325-06FF-4487-A463-B2AAC30107FC}.Ad-Hoc|iPhone.Build.0 = Release|x86
		{651BB325-06FF-4487-A463-B2AAC30107FC}.Ad-Hoc|iPhone.Deploy.0 = Release|x86
		{651BB325-06FF-4487-A463-B2AAC30107FC}.Ad-Hoc|iPhoneSimulator.ActiveCfg = Release|x86
		{651BB325-06FF-4487-A463-B2AAC30107FC}.Ad-Hoc|iPhoneSimulator.Build.0 = Release|x86
		{651BB325-06FF-4487-A463-B2AAC30107FC}.Ad-Hoc|iPhoneSimulator.Deploy.0 = Release|x86
		{651BB325-06FF-4487-A463-B2AAC30107FC}.Ad-Hoc|x64.ActiveCfg = Release|x64
		{651BB325-06FF-4487-A463-B2AAC30107FC}.Ad-Hoc|x64.Build.0 = Release|x64
		{651BB325-06FF-4487-A463-B2AAC30107FC}.Ad-Hoc|x64.Deploy.0 = Release|x64
		{651BB325-06FF-4487-A463-B2AAC30107FC}.Ad-Hoc|x86.ActiveCfg = Release|x86
		{651BB325-06FF-4487-A463-B2AAC30107FC}.Ad-Hoc|x86.Build.0 = Release|x86
		{651BB325-06FF-4487-A463-B2AAC30107FC}.Ad-Hoc|x86.Deploy.0 = Release|x86
		{651BB325-06FF-4487-A463-B2AAC30107FC}.AppStore|Any CPU.ActiveCfg = Release|x86
		{651BB325-06FF-4487-A463-B2AAC30107FC}.AppStore|Any CPU.Build.0 = Release|x86
		{651BB325-06FF-4487-A463-B2AAC30107FC}.AppStore|Any CPU.Deploy.0 = Release|x86
		{651BB325-06FF-4487-A463-B2AAC30107FC}.AppStore|ARM.ActiveCfg = Release|ARM
		{651BB325-06FF-4487-A463-B2AAC30107FC}.AppStore|ARM.Build.0 = Release|ARM
		{651BB325-06FF-4487-A463-B2AAC30107FC}.AppStore|ARM.Deploy.0 = Release|ARM
		{651BB325-06FF-4487-A463-B2AAC30107FC}.AppStore|iPhone.ActiveCfg = Release|x86
		{651BB325-06FF-4487-A463-B2AAC30107FC}.AppStore|iPhone.Build.0 = Release|x86
		{651BB325-06FF-4487-A463-B2AAC30107FC}.AppStore|iPhone.Deploy.0 = Release|x86
		{651BB325-06FF-4487-A463-B2AAC30107FC}.AppStore|iPhoneSimulator.ActiveCfg = Release|x86
		{651BB325-06FF-4487-A463-B2AAC30107FC}.AppStore|iPhoneSimulator.Build.0 = Release|x86
		{651BB325-06FF-4487-A463-B2AAC30107FC}.AppStore|iPhoneSimulator.Deploy.0 = Release|x86
		{651BB325-06FF-4487-A463-B2AAC30107FC}.AppStore|x64.ActiveCfg = Release|x64
		{651BB325-06FF-4487-A463-B2AAC30107FC}.AppStore|x64.Build.0 = Release|x64
		{651BB325-06FF-4487-A463-B2AAC30107FC}.AppStore|x64.Deploy.0 = Release|x64
		{651BB325-06FF-4487-A463-B2AAC30107FC}.AppStore|x86.ActiveCfg = Release|x86
		{651BB325-06FF-4487-A463-B2AAC30107FC}.AppStore|x86.Build.0 = Release|x86
		{651BB325-06FF-4487-A463-B2AAC30107FC}.AppStore|x86.Deploy.0 = Release|x86
		{651BB325-06FF-4487-A463-B2AAC30107FC}.Debug|Any CPU.ActiveCfg = Debug|x86
		{651BB325-06FF-4487-A463-B2AAC30107FC}.Debug|ARM.ActiveCfg = Debug|ARM
		{651BB325-06FF-4487-A463-B2AAC30107FC}.Debug|ARM.Build.0 = Debug|ARM
		{651BB325-06FF-4487-A463-B2AAC30107FC}.Debug|ARM.Deploy.0 = Debug|ARM
		{651BB325-06FF-4487-A463-B2AAC30107FC}.Debug|iPhone.ActiveCfg = Debug|x86
		{651BB325-06FF-4487-A463-B2AAC30107FC}.Debug|iPhoneSimulator.ActiveCfg = Debug|x86
		{651BB325-06FF-4487-A463-B2AAC30107FC}.Debug|x64.ActiveCfg = Debug|x64
		{651BB325-06FF-4487-A463-B2AAC30107FC}.Debug|x64.Build.0 = Debug|x64
		{651BB325-06FF-4487-A463-B2AAC30107FC}.Debug|x64.Deploy.0 = Debug|x64
		{651BB325-06FF-4487-A463-B2AAC30107FC}.Debug|x86.ActiveCfg = Debug|x86
		{651BB325-06FF-4487-A463-B2AAC30107FC}.Debug|x86.Build.0 = Debug|x86
		{651BB325-06FF-4487-A463-B2AAC30107FC}.Debug|x86.Deploy.0 = Debug|x86
		{651BB325-06FF-4487-A463-B2AAC30107FC}.Release|Any CPU.ActiveCfg = Release|x86
		{651BB325-06FF-4487-A463-B2AAC30107FC}.Release|ARM.ActiveCfg = Release|ARM
		{651BB325-06FF-4487-A463-B2AAC30107FC}.Release|ARM.Build.0 = Release|ARM
		{651BB325-06FF-4487-A463-B2AAC30107FC}.Release|ARM.Deploy.0 = Release|ARM
		{651BB325-06FF-4487-A463-B2AAC30107FC}.Release|iPhone.ActiveCfg = Release|x86
		{651BB325-06FF-4487-A463-B2AAC30107FC}.Release|iPhoneSimulator.ActiveCfg = Release|x86
		{651BB325-06FF-4487-A463-B2AAC30107FC}.Release|x64.ActiveCfg = Release|x64
		{651BB325-06FF-4487-A463-B2AAC30107FC}.Release|x64.Build.0 = Release|x64
		{651BB325-06FF-4487-A463-B2AAC30107FC}.Release|x64.Deploy.0 = Release|x64
		{651BB325-06FF-4487-A463-B2AAC30107FC}.Release|x86.ActiveCfg = Release|x86
		{651BB325-06FF-4487-A463-B2AAC30107FC}.Release|x86.Build.0 = Release|x86
		{651BB325-06FF-4487-A463-B2AAC30107FC}.Release|x86.Deploy.0 = Release|x86
		{5BC1EE6B-4204-46F9-9368-AB558CA957B0}.Ad-Hoc|Any CPU.ActiveCfg = Debug|Any CPU
		{5BC1EE6B-4204-46F9-9368-AB558CA957B0}.Ad-Hoc|Any CPU.Build.0 = Debug|Any CPU
		{5BC1EE6B-4204-46F9-9368-AB558CA957B0}.Ad-Hoc|ARM.ActiveCfg = Debug|Any CPU
		{5BC1EE6B-4204-46F9-9368-AB558CA957B0}.Ad-Hoc|ARM.Build.0 = Debug|Any CPU
		{5BC1EE6B-4204-46F9-9368-AB558CA957B0}.Ad-Hoc|iPhone.ActiveCfg = Debug|Any CPU
		{5BC1EE6B-4204-46F9-9368-AB558CA957B0}.Ad-Hoc|iPhone.Build.0 = Debug|Any CPU
		{5BC1EE6B-4204-46F9-9368-AB558CA957B0}.Ad-Hoc|iPhoneSimulator.ActiveCfg = Debug|Any CPU
		{5BC1EE6B-4204-46F9-9368-AB558CA957B0}.Ad-Hoc|iPhoneSimulator.Build.0 = Debug|Any CPU
		{5BC1EE6B-4204-46F9-9368-AB558CA957B0}.Ad-Hoc|x64.ActiveCfg = Debug|Any CPU
		{5BC1EE6B-4204-46F9-9368-AB558CA957B0}.Ad-Hoc|x64.Build.0 = Debug|Any CPU
		{5BC1EE6B-4204-46F9-9368-AB558CA957B0}.Ad-Hoc|x86.ActiveCfg = Debug|Any CPU
		{5BC1EE6B-4204-46F9-9368-AB558CA957B0}.Ad-Hoc|x86.Build.0 = Debug|Any CPU
		{5BC1EE6B-4204-46F9-9368-AB558CA957B0}.AppStore|Any CPU.ActiveCfg = Debug|Any CPU
		{5BC1EE6B-4204-46F9-9368-AB558CA957B0}.AppStore|Any CPU.Build.0 = Debug|Any CPU
		{5BC1EE6B-4204-46F9-9368-AB558CA957B0}.AppStore|ARM.ActiveCfg = Debug|Any CPU
		{5BC1EE6B-4204-46F9-9368-AB558CA957B0}.AppStore|ARM.Build.0 = Debug|Any CPU
		{5BC1EE6B-4204-46F9-9368-AB558CA957B0}.AppStore|iPhone.ActiveCfg = Debug|Any CPU
		{5BC1EE6B-4204-46F9-9368-AB558CA957B0}.AppStore|iPhone.Build.0 = Debug|Any CPU
		{5BC1EE6B-4204-46F9-9368-AB558CA957B0}.AppStore|iPhoneSimulator.ActiveCfg = Debug|Any CPU
		{5BC1EE6B-4204-46F9-9368-AB558CA957B0}.AppStore|iPhoneSimulator.Build.0 = Debug|Any CPU
		{5BC1EE6B-4204-46F9-9368-AB558CA957B0}.AppStore|x64.ActiveCfg = Debug|Any CPU
		{5BC1EE6B-4204-46F9-9368-AB558CA957B0}.AppStore|x64.Build.0 = Debug|Any CPU
		{5BC1EE6B-4204-46F9-9368-AB558CA957B0}.AppStore|x86.ActiveCfg = Debug|Any CPU
		{5BC1EE6B-4204-46F9-9368-AB558CA957B0}.AppStore|x86.Build.0 = Debug|Any CPU
		{5BC1EE6B-4204-46F9-9368-AB558CA957B0}.Debug|Any CPU.ActiveCfg = Debug|Any CPU
		{5BC1EE6B-4204-46F9-9368-AB558CA957B0}.Debug|Any CPU.Build.0 = Debug|Any CPU
		{5BC1EE6B-4204-46F9-9368-AB558CA957B0}.Debug|ARM.ActiveCfg = Debug|Any CPU
		{5BC1EE6B-4204-46F9-9368-AB558CA957B0}.Debug|ARM.Build.0 = Debug|Any CPU
		{5BC1EE6B-4204-46F9-9368-AB558CA957B0}.Debug|iPhone.ActiveCfg = Debug|Any CPU
		{5BC1EE6B-4204-46F9-9368-AB558CA957B0}.Debug|iPhone.Build.0 = Debug|Any CPU
		{5BC1EE6B-4204-46F9-9368-AB558CA957B0}.Debug|iPhoneSimulator.ActiveCfg = Debug|Any CPU
		{5BC1EE6B-4204-46F9-9368-AB558CA957B0}.Debug|iPhoneSimulator.Build.0 = Debug|Any CPU
		{5BC1EE6B-4204-46F9-9368-AB558CA957B0}.Debug|x64.ActiveCfg = Debug|Any CPU
		{5BC1EE6B-4204-46F9-9368-AB558CA957B0}.Debug|x64.Build.0 = Debug|Any CPU
		{5BC1EE6B-4204-46F9-9368-AB558CA957B0}.Debug|x86.ActiveCfg = Debug|Any CPU
		{5BC1EE6B-4204-46F9-9368-AB558CA957B0}.Debug|x86.Build.0 = Debug|Any CPU
		{5BC1EE6B-4204-46F9-9368-AB558CA957B0}.Release|Any CPU.ActiveCfg = Release|Any CPU
		{5BC1EE6B-4204-46F9-9368-AB558CA957B0}.Release|Any CPU.Build.0 = Release|Any CPU
		{5BC1EE6B-4204-46F9-9368-AB558CA957B0}.Release|ARM.ActiveCfg = Release|Any CPU
		{5BC1EE6B-4204-46F9-9368-AB558CA957B0}.Release|ARM.Build.0 = Release|Any CPU
		{5BC1EE6B-4204-46F9-9368-AB558CA957B0}.Release|iPhone.ActiveCfg = Release|Any CPU
		{5BC1EE6B-4204-46F9-9368-AB558CA957B0}.Release|iPhone.Build.0 = Release|Any CPU
		{5BC1EE6B-4204-46F9-9368-AB558CA957B0}.Release|iPhoneSimulator.ActiveCfg = Release|Any CPU
		{5BC1EE6B-4204-46F9-9368-AB558CA957B0}.Release|iPhoneSimulator.Build.0 = Release|Any CPU
		{5BC1EE6B-4204-46F9-9368-AB558CA957B0}.Release|x64.ActiveCfg = Release|Any CPU
		{5BC1EE6B-4204-46F9-9368-AB558CA957B0}.Release|x64.Build.0 = Release|Any CPU
		{5BC1EE6B-4204-46F9-9368-AB558CA957B0}.Release|x86.ActiveCfg = Release|Any CPU
		{5BC1EE6B-4204-46F9-9368-AB558CA957B0}.Release|x86.Build.0 = Release|Any CPU
	EndGlobalSection
	GlobalSection(SolutionProperties) = preSolution
		HideSolutionNode = FALSE
	EndGlobalSection
	GlobalSection(NestedProjects) = preSolution
		{51A69387-00D0-4256-B9CE-F9F36F6E6883} = {D4A649FE-CF76-4885-B42B-10811E95564D}
		{BB4CCA3A-64D3-4616-AAF3-EF3219E087A4} = {D4A649FE-CF76-4885-B42B-10811E95564D}
		{86A1173D-F73C-4DD0-9A97-30AF819C387F} = {2B6EF58D-69D1-4CB8-8AEC-DB3E0BE67868}
		{84A9D47E-AB87-4EB2-B542-BB998A50FD85} = {2B6EF58D-69D1-4CB8-8AEC-DB3E0BE67868}
		{651BB325-06FF-4487-A463-B2AAC30107FC} = {2B6EF58D-69D1-4CB8-8AEC-DB3E0BE67868}
		{5BC1EE6B-4204-46F9-9368-AB558CA957B0} = {2B6EF58D-69D1-4CB8-8AEC-DB3E0BE67868}
	EndGlobalSection
	GlobalSection(ExtensibilityGlobals) = postSolution
		SolutionGuid = {026D4C90-DC21-4CF5-B065-AD3E7BA80752}
	EndGlobalSection
EndGlobal
