
Microsoft Visual Studio Solution File, Format Version 12.00
# Visual Studio Version 16
VisualStudioVersion = 16.0.30413.136
MinimumVisualStudioVersion = 10.0.40219.1
Project("{9A19103F-16F7-4668-BE54-9A1E7A4F7556}") = "Xamarin.CommunityToolkit.Markup", "src\Markup\Xamarin.CommunityToolkit.Markup\Xamarin.CommunityToolkit.Markup.csproj", "{AB7BC9C1-E0E5-41F0-A1B9-9AEDD3A3C91A}"
EndProject
Project("{FAE04EC0-301F-11D3-BF4B-00C04F79EFBC}") = "Xamarin.CommunityToolkit.Markup.UnitTests", "src\Markup\Xamarin.CommunityToolkit.Markup.UnitTests\Xamarin.CommunityToolkit.Markup.UnitTests.csproj", "{43798DE5-81F4-4C31-8BB2-AEF46F6732AB}"
EndProject
Global
	GlobalSection(SolutionConfigurationPlatforms) = preSolution
		Debug|Any CPU = Debug|Any CPU
		Release|Any CPU = Release|Any CPU
	EndGlobalSection
	GlobalSection(ProjectConfigurationPlatforms) = postSolution
		{AB7BC9C1-E0E5-41F0-A1B9-9AEDD3A3C91A}.Debug|Any CPU.ActiveCfg = Debug|Any CPU
		{AB7BC9C1-E0E5-41F0-A1B9-9AEDD3A3C91A}.Debug|Any CPU.Build.0 = Debug|Any CPU
		{AB7BC9C1-E0E5-41F0-A1B9-9AEDD3A3C91A}.Release|Any CPU.ActiveCfg = Release|Any CPU
		{AB7BC9C1-E0E5-41F0-A1B9-9AEDD3A3C91A}.Release|Any CPU.Build.0 = Release|Any CPU
		{43798DE5-81F4-4C31-8BB2-AEF46F6732AB}.Debug|Any CPU.ActiveCfg = Debug|Any CPU
		{43798DE5-81F4-4C31-8BB2-AEF46F6732AB}.Debug|Any CPU.Build.0 = Debug|Any CPU
		{43798DE5-81F4-4C31-8BB2-AEF46F6732AB}.Release|Any CPU.ActiveCfg = Release|Any CPU
		{43798DE5-81F4-4C31-8BB2-AEF46F6732AB}.Release|Any CPU.Build.0 = Release|Any CPU
	EndGlobalSection
	GlobalSection(SolutionProperties) = preSolution
		HideSolutionNode = FALSE
	EndGlobalSection
	GlobalSection(ExtensibilityGlobals) = postSolution
		SolutionGuid = {3133C963-D825-40F3-BBF6-CBF4C4D2DBA5}
	EndGlobalSection
EndGlobal
