
Microsoft Visual Studio Solution File, Format Version 12.00
# Visual Studio Version 16
VisualStudioVersion = 16.0.30413.136
MinimumVisualStudioVersion = 10.0.40219.1
Project("{FAE04EC0-301F-11D3-BF4B-00C04F79EFBC}") = "Xamarin.CommunityToolkit.MarkupSample.UWP", "src\Markup\Xamarin.CommunityToolkit.MarkupSample.UWP\Xamarin.CommunityToolkit.MarkupSample.UWP.csproj", "{D29128C9-67D2-434E-AEF9-96E8F6048D8E}"
EndProject
Project("{FAE04EC0-301F-11D3-BF4B-00C04F79EFBC}") = "Xamarin.CommunityToolkit.MarkupSample.Android", "src\Markup\Xamarin.CommunityToolkit.MarkupSample.Android\Xamarin.CommunityToolkit.MarkupSample.Android.csproj", "{B2D89B8C-9B90-4FC3-AB54-0872A592B21C}"
EndProject
Project("{FAE04EC0-301F-11D3-BF4B-00C04F79EFBC}") = "Xamarin.CommunityToolkit.MarkupSample.iOS", "src\Markup\Xamarin.CommunityToolkit.MarkupSample.iOS\Xamarin.CommunityToolkit.MarkupSample.iOS.csproj", "{06635C4A-89CF-4D2E-A891-B90D04BC4CE7}"
EndProject
Project("{FAE04EC0-301F-11D3-BF4B-00C04F79EFBC}") = "Xamarin.CommunityToolkit.MarkupSample", "src\Markup\Xamarin.CommunityToolkit.MarkupSample\Xamarin.CommunityToolkit.MarkupSample.csproj", "{BC630A82-C833-4FF8-88E0-1B6748A20EE3}"
EndProject
Global
	GlobalSection(SolutionConfigurationPlatforms) = preSolution
		Debug|Any CPU = Debug|Any CPU
		Debug|ARM = Debug|ARM
		Debug|iPhone = Debug|iPhone
		Debug|iPhoneSimulator = Debug|iPhoneSimulator
		Debug|x64 = Debug|x64
		Debug|x86 = Debug|x86
		Release|Any CPU = Release|Any CPU
		Release|ARM = Release|ARM
		Release|iPhone = Release|iPhone
		Release|iPhoneSimulator = Release|iPhoneSimulator
		Release|x64 = Release|x64
		Release|x86 = Release|x86
	EndGlobalSection
	GlobalSection(ProjectConfigurationPlatforms) = postSolution
		{D29128C9-67D2-434E-AEF9-96E8F6048D8E}.Debug|Any CPU.ActiveCfg = Debug|x86
		{D29128C9-67D2-434E-AEF9-96E8F6048D8E}.Debug|Any CPU.Build.0 = Debug|x86
		{D29128C9-67D2-434E-AEF9-96E8F6048D8E}.Debug|Any CPU.Deploy.0 = Debug|x86
		{D29128C9-67D2-434E-AEF9-96E8F6048D8E}.Debug|ARM.ActiveCfg = Debug|ARM
		{D29128C9-67D2-434E-AEF9-96E8F6048D8E}.Debug|ARM.Build.0 = Debug|ARM
		{D29128C9-67D2-434E-AEF9-96E8F6048D8E}.Debug|ARM.Deploy.0 = Debug|ARM
		{D29128C9-67D2-434E-AEF9-96E8F6048D8E}.Debug|iPhone.ActiveCfg = Debug|x86
		{D29128C9-67D2-434E-AEF9-96E8F6048D8E}.Debug|iPhone.Build.0 = Debug|x86
		{D29128C9-67D2-434E-AEF9-96E8F6048D8E}.Debug|iPhone.Deploy.0 = Debug|x86
		{D29128C9-67D2-434E-AEF9-96E8F6048D8E}.Debug|iPhoneSimulator.ActiveCfg = Debug|x86
		{D29128C9-67D2-434E-AEF9-96E8F6048D8E}.Debug|iPhoneSimulator.Build.0 = Debug|x86
		{D29128C9-67D2-434E-AEF9-96E8F6048D8E}.Debug|iPhoneSimulator.Deploy.0 = Debug|x86
		{D29128C9-67D2-434E-AEF9-96E8F6048D8E}.Debug|x64.ActiveCfg = Debug|x64
		{D29128C9-67D2-434E-AEF9-96E8F6048D8E}.Debug|x64.Build.0 = Debug|x64
		{D29128C9-67D2-434E-AEF9-96E8F6048D8E}.Debug|x64.Deploy.0 = Debug|x64
		{D29128C9-67D2-434E-AEF9-96E8F6048D8E}.Debug|x86.ActiveCfg = Debug|x86
		{D29128C9-67D2-434E-AEF9-96E8F6048D8E}.Debug|x86.Build.0 = Debug|x86
		{D29128C9-67D2-434E-AEF9-96E8F6048D8E}.Debug|x86.Deploy.0 = Debug|x86
		{D29128C9-67D2-434E-AEF9-96E8F6048D8E}.Release|Any CPU.ActiveCfg = Release|x86
		{D29128C9-67D2-434E-AEF9-96E8F6048D8E}.Release|Any CPU.Build.0 = Release|x86
		{D29128C9-67D2-434E-AEF9-96E8F6048D8E}.Release|Any CPU.Deploy.0 = Release|x86
		{D29128C9-67D2-434E-AEF9-96E8F6048D8E}.Release|ARM.ActiveCfg = Release|ARM
		{D29128C9-67D2-434E-AEF9-96E8F6048D8E}.Release|ARM.Build.0 = Release|ARM
		{D29128C9-67D2-434E-AEF9-96E8F6048D8E}.Release|ARM.Deploy.0 = Release|ARM
		{D29128C9-67D2-434E-AEF9-96E8F6048D8E}.Release|iPhone.ActiveCfg = Release|x86
		{D29128C9-67D2-434E-AEF9-96E8F6048D8E}.Release|iPhone.Build.0 = Release|x86
		{D29128C9-67D2-434E-AEF9-96E8F6048D8E}.Release|iPhone.Deploy.0 = Release|x86
		{D29128C9-67D2-434E-AEF9-96E8F6048D8E}.Release|iPhoneSimulator.ActiveCfg = Release|x86
		{D29128C9-67D2-434E-AEF9-96E8F6048D8E}.Release|iPhoneSimulator.Build.0 = Release|x86
		{D29128C9-67D2-434E-AEF9-96E8F6048D8E}.Release|iPhoneSimulator.Deploy.0 = Release|x86
		{D29128C9-67D2-434E-AEF9-96E8F6048D8E}.Release|x64.ActiveCfg = Release|x64
		{D29128C9-67D2-434E-AEF9-96E8F6048D8E}.Release|x64.Build.0 = Release|x64
		{D29128C9-67D2-434E-AEF9-96E8F6048D8E}.Release|x64.Deploy.0 = Release|x64
		{D29128C9-67D2-434E-AEF9-96E8F6048D8E}.Release|x86.ActiveCfg = Release|x86
		{D29128C9-67D2-434E-AEF9-96E8F6048D8E}.Release|x86.Build.0 = Release|x86
		{D29128C9-67D2-434E-AEF9-96E8F6048D8E}.Release|x86.Deploy.0 = Release|x86
		{B2D89B8C-9B90-4FC3-AB54-0872A592B21C}.Debug|Any CPU.ActiveCfg = Debug|Any CPU
		{B2D89B8C-9B90-4FC3-AB54-0872A592B21C}.Debug|Any CPU.Build.0 = Debug|Any CPU
		{B2D89B8C-9B90-4FC3-AB54-0872A592B21C}.Debug|Any CPU.Deploy.0 = Debug|Any CPU
		{B2D89B8C-9B90-4FC3-AB54-0872A592B21C}.Debug|ARM.ActiveCfg = Debug|Any CPU
		{B2D89B8C-9B90-4FC3-AB54-0872A592B21C}.Debug|ARM.Build.0 = Debug|Any CPU
		{B2D89B8C-9B90-4FC3-AB54-0872A592B21C}.Debug|ARM.Deploy.0 = Debug|Any CPU
		{B2D89B8C-9B90-4FC3-AB54-0872A592B21C}.Debug|iPhone.ActiveCfg = Debug|Any CPU
		{B2D89B8C-9B90-4FC3-AB54-0872A592B21C}.Debug|iPhone.Build.0 = Debug|Any CPU
		{B2D89B8C-9B90-4FC3-AB54-0872A592B21C}.Debug|iPhone.Deploy.0 = Debug|Any CPU
		{B2D89B8C-9B90-4FC3-AB54-0872A592B21C}.Debug|iPhoneSimulator.ActiveCfg = Debug|Any CPU
		{B2D89B8C-9B90-4FC3-AB54-0872A592B21C}.Debug|iPhoneSimulator.Build.0 = Debug|Any CPU
		{B2D89B8C-9B90-4FC3-AB54-0872A592B21C}.Debug|iPhoneSimulator.Deploy.0 = Debug|Any CPU
		{B2D89B8C-9B90-4FC3-AB54-0872A592B21C}.Debug|x64.ActiveCfg = Debug|Any CPU
		{B2D89B8C-9B90-4FC3-AB54-0872A592B21C}.Debug|x64.Build.0 = Debug|Any CPU
		{B2D89B8C-9B90-4FC3-AB54-0872A592B21C}.Debug|x64.Deploy.0 = Debug|Any CPU
		{B2D89B8C-9B90-4FC3-AB54-0872A592B21C}.Debug|x86.ActiveCfg = Debug|Any CPU
		{B2D89B8C-9B90-4FC3-AB54-0872A592B21C}.Debug|x86.Build.0 = Debug|Any CPU
		{B2D89B8C-9B90-4FC3-AB54-0872A592B21C}.Debug|x86.Deploy.0 = Debug|Any CPU
		{B2D89B8C-9B90-4FC3-AB54-0872A592B21C}.Release|Any CPU.ActiveCfg = Release|Any CPU
		{B2D89B8C-9B90-4FC3-AB54-0872A592B21C}.Release|Any CPU.Build.0 = Release|Any CPU
		{B2D89B8C-9B90-4FC3-AB54-0872A592B21C}.Release|Any CPU.Deploy.0 = Release|Any CPU
		{B2D89B8C-9B90-4FC3-AB54-0872A592B21C}.Release|ARM.ActiveCfg = Release|Any CPU
		{B2D89B8C-9B90-4FC3-AB54-0872A592B21C}.Release|ARM.Build.0 = Release|Any CPU
		{B2D89B8C-9B90-4FC3-AB54-0872A592B21C}.Release|ARM.Deploy.0 = Release|Any CPU
		{B2D89B8C-9B90-4FC3-AB54-0872A592B21C}.Release|iPhone.ActiveCfg = Release|Any CPU
		{B2D89B8C-9B90-4FC3-AB54-0872A592B21C}.Release|iPhone.Build.0 = Release|Any CPU
		{B2D89B8C-9B90-4FC3-AB54-0872A592B21C}.Release|iPhone.Deploy.0 = Release|Any CPU
		{B2D89B8C-9B90-4FC3-AB54-0872A592B21C}.Release|iPhoneSimulator.ActiveCfg = Release|Any CPU
		{B2D89B8C-9B90-4FC3-AB54-0872A592B21C}.Release|iPhoneSimulator.Build.0 = Release|Any CPU
		{B2D89B8C-9B90-4FC3-AB54-0872A592B21C}.Release|iPhoneSimulator.Deploy.0 = Release|Any CPU
		{B2D89B8C-9B90-4FC3-AB54-0872A592B21C}.Release|x64.ActiveCfg = Release|Any CPU
		{B2D89B8C-9B90-4FC3-AB54-0872A592B21C}.Release|x64.Build.0 = Release|Any CPU
		{B2D89B8C-9B90-4FC3-AB54-0872A592B21C}.Release|x64.Deploy.0 = Release|Any CPU
		{B2D89B8C-9B90-4FC3-AB54-0872A592B21C}.Release|x86.ActiveCfg = Release|Any CPU
		{B2D89B8C-9B90-4FC3-AB54-0872A592B21C}.Release|x86.Build.0 = Release|Any CPU
		{B2D89B8C-9B90-4FC3-AB54-0872A592B21C}.Release|x86.Deploy.0 = Release|Any CPU
		{06635C4A-89CF-4D2E-A891-B90D04BC4CE7}.Debug|Any CPU.ActiveCfg = Debug|iPhone
		{06635C4A-89CF-4D2E-A891-B90D04BC4CE7}.Debug|Any CPU.Build.0 = Debug|iPhone
		{06635C4A-89CF-4D2E-A891-B90D04BC4CE7}.Debug|Any CPU.Deploy.0 = Debug|iPhone
		{06635C4A-89CF-4D2E-A891-B90D04BC4CE7}.Debug|ARM.ActiveCfg = Debug|iPhone
		{06635C4A-89CF-4D2E-A891-B90D04BC4CE7}.Debug|ARM.Build.0 = Debug|iPhone
		{06635C4A-89CF-4D2E-A891-B90D04BC4CE7}.Debug|ARM.Deploy.0 = Debug|iPhone
		{06635C4A-89CF-4D2E-A891-B90D04BC4CE7}.Debug|iPhone.ActiveCfg = Debug|iPhone
		{06635C4A-89CF-4D2E-A891-B90D04BC4CE7}.Debug|iPhone.Build.0 = Debug|iPhone
		{06635C4A-89CF-4D2E-A891-B90D04BC4CE7}.Debug|iPhone.Deploy.0 = Debug|iPhone
		{06635C4A-89CF-4D2E-A891-B90D04BC4CE7}.Debug|iPhoneSimulator.ActiveCfg = Debug|iPhoneSimulator
		{06635C4A-89CF-4D2E-A891-B90D04BC4CE7}.Debug|iPhoneSimulator.Build.0 = Debug|iPhoneSimulator
		{06635C4A-89CF-4D2E-A891-B90D04BC4CE7}.Debug|iPhoneSimulator.Deploy.0 = Debug|iPhoneSimulator
		{06635C4A-89CF-4D2E-A891-B90D04BC4CE7}.Debug|x64.ActiveCfg = Debug|iPhone
		{06635C4A-89CF-4D2E-A891-B90D04BC4CE7}.Debug|x64.Build.0 = Debug|iPhone
		{06635C4A-89CF-4D2E-A891-B90D04BC4CE7}.Debug|x64.Deploy.0 = Debug|iPhone
		{06635C4A-89CF-4D2E-A891-B90D04BC4CE7}.Debug|x86.ActiveCfg = Debug|iPhone
		{06635C4A-89CF-4D2E-A891-B90D04BC4CE7}.Debug|x86.Build.0 = Debug|iPhone
		{06635C4A-89CF-4D2E-A891-B90D04BC4CE7}.Debug|x86.Deploy.0 = Debug|iPhone
		{06635C4A-89CF-4D2E-A891-B90D04BC4CE7}.Release|Any CPU.ActiveCfg = Release|iPhone
		{06635C4A-89CF-4D2E-A891-B90D04BC4CE7}.Release|Any CPU.Build.0 = Release|iPhone
		{06635C4A-89CF-4D2E-A891-B90D04BC4CE7}.Release|Any CPU.Deploy.0 = Release|iPhone
		{06635C4A-89CF-4D2E-A891-B90D04BC4CE7}.Release|ARM.ActiveCfg = Release|iPhone
		{06635C4A-89CF-4D2E-A891-B90D04BC4CE7}.Release|ARM.Build.0 = Release|iPhone
		{06635C4A-89CF-4D2E-A891-B90D04BC4CE7}.Release|ARM.Deploy.0 = Release|iPhone
		{06635C4A-89CF-4D2E-A891-B90D04BC4CE7}.Release|iPhone.ActiveCfg = Release|iPhone
		{06635C4A-89CF-4D2E-A891-B90D04BC4CE7}.Release|iPhone.Build.0 = Release|iPhone
		{06635C4A-89CF-4D2E-A891-B90D04BC4CE7}.Release|iPhone.Deploy.0 = Release|iPhone
		{06635C4A-89CF-4D2E-A891-B90D04BC4CE7}.Release|iPhoneSimulator.ActiveCfg = Release|iPhoneSimulator
		{06635C4A-89CF-4D2E-A891-B90D04BC4CE7}.Release|iPhoneSimulator.Build.0 = Release|iPhoneSimulator
		{06635C4A-89CF-4D2E-A891-B90D04BC4CE7}.Release|iPhoneSimulator.Deploy.0 = Release|iPhoneSimulator
		{06635C4A-89CF-4D2E-A891-B90D04BC4CE7}.Release|x64.ActiveCfg = Release|iPhone
		{06635C4A-89CF-4D2E-A891-B90D04BC4CE7}.Release|x64.Build.0 = Release|iPhone
		{06635C4A-89CF-4D2E-A891-B90D04BC4CE7}.Release|x64.Deploy.0 = Release|iPhone
		{06635C4A-89CF-4D2E-A891-B90D04BC4CE7}.Release|x86.ActiveCfg = Release|iPhone
		{06635C4A-89CF-4D2E-A891-B90D04BC4CE7}.Release|x86.Build.0 = Release|iPhone
		{06635C4A-89CF-4D2E-A891-B90D04BC4CE7}.Release|x86.Deploy.0 = Release|iPhone
		{BC630A82-C833-4FF8-88E0-1B6748A20EE3}.Debug|Any CPU.ActiveCfg = Debug|Any CPU
		{BC630A82-C833-4FF8-88E0-1B6748A20EE3}.Debug|Any CPU.Build.0 = Debug|Any CPU
		{BC630A82-C833-4FF8-88E0-1B6748A20EE3}.Debug|Any CPU.Deploy.0 = Debug|Any CPU
		{BC630A82-C833-4FF8-88E0-1B6748A20EE3}.Debug|ARM.ActiveCfg = Debug|Any CPU
		{BC630A82-C833-4FF8-88E0-1B6748A20EE3}.Debug|ARM.Build.0 = Debug|Any CPU
		{BC630A82-C833-4FF8-88E0-1B6748A20EE3}.Debug|ARM.Deploy.0 = Debug|Any CPU
		{BC630A82-C833-4FF8-88E0-1B6748A20EE3}.Debug|iPhone.ActiveCfg = Debug|Any CPU
		{BC630A82-C833-4FF8-88E0-1B6748A20EE3}.Debug|iPhone.Build.0 = Debug|Any CPU
		{BC630A82-C833-4FF8-88E0-1B6748A20EE3}.Debug|iPhone.Deploy.0 = Debug|Any CPU
		{BC630A82-C833-4FF8-88E0-1B6748A20EE3}.Debug|iPhoneSimulator.ActiveCfg = Debug|Any CPU
		{BC630A82-C833-4FF8-88E0-1B6748A20EE3}.Debug|iPhoneSimulator.Build.0 = Debug|Any CPU
		{BC630A82-C833-4FF8-88E0-1B6748A20EE3}.Debug|iPhoneSimulator.Deploy.0 = Debug|Any CPU
		{BC630A82-C833-4FF8-88E0-1B6748A20EE3}.Debug|x64.ActiveCfg = Debug|Any CPU
		{BC630A82-C833-4FF8-88E0-1B6748A20EE3}.Debug|x64.Build.0 = Debug|Any CPU
		{BC630A82-C833-4FF8-88E0-1B6748A20EE3}.Debug|x64.Deploy.0 = Debug|Any CPU
		{BC630A82-C833-4FF8-88E0-1B6748A20EE3}.Debug|x86.ActiveCfg = Debug|Any CPU
		{BC630A82-C833-4FF8-88E0-1B6748A20EE3}.Debug|x86.Build.0 = Debug|Any CPU
		{BC630A82-C833-4FF8-88E0-1B6748A20EE3}.Debug|x86.Deploy.0 = Debug|Any CPU
		{BC630A82-C833-4FF8-88E0-1B6748A20EE3}.Release|Any CPU.ActiveCfg = Release|Any CPU
		{BC630A82-C833-4FF8-88E0-1B6748A20EE3}.Release|Any CPU.Build.0 = Release|Any CPU
		{BC630A82-C833-4FF8-88E0-1B6748A20EE3}.Release|Any CPU.Deploy.0 = Release|Any CPU
		{BC630A82-C833-4FF8-88E0-1B6748A20EE3}.Release|ARM.ActiveCfg = Release|Any CPU
		{BC630A82-C833-4FF8-88E0-1B6748A20EE3}.Release|ARM.Build.0 = Release|Any CPU
		{BC630A82-C833-4FF8-88E0-1B6748A20EE3}.Release|ARM.Deploy.0 = Release|Any CPU
		{BC630A82-C833-4FF8-88E0-1B6748A20EE3}.Release|iPhone.ActiveCfg = Release|Any CPU
		{BC630A82-C833-4FF8-88E0-1B6748A20EE3}.Release|iPhone.Build.0 = Release|Any CPU
		{BC630A82-C833-4FF8-88E0-1B6748A20EE3}.Release|iPhone.Deploy.0 = Release|Any CPU
		{BC630A82-C833-4FF8-88E0-1B6748A20EE3}.Release|iPhoneSimulator.ActiveCfg = Release|Any CPU
		{BC630A82-C833-4FF8-88E0-1B6748A20EE3}.Release|iPhoneSimulator.Build.0 = Release|Any CPU
		{BC630A82-C833-4FF8-88E0-1B6748A20EE3}.Release|iPhoneSimulator.Deploy.0 = Release|Any CPU
		{BC630A82-C833-4FF8-88E0-1B6748A20EE3}.Release|x64.ActiveCfg = Release|Any CPU
		{BC630A82-C833-4FF8-88E0-1B6748A20EE3}.Release|x64.Build.0 = Release|Any CPU
		{BC630A82-C833-4FF8-88E0-1B6748A20EE3}.Release|x64.Deploy.0 = Release|Any CPU
		{BC630A82-C833-4FF8-88E0-1B6748A20EE3}.Release|x86.ActiveCfg = Release|Any CPU
		{BC630A82-C833-4FF8-88E0-1B6748A20EE3}.Release|x86.Build.0 = Release|Any CPU
		{BC630A82-C833-4FF8-88E0-1B6748A20EE3}.Release|x86.Deploy.0 = Release|Any CPU
	EndGlobalSection
	GlobalSection(SolutionProperties) = preSolution
		HideSolutionNode = FALSE
	EndGlobalSection
	GlobalSection(ExtensibilityGlobals) = postSolution
		SolutionGuid = {38786ACE-242A-432D-877B-08B39F77CB51}
	EndGlobalSection
EndGlobal
