Microsoft Visual Studio Solution File, Format Version 12.00
# Visual Studio Version 16
VisualStudioVersion = 16.0.30320.27
MinimumVisualStudioVersion = 10.0.40219.1
Project("{9A19103F-16F7-4668-BE54-9A1E7A4F7556}") = "Xamarin.CommunityToolkit", "XamarinCommunityToolkit\Xamarin.CommunityToolkit.csproj", "{A60AC9C0-F01A-4CA6-B967-F774343A5290}"
EndProject
Global
	GlobalSection(SolutionConfigurationPlatforms) = preSolution
		Debug|Any CPU = Debug|Any CPU
		Release|Any CPU = Release|Any CPU
	EndGlobalSection
	GlobalSection(ProjectConfigurationPlatforms) = postSolution
		{A60AC9C0-F01A-4CA6-B967-F774343A5290}.Debug|Any CPU.ActiveCfg = Debug|Any CPU
		{A60AC9C0-F01A-4CA6-B967-F774343A5290}.Debug|Any CPU.Build.0 = Debug|Any CPU
		{A60AC9C0-F01A-4CA6-B967-F774343A5290}.Release|Any CPU.ActiveCfg = Release|Any CPU
		{A60AC9C0-F01A-4CA6-B967-F774343A5290}.Release|Any CPU.Build.0 = Release|Any CPU
	EndGlobalSection
	GlobalSection(SolutionProperties) = preSolution
		HideSolutionNode = FALSE
	EndGlobalSection
	GlobalSection(ExtensibilityGlobals) = postSolution
		SolutionGuid = {0E25B668-D1CB-4A23-9EA6-EE710C8E148A}
	EndGlobalSection
EndGlobal
