
Microsoft Visual Studio Solution File, Format Version 12.00
# Visual Studio Version 16
VisualStudioVersion = 16.0.30204.135
MinimumVisualStudioVersion = 10.0.40219.1
Project("{2150E333-8FDC-42A3-9474-1A3956D46DE8}") = "Tests", "Tests", "{47DFE508-04F1-433D-8C55-0C1ACD033573}"
EndProject
Project("{FAE04EC0-301F-11D3-BF4B-00C04F79EFBC}") = "Microsoft.Toolkit.Xamarin.Forms.Sample.iOS", "Microsoft.Toolkit.Xamarin.Forms.Sample.iOS\Microsoft.Toolkit.Xamarin.Forms.Sample.iOS.csproj", "{B10BD8BF-43EA-4F95-BE5C-42ED8028CC6B}"
EndProject
Project("{FAE04EC0-301F-11D3-BF4B-00C04F79EFBC}") = "Microsoft.Toolkit.Xamarin.Forms.Sample.Android", "Microsoft.Toolkit.Xamarin.Forms.Sample.Android\Microsoft.Toolkit.Xamarin.Forms.Sample.Android.csproj", "{8B80BFA6-7B19-4DE7-BD97-7D84194AD0C2}"
EndProject
Project("{9A19103F-16F7-4668-BE54-9A1E7A4F7556}") = "Microsoft.Toolkit.Xamarin.Forms.Sample", "Microsoft.Toolkit.Xamarin.Forms.Sample\Microsoft.Toolkit.Xamarin.Forms.Sample.csproj", "{809658C3-6DA7-459F-83CC-755A449491A1}"
EndProject
Project("{9A19103F-16F7-4668-BE54-9A1E7A4F7556}") = "Microsoft.Toolkit.Xamarin.Forms", "Microsoft.Toolkit.Xamarin.Forms\Microsoft.Toolkit.Xamarin.Forms.csproj", "{FC5D842A-7212-4036-B487-1AFFB2E1AD57}"
EndProject
Project("{9A19103F-16F7-4668-BE54-9A1E7A4F7556}") = "Microsoft.Toolkit.Xamarin.Forms.UnitTests", "Microsoft.Toolkit.Xamarin.Forms.UnitTests\Microsoft.Toolkit.Xamarin.Forms.UnitTests.csproj", "{4E6F79C6-9989-4E1B-9611-E07DBA74D100}"
EndProject
Global
	GlobalSection(SolutionConfigurationPlatforms) = preSolution
		Debug|Any CPU = Debug|Any CPU
		Debug|iPhone = Debug|iPhone
		Debug|iPhoneSimulator = Debug|iPhoneSimulator
		Release|Any CPU = Release|Any CPU
		Release|iPhone = Release|iPhone
		Release|iPhoneSimulator = Release|iPhoneSimulator
	EndGlobalSection
	GlobalSection(ProjectConfigurationPlatforms) = postSolution
		{B10BD8BF-43EA-4F95-BE5C-42ED8028CC6B}.Debug|Any CPU.ActiveCfg = Debug|iPhone
		{B10BD8BF-43EA-4F95-BE5C-42ED8028CC6B}.Debug|iPhone.ActiveCfg = Debug|iPhone
		{B10BD8BF-43EA-4F95-BE5C-42ED8028CC6B}.Debug|iPhone.Build.0 = Debug|iPhone
		{B10BD8BF-43EA-4F95-BE5C-42ED8028CC6B}.Debug|iPhoneSimulator.ActiveCfg = Debug|iPhoneSimulator
		{B10BD8BF-43EA-4F95-BE5C-42ED8028CC6B}.Debug|iPhoneSimulator.Build.0 = Debug|iPhoneSimulator
		{B10BD8BF-43EA-4F95-BE5C-42ED8028CC6B}.Release|Any CPU.ActiveCfg = Release|iPhone
		{B10BD8BF-43EA-4F95-BE5C-42ED8028CC6B}.Release|iPhone.ActiveCfg = Release|iPhone
		{B10BD8BF-43EA-4F95-BE5C-42ED8028CC6B}.Release|iPhone.Build.0 = Release|iPhone
		{B10BD8BF-43EA-4F95-BE5C-42ED8028CC6B}.Release|iPhoneSimulator.ActiveCfg = Release|iPhoneSimulator
		{B10BD8BF-43EA-4F95-BE5C-42ED8028CC6B}.Release|iPhoneSimulator.Build.0 = Release|iPhoneSimulator
		{8B80BFA6-7B19-4DE7-BD97-7D84194AD0C2}.Debug|Any CPU.ActiveCfg = Debug|Any CPU
		{8B80BFA6-7B19-4DE7-BD97-7D84194AD0C2}.Debug|Any CPU.Build.0 = Debug|Any CPU
		{8B80BFA6-7B19-4DE7-BD97-7D84194AD0C2}.Debug|Any CPU.Deploy.0 = Debug|Any CPU
		{8B80BFA6-7B19-4DE7-BD97-7D84194AD0C2}.Debug|iPhone.ActiveCfg = Debug|Any CPU
		{8B80BFA6-7B19-4DE7-BD97-7D84194AD0C2}.Debug|iPhone.Build.0 = Debug|Any CPU
		{8B80BFA6-7B19-4DE7-BD97-7D84194AD0C2}.Debug|iPhone.Deploy.0 = Debug|Any CPU
		{8B80BFA6-7B19-4DE7-BD97-7D84194AD0C2}.Debug|iPhoneSimulator.ActiveCfg = Debug|Any CPU
		{8B80BFA6-7B19-4DE7-BD97-7D84194AD0C2}.Debug|iPhoneSimulator.Build.0 = Debug|Any CPU
		{8B80BFA6-7B19-4DE7-BD97-7D84194AD0C2}.Debug|iPhoneSimulator.Deploy.0 = Debug|Any CPU
		{8B80BFA6-7B19-4DE7-BD97-7D84194AD0C2}.Release|Any CPU.ActiveCfg = Release|Any CPU
		{8B80BFA6-7B19-4DE7-BD97-7D84194AD0C2}.Release|Any CPU.Build.0 = Release|Any CPU
		{8B80BFA6-7B19-4DE7-BD97-7D84194AD0C2}.Release|Any CPU.Deploy.0 = Release|Any CPU
		{8B80BFA6-7B19-4DE7-BD97-7D84194AD0C2}.Release|iPhone.ActiveCfg = Release|Any CPU
		{8B80BFA6-7B19-4DE7-BD97-7D84194AD0C2}.Release|iPhone.Build.0 = Release|Any CPU
		{8B80BFA6-7B19-4DE7-BD97-7D84194AD0C2}.Release|iPhone.Deploy.0 = Release|Any CPU
		{8B80BFA6-7B19-4DE7-BD97-7D84194AD0C2}.Release|iPhoneSimulator.ActiveCfg = Release|Any CPU
		{8B80BFA6-7B19-4DE7-BD97-7D84194AD0C2}.Release|iPhoneSimulator.Build.0 = Release|Any CPU
		{8B80BFA6-7B19-4DE7-BD97-7D84194AD0C2}.Release|iPhoneSimulator.Deploy.0 = Release|Any CPU
		{809658C3-6DA7-459F-83CC-755A449491A1}.Debug|Any CPU.ActiveCfg = Debug|Any CPU
		{809658C3-6DA7-459F-83CC-755A449491A1}.Debug|Any CPU.Build.0 = Debug|Any CPU
		{809658C3-6DA7-459F-83CC-755A449491A1}.Debug|iPhone.ActiveCfg = Debug|Any CPU
		{809658C3-6DA7-459F-83CC-755A449491A1}.Debug|iPhone.Build.0 = Debug|Any CPU
		{809658C3-6DA7-459F-83CC-755A449491A1}.Debug|iPhoneSimulator.ActiveCfg = Debug|Any CPU
		{809658C3-6DA7-459F-83CC-755A449491A1}.Debug|iPhoneSimulator.Build.0 = Debug|Any CPU
		{809658C3-6DA7-459F-83CC-755A449491A1}.Release|Any CPU.ActiveCfg = Release|Any CPU
		{809658C3-6DA7-459F-83CC-755A449491A1}.Release|Any CPU.Build.0 = Release|Any CPU
		{809658C3-6DA7-459F-83CC-755A449491A1}.Release|iPhone.ActiveCfg = Release|Any CPU
		{809658C3-6DA7-459F-83CC-755A449491A1}.Release|iPhone.Build.0 = Release|Any CPU
		{809658C3-6DA7-459F-83CC-755A449491A1}.Release|iPhoneSimulator.ActiveCfg = Release|Any CPU
		{809658C3-6DA7-459F-83CC-755A449491A1}.Release|iPhoneSimulator.Build.0 = Release|Any CPU
		{FC5D842A-7212-4036-B487-1AFFB2E1AD57}.Debug|Any CPU.ActiveCfg = Debug|Any CPU
		{FC5D842A-7212-4036-B487-1AFFB2E1AD57}.Debug|Any CPU.Build.0 = Debug|Any CPU
		{FC5D842A-7212-4036-B487-1AFFB2E1AD57}.Debug|iPhone.ActiveCfg = Debug|Any CPU
		{FC5D842A-7212-4036-B487-1AFFB2E1AD57}.Debug|iPhone.Build.0 = Debug|Any CPU
		{FC5D842A-7212-4036-B487-1AFFB2E1AD57}.Debug|iPhoneSimulator.ActiveCfg = Debug|Any CPU
		{FC5D842A-7212-4036-B487-1AFFB2E1AD57}.Debug|iPhoneSimulator.Build.0 = Debug|Any CPU
		{FC5D842A-7212-4036-B487-1AFFB2E1AD57}.Release|Any CPU.ActiveCfg = Release|Any CPU
		{FC5D842A-7212-4036-B487-1AFFB2E1AD57}.Release|Any CPU.Build.0 = Release|Any CPU
		{FC5D842A-7212-4036-B487-1AFFB2E1AD57}.Release|iPhone.ActiveCfg = Release|Any CPU
		{FC5D842A-7212-4036-B487-1AFFB2E1AD57}.Release|iPhone.Build.0 = Release|Any CPU
		{FC5D842A-7212-4036-B487-1AFFB2E1AD57}.Release|iPhoneSimulator.ActiveCfg = Release|Any CPU
		{FC5D842A-7212-4036-B487-1AFFB2E1AD57}.Release|iPhoneSimulator.Build.0 = Release|Any CPU
		{4E6F79C6-9989-4E1B-9611-E07DBA74D100}.Debug|Any CPU.ActiveCfg = Debug|Any CPU
		{4E6F79C6-9989-4E1B-9611-E07DBA74D100}.Debug|Any CPU.Build.0 = Debug|Any CPU
		{4E6F79C6-9989-4E1B-9611-E07DBA74D100}.Debug|iPhone.ActiveCfg = Debug|Any CPU
		{4E6F79C6-9989-4E1B-9611-E07DBA74D100}.Debug|iPhone.Build.0 = Debug|Any CPU
		{4E6F79C6-9989-4E1B-9611-E07DBA74D100}.Debug|iPhoneSimulator.ActiveCfg = Debug|Any CPU
		{4E6F79C6-9989-4E1B-9611-E07DBA74D100}.Debug|iPhoneSimulator.Build.0 = Debug|Any CPU
		{4E6F79C6-9989-4E1B-9611-E07DBA74D100}.Release|Any CPU.ActiveCfg = Release|Any CPU
		{4E6F79C6-9989-4E1B-9611-E07DBA74D100}.Release|Any CPU.Build.0 = Release|Any CPU
		{4E6F79C6-9989-4E1B-9611-E07DBA74D100}.Release|iPhone.ActiveCfg = Release|Any CPU
		{4E6F79C6-9989-4E1B-9611-E07DBA74D100}.Release|iPhone.Build.0 = Release|Any CPU
		{4E6F79C6-9989-4E1B-9611-E07DBA74D100}.Release|iPhoneSimulator.ActiveCfg = Release|Any CPU
		{4E6F79C6-9989-4E1B-9611-E07DBA74D100}.Release|iPhoneSimulator.Build.0 = Release|Any CPU
	EndGlobalSection
	GlobalSection(SolutionProperties) = preSolution
		HideSolutionNode = FALSE
	EndGlobalSection
	GlobalSection(NestedProjects) = preSolution
		{4E6F79C6-9989-4E1B-9611-E07DBA74D100} = {47DFE508-04F1-433D-8C55-0C1ACD033573}
	EndGlobalSection
	GlobalSection(ExtensibilityGlobals) = postSolution
		SolutionGuid = {449686DB-B85A-4DFA-AA26-9BC92468CC2A}
	EndGlobalSection
EndGlobal
