
Microsoft Visual Studio Solution File, Format Version 12.00
# Visual Studio Version 17
VisualStudioVersion = 17.0.31612.314
MinimumVisualStudioVersion = 10.0.40219.1
Project("{FAE04EC0-301F-11D3-BF4B-00C04F79EFBC}") = "XCT.MauiCompat.Sample", "XCT.MauiCompat.Sample\XCT.MauiCompat.Sample.csproj", "{05B33A9A-DFD5-450D-9F7C-8B45AA8F95C5}"
EndProject
Project("{FAE04EC0-301F-11D3-BF4B-00C04F79EFBC}") = "XCT.MauiCompat.Sample.WinUI", "XCT.MauiCompat.Sample.WinUI\XCT.MauiCompat.Sample.WinUI.csproj", "{CF0E0C7F-4622-43EA-8426-2F04E88A5997}"
EndProject
Global
	GlobalSection(SolutionConfigurationPlatforms) = preSolution
		Debug|Any CPU = Debug|Any CPU
		Release|Any CPU = Release|Any CPU
	EndGlobalSection
	GlobalSection(ProjectConfigurationPlatforms) = postSolution
		{05B33A9A-DFD5-450D-9F7C-8B45AA8F95C5}.Debug|Any CPU.ActiveCfg = Debug|Any CPU
		{05B33A9A-DFD5-450D-9F7C-8B45AA8F95C5}.Debug|Any CPU.Build.0 = Debug|Any CPU
		{05B33A9A-DFD5-450D-9F7C-8B45AA8F95C5}.Debug|Any CPU.Deploy.0 = Debug|Any CPU
		{05B33A9A-DFD5-450D-9F7C-8B45AA8F95C5}.Release|Any CPU.ActiveCfg = Release|Any CPU
		{05B33A9A-DFD5-450D-9F7C-8B45AA8F95C5}.Release|Any CPU.Build.0 = Release|Any CPU
		{CF0E0C7F-4622-43EA-8426-2F04E88A5997}.Debug|Any CPU.ActiveCfg = Debug|Any CPU
		{CF0E0C7F-4622-43EA-8426-2F04E88A5997}.Debug|Any CPU.Build.0 = Debug|Any CPU
		{CF0E0C7F-4622-43EA-8426-2F04E88A5997}.Release|Any CPU.ActiveCfg = Release|Any CPU
		{CF0E0C7F-4622-43EA-8426-2F04E88A5997}.Release|Any CPU.Build.0 = Release|Any CPU
	EndGlobalSection
	GlobalSection(SolutionProperties) = preSolution
		HideSolutionNode = FALSE
	EndGlobalSection
	GlobalSection(ExtensibilityGlobals) = postSolution
		SolutionGuid = {C0B5510A-6DDF-4C55-A029-9988FE28375A}
	EndGlobalSection
EndGlobal
