
Microsoft Visual Studio Solution File, Format Version 12.00
# Visual Studio Version 16
VisualStudioVersion = 16.0.31220.234
MinimumVisualStudioVersion = 10.0.40219.1
Project("{9A19103F-16F7-4668-BE54-9A1E7A4F7556}") = "Xamarin.CommunityToolkit.Markup.MauiCompat", "Xamarin.CommunityToolkit.Markup.MauiCompat\Xamarin.CommunityToolkit.Markup.MauiCompat.csproj", "{B01CF2E9-BE17-4A06-BD8F-5EA674B17EF5}"
EndProject
Project("{9A19103F-16F7-4668-BE54-9A1E7A4F7556}") = "Xamarin.CommunityToolkit.Markup.MauiCompat.WinUI", "Xamarin.CommunityToolkit.Markup.MauiCompat.WinUI\Xamarin.CommunityToolkit.Markup.MauiCompat.WinUI.csproj", "{035074BD-9A72-4A56-888D-04DBD664445A}"
EndProject
Global
	GlobalSection(SolutionConfigurationPlatforms) = preSolution
		Debug|Any CPU = Debug|Any CPU
		Release|Any CPU = Release|Any CPU
	EndGlobalSection
	GlobalSection(ProjectConfigurationPlatforms) = postSolution
		{B01CF2E9-BE17-4A06-BD8F-5EA674B17EF5}.Debug|Any CPU.ActiveCfg = Debug|Any CPU
		{B01CF2E9-BE17-4A06-BD8F-5EA674B17EF5}.Debug|Any CPU.Build.0 = Debug|Any CPU
		{B01CF2E9-BE17-4A06-BD8F-5EA674B17EF5}.Debug|Any CPU.Deploy.0 = Debug|Any CPU
		{B01CF2E9-BE17-4A06-BD8F-5EA674B17EF5}.Release|Any CPU.ActiveCfg = Release|Any CPU
		{B01CF2E9-BE17-4A06-BD8F-5EA674B17EF5}.Release|Any CPU.Build.0 = Release|Any CPU
		{B01CF2E9-BE17-4A06-BD8F-5EA674B17EF5}.Release|Any CPU.Deploy.0 = Release|Any CPU
		{035074BD-9A72-4A56-888D-04DBD664445A}.Debug|Any CPU.ActiveCfg = Debug|Any CPU
		{035074BD-9A72-4A56-888D-04DBD664445A}.Debug|Any CPU.Build.0 = Debug|Any CPU
		{035074BD-9A72-4A56-888D-04DBD664445A}.Debug|Any CPU.Deploy.0 = Debug|Any CPU
		{035074BD-9A72-4A56-888D-04DBD664445A}.Release|Any CPU.ActiveCfg = Release|Any CPU
		{035074BD-9A72-4A56-888D-04DBD664445A}.Release|Any CPU.Build.0 = Release|Any CPU
		{035074BD-9A72-4A56-888D-04DBD664445A}.Release|Any CPU.Deploy.0 = Release|Any CPU
	EndGlobalSection
	GlobalSection(SolutionProperties) = preSolution
		HideSolutionNode = FALSE
	EndGlobalSection
	GlobalSection(ExtensibilityGlobals) = postSolution
		SolutionGuid = {61F7FB11-1E47-470C-91E2-47F8143E1572}
	EndGlobalSection
EndGlobal
