
Microsoft Visual Studio Solution File, Format Version 12.00
# Visual Studio 15
VisualStudioVersion = 15.0.27130.2027
MinimumVisualStudioVersion = 10.0.40219.1
Project("{FAE04EC0-301F-11D3-BF4B-00C04F79EFBC}") = "Samples.Android", "Samples\Samples.Android\Samples.Android.csproj", "{B67F4E95-07A1-41CE-BF6F-3E5B8D4F2F48}"
EndProject
Project("{9A19103F-16F7-4668-BE54-9A1E7A4F7556}") = "Samples", "Samples\Samples\Samples.csproj", "{152D4A17-0A15-4BB5-9AAC-DB5CDDDE9857}"
EndProject
Project("{FAE04EC0-301F-11D3-BF4B-00C04F79EFBC}") = "Samples.UWP", "Samples\Samples.UWP\Samples.UWP.csproj", "{69C42532-A922-46CC-8248-2E13F3796B97}"
EndProject
Project("{FAE04EC0-301F-11D3-BF4B-00C04F79EFBC}") = "Samples.iOS", "Samples\Samples.iOS\Samples.iOS.csproj", "{B1500FA7-5B3C-4736-B953-71B7C1DF6D30}"
EndProject
Project("{9A19103F-16F7-4668-BE54-9A1E7A4F7556}") = "Effects", "..\src\Effects\Effects\Effects.csproj", "{67F9D3A8-F71E-4428-913F-C37AE82CDB24}"
EndProject
Project("{9A19103F-16F7-4668-BE54-9A1E7A4F7556}") = "Animations", "..\src\Animations\Animations\Animations.csproj", "{572B958E-CC33-47C1-95FA-1B3A0506F2ED}"
EndProject
Project("{2150E333-8FDC-42A3-9474-1A3956D46DE8}") = "Toolkit", "Toolkit", "{A4F575A5-C6FD-490E-9D23-29ED93E94CC4}"
EndProject
Global
	GlobalSection(SolutionConfigurationPlatforms) = preSolution
		Ad-Hoc|Any CPU = Ad-Hoc|Any CPU
		Ad-Hoc|ARM = Ad-Hoc|ARM
		Ad-Hoc|iPhone = Ad-Hoc|iPhone
		Ad-Hoc|iPhoneSimulator = Ad-Hoc|iPhoneSimulator
		Ad-Hoc|x64 = Ad-Hoc|x64
		Ad-Hoc|x86 = Ad-Hoc|x86
		AppStore|Any CPU = AppStore|Any CPU
		AppStore|ARM = AppStore|ARM
		AppStore|iPhone = AppStore|iPhone
		AppStore|iPhoneSimulator = AppStore|iPhoneSimulator
		AppStore|x64 = AppStore|x64
		AppStore|x86 = AppStore|x86
		Debug|Any CPU = Debug|Any CPU
		Debug|ARM = Debug|ARM
		Debug|iPhone = Debug|iPhone
		Debug|iPhoneSimulator = Debug|iPhoneSimulator
		Debug|x64 = Debug|x64
		Debug|x86 = Debug|x86
		Release|Any CPU = Release|Any CPU
		Release|ARM = Release|ARM
		Release|iPhone = Release|iPhone
		Release|iPhoneSimulator = Release|iPhoneSimulator
		Release|x64 = Release|x64
		Release|x86 = Release|x86
	EndGlobalSection
	GlobalSection(ProjectConfigurationPlatforms) = postSolution
		{B67F4E95-07A1-41CE-BF6F-3E5B8D4F2F48}.Ad-Hoc|Any CPU.ActiveCfg = Release|Any CPU
		{B67F4E95-07A1-41CE-BF6F-3E5B8D4F2F48}.Ad-Hoc|Any CPU.Build.0 = Release|Any CPU
		{B67F4E95-07A1-41CE-BF6F-3E5B8D4F2F48}.Ad-Hoc|Any CPU.Deploy.0 = Release|Any CPU
		{B67F4E95-07A1-41CE-BF6F-3E5B8D4F2F48}.Ad-Hoc|ARM.ActiveCfg = Release|Any CPU
		{B67F4E95-07A1-41CE-BF6F-3E5B8D4F2F48}.Ad-Hoc|ARM.Build.0 = Release|Any CPU
		{B67F4E95-07A1-41CE-BF6F-3E5B8D4F2F48}.Ad-Hoc|ARM.Deploy.0 = Release|Any CPU
		{B67F4E95-07A1-41CE-BF6F-3E5B8D4F2F48}.Ad-Hoc|iPhone.ActiveCfg = Release|Any CPU
		{B67F4E95-07A1-41CE-BF6F-3E5B8D4F2F48}.Ad-Hoc|iPhone.Build.0 = Release|Any CPU
		{B67F4E95-07A1-41CE-BF6F-3E5B8D4F2F48}.Ad-Hoc|iPhone.Deploy.0 = Release|Any CPU
		{B67F4E95-07A1-41CE-BF6F-3E5B8D4F2F48}.Ad-Hoc|iPhoneSimulator.ActiveCfg = Release|Any CPU
		{B67F4E95-07A1-41CE-BF6F-3E5B8D4F2F48}.Ad-Hoc|iPhoneSimulator.Build.0 = Release|Any CPU
		{B67F4E95-07A1-41CE-BF6F-3E5B8D4F2F48}.Ad-Hoc|iPhoneSimulator.Deploy.0 = Release|Any CPU
		{B67F4E95-07A1-41CE-BF6F-3E5B8D4F2F48}.Ad-Hoc|x64.ActiveCfg = Release|Any CPU
		{B67F4E95-07A1-41CE-BF6F-3E5B8D4F2F48}.Ad-Hoc|x64.Build.0 = Release|Any CPU
		{B67F4E95-07A1-41CE-BF6F-3E5B8D4F2F48}.Ad-Hoc|x64.Deploy.0 = Release|Any CPU
		{B67F4E95-07A1-41CE-BF6F-3E5B8D4F2F48}.Ad-Hoc|x86.ActiveCfg = Release|Any CPU
		{B67F4E95-07A1-41CE-BF6F-3E5B8D4F2F48}.Ad-Hoc|x86.Build.0 = Release|Any CPU
		{B67F4E95-07A1-41CE-BF6F-3E5B8D4F2F48}.Ad-Hoc|x86.Deploy.0 = Release|Any CPU
		{B67F4E95-07A1-41CE-BF6F-3E5B8D4F2F48}.AppStore|Any CPU.ActiveCfg = Release|Any CPU
		{B67F4E95-07A1-41CE-BF6F-3E5B8D4F2F48}.AppStore|Any CPU.Build.0 = Release|Any CPU
		{B67F4E95-07A1-41CE-BF6F-3E5B8D4F2F48}.AppStore|Any CPU.Deploy.0 = Release|Any CPU
		{B67F4E95-07A1-41CE-BF6F-3E5B8D4F2F48}.AppStore|ARM.ActiveCfg = Release|Any CPU
		{B67F4E95-07A1-41CE-BF6F-3E5B8D4F2F48}.AppStore|ARM.Build.0 = Release|Any CPU
		{B67F4E95-07A1-41CE-BF6F-3E5B8D4F2F48}.AppStore|ARM.Deploy.0 = Release|Any CPU
		{B67F4E95-07A1-41CE-BF6F-3E5B8D4F2F48}.AppStore|iPhone.ActiveCfg = Release|Any CPU
		{B67F4E95-07A1-41CE-BF6F-3E5B8D4F2F48}.AppStore|iPhone.Build.0 = Release|Any CPU
		{B67F4E95-07A1-41CE-BF6F-3E5B8D4F2F48}.AppStore|iPhone.Deploy.0 = Release|Any CPU
		{B67F4E95-07A1-41CE-BF6F-3E5B8D4F2F48}.AppStore|iPhoneSimulator.ActiveCfg = Release|Any CPU
		{B67F4E95-07A1-41CE-BF6F-3E5B8D4F2F48}.AppStore|iPhoneSimulator.Build.0 = Release|Any CPU
		{B67F4E95-07A1-41CE-BF6F-3E5B8D4F2F48}.AppStore|iPhoneSimulator.Deploy.0 = Release|Any CPU
		{B67F4E95-07A1-41CE-BF6F-3E5B8D4F2F48}.AppStore|x64.ActiveCfg = Release|Any CPU
		{B67F4E95-07A1-41CE-BF6F-3E5B8D4F2F48}.AppStore|x64.Build.0 = Release|Any CPU
		{B67F4E95-07A1-41CE-BF6F-3E5B8D4F2F48}.AppStore|x64.Deploy.0 = Release|Any CPU
		{B67F4E95-07A1-41CE-BF6F-3E5B8D4F2F48}.AppStore|x86.ActiveCfg = Release|Any CPU
		{B67F4E95-07A1-41CE-BF6F-3E5B8D4F2F48}.AppStore|x86.Build.0 = Release|Any CPU
		{B67F4E95-07A1-41CE-BF6F-3E5B8D4F2F48}.AppStore|x86.Deploy.0 = Release|Any CPU
		{B67F4E95-07A1-41CE-BF6F-3E5B8D4F2F48}.Debug|Any CPU.ActiveCfg = Debug|Any CPU
		{B67F4E95-07A1-41CE-BF6F-3E5B8D4F2F48}.Debug|Any CPU.Build.0 = Debug|Any CPU
		{B67F4E95-07A1-41CE-BF6F-3E5B8D4F2F48}.Debug|Any CPU.Deploy.0 = Debug|Any CPU
		{B67F4E95-07A1-41CE-BF6F-3E5B8D4F2F48}.Debug|ARM.ActiveCfg = Debug|Any CPU
		{B67F4E95-07A1-41CE-BF6F-3E5B8D4F2F48}.Debug|ARM.Build.0 = Debug|Any CPU
		{B67F4E95-07A1-41CE-BF6F-3E5B8D4F2F48}.Debug|ARM.Deploy.0 = Debug|Any CPU
		{B67F4E95-07A1-41CE-BF6F-3E5B8D4F2F48}.Debug|iPhone.ActiveCfg = Debug|Any CPU
		{B67F4E95-07A1-41CE-BF6F-3E5B8D4F2F48}.Debug|iPhone.Build.0 = Debug|Any CPU
		{B67F4E95-07A1-41CE-BF6F-3E5B8D4F2F48}.Debug|iPhone.Deploy.0 = Debug|Any CPU
		{B67F4E95-07A1-41CE-BF6F-3E5B8D4F2F48}.Debug|iPhoneSimulator.ActiveCfg = Debug|Any CPU
		{B67F4E95-07A1-41CE-BF6F-3E5B8D4F2F48}.Debug|iPhoneSimulator.Build.0 = Debug|Any CPU
		{B67F4E95-07A1-41CE-BF6F-3E5B8D4F2F48}.Debug|iPhoneSimulator.Deploy.0 = Debug|Any CPU
		{B67F4E95-07A1-41CE-BF6F-3E5B8D4F2F48}.Debug|x64.ActiveCfg = Debug|Any CPU
		{B67F4E95-07A1-41CE-BF6F-3E5B8D4F2F48}.Debug|x64.Build.0 = Debug|Any CPU
		{B67F4E95-07A1-41CE-BF6F-3E5B8D4F2F48}.Debug|x64.Deploy.0 = Debug|Any CPU
		{B67F4E95-07A1-41CE-BF6F-3E5B8D4F2F48}.Debug|x86.ActiveCfg = Debug|Any CPU
		{B67F4E95-07A1-41CE-BF6F-3E5B8D4F2F48}.Debug|x86.Build.0 = Debug|Any CPU
		{B67F4E95-07A1-41CE-BF6F-3E5B8D4F2F48}.Debug|x86.Deploy.0 = Debug|Any CPU
		{B67F4E95-07A1-41CE-BF6F-3E5B8D4F2F48}.Release|Any CPU.ActiveCfg = Release|Any CPU
		{B67F4E95-07A1-41CE-BF6F-3E5B8D4F2F48}.Release|Any CPU.Build.0 = Release|Any CPU
		{B67F4E95-07A1-41CE-BF6F-3E5B8D4F2F48}.Release|Any CPU.Deploy.0 = Release|Any CPU
		{B67F4E95-07A1-41CE-BF6F-3E5B8D4F2F48}.Release|ARM.ActiveCfg = Release|Any CPU
		{B67F4E95-07A1-41CE-BF6F-3E5B8D4F2F48}.Release|ARM.Build.0 = Release|Any CPU
		{B67F4E95-07A1-41CE-BF6F-3E5B8D4F2F48}.Release|ARM.Deploy.0 = Release|Any CPU
		{B67F4E95-07A1-41CE-BF6F-3E5B8D4F2F48}.Release|iPhone.ActiveCfg = Release|Any CPU
		{B67F4E95-07A1-41CE-BF6F-3E5B8D4F2F48}.Release|iPhone.Build.0 = Release|Any CPU
		{B67F4E95-07A1-41CE-BF6F-3E5B8D4F2F48}.Release|iPhone.Deploy.0 = Release|Any CPU
		{B67F4E95-07A1-41CE-BF6F-3E5B8D4F2F48}.Release|iPhoneSimulator.ActiveCfg = Release|Any CPU
		{B67F4E95-07A1-41CE-BF6F-3E5B8D4F2F48}.Release|iPhoneSimulator.Build.0 = Release|Any CPU
		{B67F4E95-07A1-41CE-BF6F-3E5B8D4F2F48}.Release|iPhoneSimulator.Deploy.0 = Release|Any CPU
		{B67F4E95-07A1-41CE-BF6F-3E5B8D4F2F48}.Release|x64.ActiveCfg = Release|Any CPU
		{B67F4E95-07A1-41CE-BF6F-3E5B8D4F2F48}.Release|x64.Build.0 = Release|Any CPU
		{B67F4E95-07A1-41CE-BF6F-3E5B8D4F2F48}.Release|x64.Deploy.0 = Release|Any CPU
		{B67F4E95-07A1-41CE-BF6F-3E5B8D4F2F48}.Release|x86.ActiveCfg = Release|Any CPU
		{B67F4E95-07A1-41CE-BF6F-3E5B8D4F2F48}.Release|x86.Build.0 = Release|Any CPU
		{B67F4E95-07A1-41CE-BF6F-3E5B8D4F2F48}.Release|x86.Deploy.0 = Release|Any CPU
		{152D4A17-0A15-4BB5-9AAC-DB5CDDDE9857}.Ad-Hoc|Any CPU.ActiveCfg = Release|Any CPU
		{152D4A17-0A15-4BB5-9AAC-DB5CDDDE9857}.Ad-Hoc|Any CPU.Build.0 = Release|Any CPU
		{152D4A17-0A15-4BB5-9AAC-DB5CDDDE9857}.Ad-Hoc|ARM.ActiveCfg = Release|Any CPU
		{152D4A17-0A15-4BB5-9AAC-DB5CDDDE9857}.Ad-Hoc|ARM.Build.0 = Release|Any CPU
		{152D4A17-0A15-4BB5-9AAC-DB5CDDDE9857}.Ad-Hoc|iPhone.ActiveCfg = Release|Any CPU
		{152D4A17-0A15-4BB5-9AAC-DB5CDDDE9857}.Ad-Hoc|iPhone.Build.0 = Release|Any CPU
		{152D4A17-0A15-4BB5-9AAC-DB5CDDDE9857}.Ad-Hoc|iPhoneSimulator.ActiveCfg = Release|Any CPU
		{152D4A17-0A15-4BB5-9AAC-DB5CDDDE9857}.Ad-Hoc|iPhoneSimulator.Build.0 = Release|Any CPU
		{152D4A17-0A15-4BB5-9AAC-DB5CDDDE9857}.Ad-Hoc|x64.ActiveCfg = Release|Any CPU
		{152D4A17-0A15-4BB5-9AAC-DB5CDDDE9857}.Ad-Hoc|x64.Build.0 = Release|Any CPU
		{152D4A17-0A15-4BB5-9AAC-DB5CDDDE9857}.Ad-Hoc|x86.ActiveCfg = Release|Any CPU
		{152D4A17-0A15-4BB5-9AAC-DB5CDDDE9857}.Ad-Hoc|x86.Build.0 = Release|Any CPU
		{152D4A17-0A15-4BB5-9AAC-DB5CDDDE9857}.AppStore|Any CPU.ActiveCfg = Release|Any CPU
		{152D4A17-0A15-4BB5-9AAC-DB5CDDDE9857}.AppStore|Any CPU.Build.0 = Release|Any CPU
		{152D4A17-0A15-4BB5-9AAC-DB5CDDDE9857}.AppStore|ARM.ActiveCfg = Release|Any CPU
		{152D4A17-0A15-4BB5-9AAC-DB5CDDDE9857}.AppStore|ARM.Build.0 = Release|Any CPU
		{152D4A17-0A15-4BB5-9AAC-DB5CDDDE9857}.AppStore|iPhone.ActiveCfg = Release|Any CPU
		{152D4A17-0A15-4BB5-9AAC-DB5CDDDE9857}.AppStore|iPhone.Build.0 = Release|Any CPU
		{152D4A17-0A15-4BB5-9AAC-DB5CDDDE9857}.AppStore|iPhoneSimulator.ActiveCfg = Release|Any CPU
		{152D4A17-0A15-4BB5-9AAC-DB5CDDDE9857}.AppStore|iPhoneSimulator.Build.0 = Release|Any CPU
		{152D4A17-0A15-4BB5-9AAC-DB5CDDDE9857}.AppStore|x64.ActiveCfg = Release|Any CPU
		{152D4A17-0A15-4BB5-9AAC-DB5CDDDE9857}.AppStore|x64.Build.0 = Release|Any CPU
		{152D4A17-0A15-4BB5-9AAC-DB5CDDDE9857}.AppStore|x86.ActiveCfg = Release|Any CPU
		{152D4A17-0A15-4BB5-9AAC-DB5CDDDE9857}.AppStore|x86.Build.0 = Release|Any CPU
		{152D4A17-0A15-4BB5-9AAC-DB5CDDDE9857}.Debug|Any CPU.ActiveCfg = Debug|Any CPU
		{152D4A17-0A15-4BB5-9AAC-DB5CDDDE9857}.Debug|Any CPU.Build.0 = Debug|Any CPU
		{152D4A17-0A15-4BB5-9AAC-DB5CDDDE9857}.Debug|ARM.ActiveCfg = Debug|Any CPU
		{152D4A17-0A15-4BB5-9AAC-DB5CDDDE9857}.Debug|ARM.Build.0 = Debug|Any CPU
		{152D4A17-0A15-4BB5-9AAC-DB5CDDDE9857}.Debug|iPhone.ActiveCfg = Debug|Any CPU
		{152D4A17-0A15-4BB5-9AAC-DB5CDDDE9857}.Debug|iPhone.Build.0 = Debug|Any CPU
		{152D4A17-0A15-4BB5-9AAC-DB5CDDDE9857}.Debug|iPhoneSimulator.ActiveCfg = Debug|Any CPU
		{152D4A17-0A15-4BB5-9AAC-DB5CDDDE9857}.Debug|iPhoneSimulator.Build.0 = Debug|Any CPU
		{152D4A17-0A15-4BB5-9AAC-DB5CDDDE9857}.Debug|x64.ActiveCfg = Debug|Any CPU
		{152D4A17-0A15-4BB5-9AAC-DB5CDDDE9857}.Debug|x64.Build.0 = Debug|Any CPU
		{152D4A17-0A15-4BB5-9AAC-DB5CDDDE9857}.Debug|x86.ActiveCfg = Debug|Any CPU
		{152D4A17-0A15-4BB5-9AAC-DB5CDDDE9857}.Debug|x86.Build.0 = Debug|Any CPU
		{152D4A17-0A15-4BB5-9AAC-DB5CDDDE9857}.Release|Any CPU.ActiveCfg = Release|Any CPU
		{152D4A17-0A15-4BB5-9AAC-DB5CDDDE9857}.Release|Any CPU.Build.0 = Release|Any CPU
		{152D4A17-0A15-4BB5-9AAC-DB5CDDDE9857}.Release|ARM.ActiveCfg = Release|Any CPU
		{152D4A17-0A15-4BB5-9AAC-DB5CDDDE9857}.Release|ARM.Build.0 = Release|Any CPU
		{152D4A17-0A15-4BB5-9AAC-DB5CDDDE9857}.Release|iPhone.ActiveCfg = Release|Any CPU
		{152D4A17-0A15-4BB5-9AAC-DB5CDDDE9857}.Release|iPhone.Build.0 = Release|Any CPU
		{152D4A17-0A15-4BB5-9AAC-DB5CDDDE9857}.Release|iPhoneSimulator.ActiveCfg = Release|Any CPU
		{152D4A17-0A15-4BB5-9AAC-DB5CDDDE9857}.Release|iPhoneSimulator.Build.0 = Release|Any CPU
		{152D4A17-0A15-4BB5-9AAC-DB5CDDDE9857}.Release|x64.ActiveCfg = Release|Any CPU
		{152D4A17-0A15-4BB5-9AAC-DB5CDDDE9857}.Release|x64.Build.0 = Release|Any CPU
		{152D4A17-0A15-4BB5-9AAC-DB5CDDDE9857}.Release|x86.ActiveCfg = Release|Any CPU
		{152D4A17-0A15-4BB5-9AAC-DB5CDDDE9857}.Release|x86.Build.0 = Release|Any CPU
		{69C42532-A922-46CC-8248-2E13F3796B97}.Ad-Hoc|Any CPU.ActiveCfg = Release|x86
		{69C42532-A922-46CC-8248-2E13F3796B97}.Ad-Hoc|Any CPU.Build.0 = Release|x86
		{69C42532-A922-46CC-8248-2E13F3796B97}.Ad-Hoc|Any CPU.Deploy.0 = Release|x86
		{69C42532-A922-46CC-8248-2E13F3796B97}.Ad-Hoc|ARM.ActiveCfg = Release|ARM
		{69C42532-A922-46CC-8248-2E13F3796B97}.Ad-Hoc|ARM.Build.0 = Release|ARM
		{69C42532-A922-46CC-8248-2E13F3796B97}.Ad-Hoc|ARM.Deploy.0 = Release|ARM
		{69C42532-A922-46CC-8248-2E13F3796B97}.Ad-Hoc|iPhone.ActiveCfg = Release|x86
		{69C42532-A922-46CC-8248-2E13F3796B97}.Ad-Hoc|iPhone.Build.0 = Release|x86
		{69C42532-A922-46CC-8248-2E13F3796B97}.Ad-Hoc|iPhone.Deploy.0 = Release|x86
		{69C42532-A922-46CC-8248-2E13F3796B97}.Ad-Hoc|iPhoneSimulator.ActiveCfg = Release|x86
		{69C42532-A922-46CC-8248-2E13F3796B97}.Ad-Hoc|iPhoneSimulator.Build.0 = Release|x86
		{69C42532-A922-46CC-8248-2E13F3796B97}.Ad-Hoc|iPhoneSimulator.Deploy.0 = Release|x86
		{69C42532-A922-46CC-8248-2E13F3796B97}.Ad-Hoc|x64.ActiveCfg = Release|x64
		{69C42532-A922-46CC-8248-2E13F3796B97}.Ad-Hoc|x64.Build.0 = Release|x64
		{69C42532-A922-46CC-8248-2E13F3796B97}.Ad-Hoc|x64.Deploy.0 = Release|x64
		{69C42532-A922-46CC-8248-2E13F3796B97}.Ad-Hoc|x86.ActiveCfg = Release|x86
		{69C42532-A922-46CC-8248-2E13F3796B97}.Ad-Hoc|x86.Build.0 = Release|x86
		{69C42532-A922-46CC-8248-2E13F3796B97}.Ad-Hoc|x86.Deploy.0 = Release|x86
		{69C42532-A922-46CC-8248-2E13F3796B97}.AppStore|Any CPU.ActiveCfg = Release|x86
		{69C42532-A922-46CC-8248-2E13F3796B97}.AppStore|Any CPU.Build.0 = Release|x86
		{69C42532-A922-46CC-8248-2E13F3796B97}.AppStore|Any CPU.Deploy.0 = Release|x86
		{69C42532-A922-46CC-8248-2E13F3796B97}.AppStore|ARM.ActiveCfg = Release|ARM
		{69C42532-A922-46CC-8248-2E13F3796B97}.AppStore|ARM.Build.0 = Release|ARM
		{69C42532-A922-46CC-8248-2E13F3796B97}.AppStore|ARM.Deploy.0 = Release|ARM
		{69C42532-A922-46CC-8248-2E13F3796B97}.AppStore|iPhone.ActiveCfg = Release|x86
		{69C42532-A922-46CC-8248-2E13F3796B97}.AppStore|iPhone.Build.0 = Release|x86
		{69C42532-A922-46CC-8248-2E13F3796B97}.AppStore|iPhone.Deploy.0 = Release|x86
		{69C42532-A922-46CC-8248-2E13F3796B97}.AppStore|iPhoneSimulator.ActiveCfg = Release|x86
		{69C42532-A922-46CC-8248-2E13F3796B97}.AppStore|iPhoneSimulator.Build.0 = Release|x86
		{69C42532-A922-46CC-8248-2E13F3796B97}.AppStore|iPhoneSimulator.Deploy.0 = Release|x86
		{69C42532-A922-46CC-8248-2E13F3796B97}.AppStore|x64.ActiveCfg = Release|x64
		{69C42532-A922-46CC-8248-2E13F3796B97}.AppStore|x64.Build.0 = Release|x64
		{69C42532-A922-46CC-8248-2E13F3796B97}.AppStore|x64.Deploy.0 = Release|x64
		{69C42532-A922-46CC-8248-2E13F3796B97}.AppStore|x86.ActiveCfg = Release|x86
		{69C42532-A922-46CC-8248-2E13F3796B97}.AppStore|x86.Build.0 = Release|x86
		{69C42532-A922-46CC-8248-2E13F3796B97}.AppStore|x86.Deploy.0 = Release|x86
		{69C42532-A922-46CC-8248-2E13F3796B97}.Debug|Any CPU.ActiveCfg = Debug|x86
		{69C42532-A922-46CC-8248-2E13F3796B97}.Debug|Any CPU.Build.0 = Debug|x86
		{69C42532-A922-46CC-8248-2E13F3796B97}.Debug|Any CPU.Deploy.0 = Debug|x86
		{69C42532-A922-46CC-8248-2E13F3796B97}.Debug|ARM.ActiveCfg = Debug|ARM
		{69C42532-A922-46CC-8248-2E13F3796B97}.Debug|ARM.Build.0 = Debug|ARM
		{69C42532-A922-46CC-8248-2E13F3796B97}.Debug|ARM.Deploy.0 = Debug|ARM
		{69C42532-A922-46CC-8248-2E13F3796B97}.Debug|iPhone.ActiveCfg = Debug|x86
		{69C42532-A922-46CC-8248-2E13F3796B97}.Debug|iPhoneSimulator.ActiveCfg = Debug|x86
		{69C42532-A922-46CC-8248-2E13F3796B97}.Debug|x64.ActiveCfg = Debug|x64
		{69C42532-A922-46CC-8248-2E13F3796B97}.Debug|x64.Build.0 = Debug|x64
		{69C42532-A922-46CC-8248-2E13F3796B97}.Debug|x64.Deploy.0 = Debug|x64
		{69C42532-A922-46CC-8248-2E13F3796B97}.Debug|x86.ActiveCfg = Debug|x86
		{69C42532-A922-46CC-8248-2E13F3796B97}.Debug|x86.Build.0 = Debug|x86
		{69C42532-A922-46CC-8248-2E13F3796B97}.Debug|x86.Deploy.0 = Debug|x86
		{69C42532-A922-46CC-8248-2E13F3796B97}.Release|Any CPU.ActiveCfg = Release|x86
		{69C42532-A922-46CC-8248-2E13F3796B97}.Release|ARM.ActiveCfg = Release|ARM
		{69C42532-A922-46CC-8248-2E13F3796B97}.Release|ARM.Build.0 = Release|ARM
		{69C42532-A922-46CC-8248-2E13F3796B97}.Release|ARM.Deploy.0 = Release|ARM
		{69C42532-A922-46CC-8248-2E13F3796B97}.Release|iPhone.ActiveCfg = Release|x86
		{69C42532-A922-46CC-8248-2E13F3796B97}.Release|iPhoneSimulator.ActiveCfg = Release|x86
		{69C42532-A922-46CC-8248-2E13F3796B97}.Release|x64.ActiveCfg = Release|x64
		{69C42532-A922-46CC-8248-2E13F3796B97}.Release|x64.Build.0 = Release|x64
		{69C42532-A922-46CC-8248-2E13F3796B97}.Release|x64.Deploy.0 = Release|x64
		{69C42532-A922-46CC-8248-2E13F3796B97}.Release|x86.ActiveCfg = Release|x86
		{69C42532-A922-46CC-8248-2E13F3796B97}.Release|x86.Build.0 = Release|x86
		{69C42532-A922-46CC-8248-2E13F3796B97}.Release|x86.Deploy.0 = Release|x86
		{B1500FA7-5B3C-4736-B953-71B7C1DF6D30}.Ad-Hoc|Any CPU.ActiveCfg = Ad-Hoc|iPhone
		{B1500FA7-5B3C-4736-B953-71B7C1DF6D30}.Ad-Hoc|ARM.ActiveCfg = Ad-Hoc|iPhone
		{B1500FA7-5B3C-4736-B953-71B7C1DF6D30}.Ad-Hoc|iPhone.ActiveCfg = Ad-Hoc|iPhone
		{B1500FA7-5B3C-4736-B953-71B7C1DF6D30}.Ad-Hoc|iPhone.Build.0 = Ad-Hoc|iPhone
		{B1500FA7-5B3C-4736-B953-71B7C1DF6D30}.Ad-Hoc|iPhoneSimulator.ActiveCfg = Ad-Hoc|iPhoneSimulator
		{B1500FA7-5B3C-4736-B953-71B7C1DF6D30}.Ad-Hoc|iPhoneSimulator.Build.0 = Ad-Hoc|iPhoneSimulator
		{B1500FA7-5B3C-4736-B953-71B7C1DF6D30}.Ad-Hoc|x64.ActiveCfg = Ad-Hoc|iPhone
		{B1500FA7-5B3C-4736-B953-71B7C1DF6D30}.Ad-Hoc|x86.ActiveCfg = Ad-Hoc|iPhone
		{B1500FA7-5B3C-4736-B953-71B7C1DF6D30}.AppStore|Any CPU.ActiveCfg = AppStore|iPhone
		{B1500FA7-5B3C-4736-B953-71B7C1DF6D30}.AppStore|ARM.ActiveCfg = AppStore|iPhone
		{B1500FA7-5B3C-4736-B953-71B7C1DF6D30}.AppStore|iPhone.ActiveCfg = AppStore|iPhone
		{B1500FA7-5B3C-4736-B953-71B7C1DF6D30}.AppStore|iPhone.Build.0 = AppStore|iPhone
		{B1500FA7-5B3C-4736-B953-71B7C1DF6D30}.AppStore|iPhoneSimulator.ActiveCfg = AppStore|iPhoneSimulator
		{B1500FA7-5B3C-4736-B953-71B7C1DF6D30}.AppStore|iPhoneSimulator.Build.0 = AppStore|iPhoneSimulator
		{B1500FA7-5B3C-4736-B953-71B7C1DF6D30}.AppStore|x64.ActiveCfg = AppStore|iPhone
		{B1500FA7-5B3C-4736-B953-71B7C1DF6D30}.AppStore|x86.ActiveCfg = AppStore|iPhone
		{B1500FA7-5B3C-4736-B953-71B7C1DF6D30}.Debug|Any CPU.ActiveCfg = Debug|iPhone
		{B1500FA7-5B3C-4736-B953-71B7C1DF6D30}.Debug|Any CPU.Build.0 = Debug|iPhone
		{B1500FA7-5B3C-4736-B953-71B7C1DF6D30}.Debug|ARM.ActiveCfg = Debug|iPhone
		{B1500FA7-5B3C-4736-B953-71B7C1DF6D30}.Debug|iPhone.ActiveCfg = Debug|iPhone
		{B1500FA7-5B3C-4736-B953-71B7C1DF6D30}.Debug|iPhone.Build.0 = Debug|iPhone
		{B1500FA7-5B3C-4736-B953-71B7C1DF6D30}.Debug|iPhoneSimulator.ActiveCfg = Debug|iPhoneSimulator
		{B1500FA7-5B3C-4736-B953-71B7C1DF6D30}.Debug|iPhoneSimulator.Build.0 = Debug|iPhoneSimulator
		{B1500FA7-5B3C-4736-B953-71B7C1DF6D30}.Debug|x64.ActiveCfg = Debug|iPhone
		{B1500FA7-5B3C-4736-B953-71B7C1DF6D30}.Debug|x86.ActiveCfg = Debug|iPhone
		{B1500FA7-5B3C-4736-B953-71B7C1DF6D30}.Release|Any CPU.ActiveCfg = Release|iPhone
		{B1500FA7-5B3C-4736-B953-71B7C1DF6D30}.Release|ARM.ActiveCfg = Release|iPhone
		{B1500FA7-5B3C-4736-B953-71B7C1DF6D30}.Release|iPhone.ActiveCfg = Release|iPhone
		{B1500FA7-5B3C-4736-B953-71B7C1DF6D30}.Release|iPhone.Build.0 = Release|iPhone
		{B1500FA7-5B3C-4736-B953-71B7C1DF6D30}.Release|iPhoneSimulator.ActiveCfg = Release|iPhoneSimulator
		{B1500FA7-5B3C-4736-B953-71B7C1DF6D30}.Release|iPhoneSimulator.Build.0 = Release|iPhoneSimulator
		{B1500FA7-5B3C-4736-B953-71B7C1DF6D30}.Release|x64.ActiveCfg = Release|iPhone
		{B1500FA7-5B3C-4736-B953-71B7C1DF6D30}.Release|x86.ActiveCfg = Release|iPhone
		{67F9D3A8-F71E-4428-913F-C37AE82CDB24}.Ad-Hoc|Any CPU.ActiveCfg = Release|Any CPU
		{67F9D3A8-F71E-4428-913F-C37AE82CDB24}.Ad-Hoc|Any CPU.Build.0 = Release|Any CPU
		{67F9D3A8-F71E-4428-913F-C37AE82CDB24}.Ad-Hoc|ARM.ActiveCfg = Release|Any CPU
		{67F9D3A8-F71E-4428-913F-C37AE82CDB24}.Ad-Hoc|ARM.Build.0 = Release|Any CPU
		{67F9D3A8-F71E-4428-913F-C37AE82CDB24}.Ad-Hoc|iPhone.ActiveCfg = Release|Any CPU
		{67F9D3A8-F71E-4428-913F-C37AE82CDB24}.Ad-Hoc|iPhone.Build.0 = Release|Any CPU
		{67F9D3A8-F71E-4428-913F-C37AE82CDB24}.Ad-Hoc|iPhoneSimulator.ActiveCfg = Release|Any CPU
		{67F9D3A8-F71E-4428-913F-C37AE82CDB24}.Ad-Hoc|iPhoneSimulator.Build.0 = Release|Any CPU
		{67F9D3A8-F71E-4428-913F-C37AE82CDB24}.Ad-Hoc|x64.ActiveCfg = Release|Any CPU
		{67F9D3A8-F71E-4428-913F-C37AE82CDB24}.Ad-Hoc|x64.Build.0 = Release|Any CPU
		{67F9D3A8-F71E-4428-913F-C37AE82CDB24}.Ad-Hoc|x86.ActiveCfg = Release|Any CPU
		{67F9D3A8-F71E-4428-913F-C37AE82CDB24}.Ad-Hoc|x86.Build.0 = Release|Any CPU
		{67F9D3A8-F71E-4428-913F-C37AE82CDB24}.AppStore|Any CPU.ActiveCfg = Release|Any CPU
		{67F9D3A8-F71E-4428-913F-C37AE82CDB24}.AppStore|Any CPU.Build.0 = Release|Any CPU
		{67F9D3A8-F71E-4428-913F-C37AE82CDB24}.AppStore|ARM.ActiveCfg = Release|Any CPU
		{67F9D3A8-F71E-4428-913F-C37AE82CDB24}.AppStore|ARM.Build.0 = Release|Any CPU
		{67F9D3A8-F71E-4428-913F-C37AE82CDB24}.AppStore|iPhone.ActiveCfg = Release|Any CPU
		{67F9D3A8-F71E-4428-913F-C37AE82CDB24}.AppStore|iPhone.Build.0 = Release|Any CPU
		{67F9D3A8-F71E-4428-913F-C37AE82CDB24}.AppStore|iPhoneSimulator.ActiveCfg = Release|Any CPU
		{67F9D3A8-F71E-4428-913F-C37AE82CDB24}.AppStore|iPhoneSimulator.Build.0 = Release|Any CPU
		{67F9D3A8-F71E-4428-913F-C37AE82CDB24}.AppStore|x64.ActiveCfg = Release|Any CPU
		{67F9D3A8-F71E-4428-913F-C37AE82CDB24}.AppStore|x64.Build.0 = Release|Any CPU
		{67F9D3A8-F71E-4428-913F-C37AE82CDB24}.AppStore|x86.ActiveCfg = Release|Any CPU
		{67F9D3A8-F71E-4428-913F-C37AE82CDB24}.AppStore|x86.Build.0 = Release|Any CPU
		{67F9D3A8-F71E-4428-913F-C37AE82CDB24}.Debug|Any CPU.ActiveCfg = Debug|Any CPU
		{67F9D3A8-F71E-4428-913F-C37AE82CDB24}.Debug|Any CPU.Build.0 = Debug|Any CPU
		{67F9D3A8-F71E-4428-913F-C37AE82CDB24}.Debug|ARM.ActiveCfg = Debug|Any CPU
		{67F9D3A8-F71E-4428-913F-C37AE82CDB24}.Debug|ARM.Build.0 = Debug|Any CPU
		{67F9D3A8-F71E-4428-913F-C37AE82CDB24}.Debug|iPhone.ActiveCfg = Debug|Any CPU
		{67F9D3A8-F71E-4428-913F-C37AE82CDB24}.Debug|iPhone.Build.0 = Debug|Any CPU
		{67F9D3A8-F71E-4428-913F-C37AE82CDB24}.Debug|iPhoneSimulator.ActiveCfg = Debug|Any CPU
		{67F9D3A8-F71E-4428-913F-C37AE82CDB24}.Debug|iPhoneSimulator.Build.0 = Debug|Any CPU
		{67F9D3A8-F71E-4428-913F-C37AE82CDB24}.Debug|x64.ActiveCfg = Debug|Any CPU
		{67F9D3A8-F71E-4428-913F-C37AE82CDB24}.Debug|x64.Build.0 = Debug|Any CPU
		{67F9D3A8-F71E-4428-913F-C37AE82CDB24}.Debug|x86.ActiveCfg = Debug|Any CPU
		{67F9D3A8-F71E-4428-913F-C37AE82CDB24}.Debug|x86.Build.0 = Debug|Any CPU
		{67F9D3A8-F71E-4428-913F-C37AE82CDB24}.Release|Any CPU.ActiveCfg = Release|Any CPU
		{67F9D3A8-F71E-4428-913F-C37AE82CDB24}.Release|Any CPU.Build.0 = Release|Any CPU
		{67F9D3A8-F71E-4428-913F-C37AE82CDB24}.Release|ARM.ActiveCfg = Release|Any CPU
		{67F9D3A8-F71E-4428-913F-C37AE82CDB24}.Release|ARM.Build.0 = Release|Any CPU
		{67F9D3A8-F71E-4428-913F-C37AE82CDB24}.Release|iPhone.ActiveCfg = Release|Any CPU
		{67F9D3A8-F71E-4428-913F-C37AE82CDB24}.Release|iPhone.Build.0 = Release|Any CPU
		{67F9D3A8-F71E-4428-913F-C37AE82CDB24}.Release|iPhoneSimulator.ActiveCfg = Release|Any CPU
		{67F9D3A8-F71E-4428-913F-C37AE82CDB24}.Release|iPhoneSimulator.Build.0 = Release|Any CPU
		{67F9D3A8-F71E-4428-913F-C37AE82CDB24}.Release|x64.ActiveCfg = Release|Any CPU
		{67F9D3A8-F71E-4428-913F-C37AE82CDB24}.Release|x64.Build.0 = Release|Any CPU
		{67F9D3A8-F71E-4428-913F-C37AE82CDB24}.Release|x86.ActiveCfg = Release|Any CPU
		{67F9D3A8-F71E-4428-913F-C37AE82CDB24}.Release|x86.Build.0 = Release|Any CPU
		{572B958E-CC33-47C1-95FA-1B3A0506F2ED}.Ad-Hoc|Any CPU.ActiveCfg = Release|Any CPU
		{572B958E-CC33-47C1-95FA-1B3A0506F2ED}.Ad-Hoc|Any CPU.Build.0 = Release|Any CPU
		{572B958E-CC33-47C1-95FA-1B3A0506F2ED}.Ad-Hoc|ARM.ActiveCfg = Release|Any CPU
		{572B958E-CC33-47C1-95FA-1B3A0506F2ED}.Ad-Hoc|ARM.Build.0 = Release|Any CPU
		{572B958E-CC33-47C1-95FA-1B3A0506F2ED}.Ad-Hoc|iPhone.ActiveCfg = Release|Any CPU
		{572B958E-CC33-47C1-95FA-1B3A0506F2ED}.Ad-Hoc|iPhone.Build.0 = Release|Any CPU
		{572B958E-CC33-47C1-95FA-1B3A0506F2ED}.Ad-Hoc|iPhoneSimulator.ActiveCfg = Release|Any CPU
		{572B958E-CC33-47C1-95FA-1B3A0506F2ED}.Ad-Hoc|iPhoneSimulator.Build.0 = Release|Any CPU
		{572B958E-CC33-47C1-95FA-1B3A0506F2ED}.Ad-Hoc|x64.ActiveCfg = Release|Any CPU
		{572B958E-CC33-47C1-95FA-1B3A0506F2ED}.Ad-Hoc|x64.Build.0 = Release|Any CPU
		{572B958E-CC33-47C1-95FA-1B3A0506F2ED}.Ad-Hoc|x86.ActiveCfg = Release|Any CPU
		{572B958E-CC33-47C1-95FA-1B3A0506F2ED}.Ad-Hoc|x86.Build.0 = Release|Any CPU
		{572B958E-CC33-47C1-95FA-1B3A0506F2ED}.AppStore|Any CPU.ActiveCfg = Release|Any CPU
		{572B958E-CC33-47C1-95FA-1B3A0506F2ED}.AppStore|Any CPU.Build.0 = Release|Any CPU
		{572B958E-CC33-47C1-95FA-1B3A0506F2ED}.AppStore|ARM.ActiveCfg = Release|Any CPU
		{572B958E-CC33-47C1-95FA-1B3A0506F2ED}.AppStore|ARM.Build.0 = Release|Any CPU
		{572B958E-CC33-47C1-95FA-1B3A0506F2ED}.AppStore|iPhone.ActiveCfg = Release|Any CPU
		{572B958E-CC33-47C1-95FA-1B3A0506F2ED}.AppStore|iPhone.Build.0 = Release|Any CPU
		{572B958E-CC33-47C1-95FA-1B3A0506F2ED}.AppStore|iPhoneSimulator.ActiveCfg = Release|Any CPU
		{572B958E-CC33-47C1-95FA-1B3A0506F2ED}.AppStore|iPhoneSimulator.Build.0 = Release|Any CPU
		{572B958E-CC33-47C1-95FA-1B3A0506F2ED}.AppStore|x64.ActiveCfg = Release|Any CPU
		{572B958E-CC33-47C1-95FA-1B3A0506F2ED}.AppStore|x64.Build.0 = Release|Any CPU
		{572B958E-CC33-47C1-95FA-1B3A0506F2ED}.AppStore|x86.ActiveCfg = Release|Any CPU
		{572B958E-CC33-47C1-95FA-1B3A0506F2ED}.AppStore|x86.Build.0 = Release|Any CPU
		{572B958E-CC33-47C1-95FA-1B3A0506F2ED}.Debug|Any CPU.ActiveCfg = Debug|Any CPU
		{572B958E-CC33-47C1-95FA-1B3A0506F2ED}.Debug|Any CPU.Build.0 = Debug|Any CPU
		{572B958E-CC33-47C1-95FA-1B3A0506F2ED}.Debug|ARM.ActiveCfg = Debug|Any CPU
		{572B958E-CC33-47C1-95FA-1B3A0506F2ED}.Debug|ARM.Build.0 = Debug|Any CPU
		{572B958E-CC33-47C1-95FA-1B3A0506F2ED}.Debug|iPhone.ActiveCfg = Debug|Any CPU
		{572B958E-CC33-47C1-95FA-1B3A0506F2ED}.Debug|iPhone.Build.0 = Debug|Any CPU
		{572B958E-CC33-47C1-95FA-1B3A0506F2ED}.Debug|iPhoneSimulator.ActiveCfg = Debug|Any CPU
		{572B958E-CC33-47C1-95FA-1B3A0506F2ED}.Debug|iPhoneSimulator.Build.0 = Debug|Any CPU
		{572B958E-CC33-47C1-95FA-1B3A0506F2ED}.Debug|x64.ActiveCfg = Debug|Any CPU
		{572B958E-CC33-47C1-95FA-1B3A0506F2ED}.Debug|x64.Build.0 = Debug|Any CPU
		{572B958E-CC33-47C1-95FA-1B3A0506F2ED}.Debug|x86.ActiveCfg = Debug|Any CPU
		{572B958E-CC33-47C1-95FA-1B3A0506F2ED}.Debug|x86.Build.0 = Debug|Any CPU
		{572B958E-CC33-47C1-95FA-1B3A0506F2ED}.Release|Any CPU.ActiveCfg = Release|Any CPU
		{572B958E-CC33-47C1-95FA-1B3A0506F2ED}.Release|Any CPU.Build.0 = Release|Any CPU
		{572B958E-CC33-47C1-95FA-1B3A0506F2ED}.Release|ARM.ActiveCfg = Release|Any CPU
		{572B958E-CC33-47C1-95FA-1B3A0506F2ED}.Release|ARM.Build.0 = Release|Any CPU
		{572B958E-CC33-47C1-95FA-1B3A0506F2ED}.Release|iPhone.ActiveCfg = Release|Any CPU
		{572B958E-CC33-47C1-95FA-1B3A0506F2ED}.Release|iPhone.Build.0 = Release|Any CPU
		{572B958E-CC33-47C1-95FA-1B3A0506F2ED}.Release|iPhoneSimulator.ActiveCfg = Release|Any CPU
		{572B958E-CC33-47C1-95FA-1B3A0506F2ED}.Release|iPhoneSimulator.Build.0 = Release|Any CPU
		{572B958E-CC33-47C1-95FA-1B3A0506F2ED}.Release|x64.ActiveCfg = Release|Any CPU
		{572B958E-CC33-47C1-95FA-1B3A0506F2ED}.Release|x64.Build.0 = Release|Any CPU
		{572B958E-CC33-47C1-95FA-1B3A0506F2ED}.Release|x86.ActiveCfg = Release|Any CPU
		{572B958E-CC33-47C1-95FA-1B3A0506F2ED}.Release|x86.Build.0 = Release|Any CPU
	EndGlobalSection
	GlobalSection(SolutionProperties) = preSolution
		HideSolutionNode = FALSE
	EndGlobalSection
	GlobalSection(NestedProjects) = preSolution
		{67F9D3A8-F71E-4428-913F-C37AE82CDB24} = {A4F575A5-C6FD-490E-9D23-29ED93E94CC4}
		{572B958E-CC33-47C1-95FA-1B3A0506F2ED} = {A4F575A5-C6FD-490E-9D23-29ED93E94CC4}
	EndGlobalSection
	GlobalSection(ExtensibilityGlobals) = postSolution
		SolutionGuid = {9E04A640-30CE-4C20-8084-0E295C77D52C}
	EndGlobalSection
EndGlobal
