
Microsoft Visual Studio Solution File, Format Version 12.00
# Visual Studio 14
VisualStudioVersion = 14.0.25420.1
MinimumVisualStudioVersion = 10.0.40219.1
Project("{FAE04EC0-301F-11D3-BF4B-00C04F79EFBC}") = "Samples.Android", "Samples\Samples.Android\Samples.Android.csproj", "{B67F4E95-07A1-41CE-BF6F-3E5B8D4F2F48}"
EndProject
Project("{FAE04EC0-301F-11D3-BF4B-00C04F79EFBC}") = "Samples", "Samples\Samples\Samples.csproj", "{152D4A17-0A15-4BB5-9AAC-DB5CDDDE9857}"
EndProject
Project("{FAE04EC0-301F-11D3-BF4B-00C04F79EFBC}") = "Samples.UWP", "Samples\Samples.UWP\Samples.UWP.csproj", "{69C42532-A922-46CC-8248-2E13F3796B97}"
EndProject
Project("{FAE04EC0-301F-11D3-BF4B-00C04F79EFBC}") = "Samples.iOS", "Samples\Samples.iOS\Samples.iOS.csproj", "{B1500FA7-5B3C-4736-B953-71B7C1DF6D30}"
EndProject
Project("{FAE04EC0-301F-11D3-BF4B-00C04F79EFBC}") = "Effects", "..\src\Effects\Effects\Effects.csproj", "{67F9D3A8-F71E-4428-913F-C37AE82CDB24}"
EndProject
Project("{FAE04EC0-301F-11D3-BF4B-00C04F79EFBC}") = "Effects.Android", "..\src\Effects\Effects.Android\Effects.Android.csproj", "{88DC2010-BE3A-4B86-A72F-3DF68413858B}"
EndProject
Project("{FAE04EC0-301F-11D3-BF4B-00C04F79EFBC}") = "Effects.iOS", "..\src\Effects\Effects.iOS\Effects.iOS.csproj", "{F09F8CAF-701A-4673-A880-1580ACCB926B}"
EndProject
Project("{FAE04EC0-301F-11D3-BF4B-00C04F79EFBC}") = "Effects.UWP", "..\src\Effects\Effects.UWP\Effects.UWP.csproj", "{98F91808-0410-4362-9B3A-BD5110BEECDE}"
EndProject
Project("{FAE04EC0-301F-11D3-BF4B-00C04F79EFBC}") = "Animations", "..\src\Animations\Animations\Animations.csproj", "{572B958E-CC33-47C1-95FA-1B3A0506F2ED}"
EndProject
Project("{FAE04EC0-301F-11D3-BF4B-00C04F79EFBC}") = "Animations.Android", "..\src\Animations\Animations.Android\Animations.Android.csproj", "{7F4F28E9-E66B-4AB7-8E6F-B9781DECBDB7}"
EndProject
Project("{FAE04EC0-301F-11D3-BF4B-00C04F79EFBC}") = "Animations.iOS", "..\src\Animations\Animations.iOS\Animations.iOS.csproj", "{C25EA1CA-EB61-4478-85D4-F7772EF7284B}"
EndProject
Project("{FAE04EC0-301F-11D3-BF4B-00C04F79EFBC}") = "Animations.UWP", "..\src\Animations\Animations.UWP\Animations.UWP.csproj", "{424CAA3E-8CA0-4D8E-9A01-C1FB3ADB8EFD}"
EndProject
Global
	GlobalSection(SolutionConfigurationPlatforms) = preSolution
		Ad-Hoc|Any CPU = Ad-Hoc|Any CPU
		Ad-Hoc|ARM = Ad-Hoc|ARM
		Ad-Hoc|iPhone = Ad-Hoc|iPhone
		Ad-Hoc|iPhoneSimulator = Ad-Hoc|iPhoneSimulator
		Ad-Hoc|x64 = Ad-Hoc|x64
		Ad-Hoc|x86 = Ad-Hoc|x86
		AppStore|Any CPU = AppStore|Any CPU
		AppStore|ARM = AppStore|ARM
		AppStore|iPhone = AppStore|iPhone
		AppStore|iPhoneSimulator = AppStore|iPhoneSimulator
		AppStore|x64 = AppStore|x64
		AppStore|x86 = AppStore|x86
		Debug|Any CPU = Debug|Any CPU
		Debug|ARM = Debug|ARM
		Debug|iPhone = Debug|iPhone
		Debug|iPhoneSimulator = Debug|iPhoneSimulator
		Debug|x64 = Debug|x64
		Debug|x86 = Debug|x86
		Release|Any CPU = Release|Any CPU
		Release|ARM = Release|ARM
		Release|iPhone = Release|iPhone
		Release|iPhoneSimulator = Release|iPhoneSimulator
		Release|x64 = Release|x64
		Release|x86 = Release|x86
	EndGlobalSection
	GlobalSection(ProjectConfigurationPlatforms) = postSolution
		{B67F4E95-07A1-41CE-BF6F-3E5B8D4F2F48}.Ad-Hoc|Any CPU.ActiveCfg = Release|Any CPU
		{B67F4E95-07A1-41CE-BF6F-3E5B8D4F2F48}.Ad-Hoc|Any CPU.Build.0 = Release|Any CPU
		{B67F4E95-07A1-41CE-BF6F-3E5B8D4F2F48}.Ad-Hoc|Any CPU.Deploy.0 = Release|Any CPU
		{B67F4E95-07A1-41CE-BF6F-3E5B8D4F2F48}.Ad-Hoc|ARM.ActiveCfg = Release|Any CPU
		{B67F4E95-07A1-41CE-BF6F-3E5B8D4F2F48}.Ad-Hoc|ARM.Build.0 = Release|Any CPU
		{B67F4E95-07A1-41CE-BF6F-3E5B8D4F2F48}.Ad-Hoc|ARM.Deploy.0 = Release|Any CPU
		{B67F4E95-07A1-41CE-BF6F-3E5B8D4F2F48}.Ad-Hoc|iPhone.ActiveCfg = Release|Any CPU
		{B67F4E95-07A1-41CE-BF6F-3E5B8D4F2F48}.Ad-Hoc|iPhone.Build.0 = Release|Any CPU
		{B67F4E95-07A1-41CE-BF6F-3E5B8D4F2F48}.Ad-Hoc|iPhone.Deploy.0 = Release|Any CPU
		{B67F4E95-07A1-41CE-BF6F-3E5B8D4F2F48}.Ad-Hoc|iPhoneSimulator.ActiveCfg = Release|Any CPU
		{B67F4E95-07A1-41CE-BF6F-3E5B8D4F2F48}.Ad-Hoc|iPhoneSimulator.Build.0 = Release|Any CPU
		{B67F4E95-07A1-41CE-BF6F-3E5B8D4F2F48}.Ad-Hoc|iPhoneSimulator.Deploy.0 = Release|Any CPU
		{B67F4E95-07A1-41CE-BF6F-3E5B8D4F2F48}.Ad-Hoc|x64.ActiveCfg = Release|Any CPU
		{B67F4E95-07A1-41CE-BF6F-3E5B8D4F2F48}.Ad-Hoc|x64.Build.0 = Release|Any CPU
		{B67F4E95-07A1-41CE-BF6F-3E5B8D4F2F48}.Ad-Hoc|x64.Deploy.0 = Release|Any CPU
		{B67F4E95-07A1-41CE-BF6F-3E5B8D4F2F48}.Ad-Hoc|x86.ActiveCfg = Release|Any CPU
		{B67F4E95-07A1-41CE-BF6F-3E5B8D4F2F48}.Ad-Hoc|x86.Build.0 = Release|Any CPU
		{B67F4E95-07A1-41CE-BF6F-3E5B8D4F2F48}.Ad-Hoc|x86.Deploy.0 = Release|Any CPU
		{B67F4E95-07A1-41CE-BF6F-3E5B8D4F2F48}.AppStore|Any CPU.ActiveCfg = Release|Any CPU
		{B67F4E95-07A1-41CE-BF6F-3E5B8D4F2F48}.AppStore|Any CPU.Build.0 = Release|Any CPU
		{B67F4E95-07A1-41CE-BF6F-3E5B8D4F2F48}.AppStore|Any CPU.Deploy.0 = Release|Any CPU
		{B67F4E95-07A1-41CE-BF6F-3E5B8D4F2F48}.AppStore|ARM.ActiveCfg = Release|Any CPU
		{B67F4E95-07A1-41CE-BF6F-3E5B8D4F2F48}.AppStore|ARM.Build.0 = Release|Any CPU
		{B67F4E95-07A1-41CE-BF6F-3E5B8D4F2F48}.AppStore|ARM.Deploy.0 = Release|Any CPU
		{B67F4E95-07A1-41CE-BF6F-3E5B8D4F2F48}.AppStore|iPhone.ActiveCfg = Release|Any CPU
		{B67F4E95-07A1-41CE-BF6F-3E5B8D4F2F48}.AppStore|iPhone.Build.0 = Release|Any CPU
		{B67F4E95-07A1-41CE-BF6F-3E5B8D4F2F48}.AppStore|iPhone.Deploy.0 = Release|Any CPU
		{B67F4E95-07A1-41CE-BF6F-3E5B8D4F2F48}.AppStore|iPhoneSimulator.ActiveCfg = Release|Any CPU
		{B67F4E95-07A1-41CE-BF6F-3E5B8D4F2F48}.AppStore|iPhoneSimulator.Build.0 = Release|Any CPU
		{B67F4E95-07A1-41CE-BF6F-3E5B8D4F2F48}.AppStore|iPhoneSimulator.Deploy.0 = Release|Any CPU
		{B67F4E95-07A1-41CE-BF6F-3E5B8D4F2F48}.AppStore|x64.ActiveCfg = Release|Any CPU
		{B67F4E95-07A1-41CE-BF6F-3E5B8D4F2F48}.AppStore|x64.Build.0 = Release|Any CPU
		{B67F4E95-07A1-41CE-BF6F-3E5B8D4F2F48}.AppStore|x64.Deploy.0 = Release|Any CPU
		{B67F4E95-07A1-41CE-BF6F-3E5B8D4F2F48}.AppStore|x86.ActiveCfg = Release|Any CPU
		{B67F4E95-07A1-41CE-BF6F-3E5B8D4F2F48}.AppStore|x86.Build.0 = Release|Any CPU
		{B67F4E95-07A1-41CE-BF6F-3E5B8D4F2F48}.AppStore|x86.Deploy.0 = Release|Any CPU
		{B67F4E95-07A1-41CE-BF6F-3E5B8D4F2F48}.Debug|Any CPU.ActiveCfg = Debug|Any CPU
		{B67F4E95-07A1-41CE-BF6F-3E5B8D4F2F48}.Debug|Any CPU.Build.0 = Debug|Any CPU
		{B67F4E95-07A1-41CE-BF6F-3E5B8D4F2F48}.Debug|Any CPU.Deploy.0 = Debug|Any CPU
		{B67F4E95-07A1-41CE-BF6F-3E5B8D4F2F48}.Debug|ARM.ActiveCfg = Debug|Any CPU
		{B67F4E95-07A1-41CE-BF6F-3E5B8D4F2F48}.Debug|ARM.Build.0 = Debug|Any CPU
		{B67F4E95-07A1-41CE-BF6F-3E5B8D4F2F48}.Debug|ARM.Deploy.0 = Debug|Any CPU
		{B67F4E95-07A1-41CE-BF6F-3E5B8D4F2F48}.Debug|iPhone.ActiveCfg = Debug|Any CPU
		{B67F4E95-07A1-41CE-BF6F-3E5B8D4F2F48}.Debug|iPhone.Build.0 = Debug|Any CPU
		{B67F4E95-07A1-41CE-BF6F-3E5B8D4F2F48}.Debug|iPhone.Deploy.0 = Debug|Any CPU
		{B67F4E95-07A1-41CE-BF6F-3E5B8D4F2F48}.Debug|iPhoneSimulator.ActiveCfg = Debug|Any CPU
		{B67F4E95-07A1-41CE-BF6F-3E5B8D4F2F48}.Debug|iPhoneSimulator.Build.0 = Debug|Any CPU
		{B67F4E95-07A1-41CE-BF6F-3E5B8D4F2F48}.Debug|iPhoneSimulator.Deploy.0 = Debug|Any CPU
		{B67F4E95-07A1-41CE-BF6F-3E5B8D4F2F48}.Debug|x64.ActiveCfg = Debug|Any CPU
		{B67F4E95-07A1-41CE-BF6F-3E5B8D4F2F48}.Debug|x64.Build.0 = Debug|Any CPU
		{B67F4E95-07A1-41CE-BF6F-3E5B8D4F2F48}.Debug|x64.Deploy.0 = Debug|Any CPU
		{B67F4E95-07A1-41CE-BF6F-3E5B8D4F2F48}.Debug|x86.ActiveCfg = Debug|Any CPU
		{B67F4E95-07A1-41CE-BF6F-3E5B8D4F2F48}.Debug|x86.Build.0 = Debug|Any CPU
		{B67F4E95-07A1-41CE-BF6F-3E5B8D4F2F48}.Debug|x86.Deploy.0 = Debug|Any CPU
		{B67F4E95-07A1-41CE-BF6F-3E5B8D4F2F48}.Release|Any CPU.ActiveCfg = Release|Any CPU
		{B67F4E95-07A1-41CE-BF6F-3E5B8D4F2F48}.Release|Any CPU.Build.0 = Release|Any CPU
		{B67F4E95-07A1-41CE-BF6F-3E5B8D4F2F48}.Release|Any CPU.Deploy.0 = Release|Any CPU
		{B67F4E95-07A1-41CE-BF6F-3E5B8D4F2F48}.Release|ARM.ActiveCfg = Release|Any CPU
		{B67F4E95-07A1-41CE-BF6F-3E5B8D4F2F48}.Release|ARM.Build.0 = Release|Any CPU
		{B67F4E95-07A1-41CE-BF6F-3E5B8D4F2F48}.Release|ARM.Deploy.0 = Release|Any CPU
		{B67F4E95-07A1-41CE-BF6F-3E5B8D4F2F48}.Release|iPhone.ActiveCfg = Release|Any CPU
		{B67F4E95-07A1-41CE-BF6F-3E5B8D4F2F48}.Release|iPhone.Build.0 = Release|Any CPU
		{B67F4E95-07A1-41CE-BF6F-3E5B8D4F2F48}.Release|iPhone.Deploy.0 = Release|Any CPU
		{B67F4E95-07A1-41CE-BF6F-3E5B8D4F2F48}.Release|iPhoneSimulator.ActiveCfg = Release|Any CPU
		{B67F4E95-07A1-41CE-BF6F-3E5B8D4F2F48}.Release|iPhoneSimulator.Build.0 = Release|Any CPU
		{B67F4E95-07A1-41CE-BF6F-3E5B8D4F2F48}.Release|iPhoneSimulator.Deploy.0 = Release|Any CPU
		{B67F4E95-07A1-41CE-BF6F-3E5B8D4F2F48}.Release|x64.ActiveCfg = Release|Any CPU
		{B67F4E95-07A1-41CE-BF6F-3E5B8D4F2F48}.Release|x64.Build.0 = Release|Any CPU
		{B67F4E95-07A1-41CE-BF6F-3E5B8D4F2F48}.Release|x64.Deploy.0 = Release|Any CPU
		{B67F4E95-07A1-41CE-BF6F-3E5B8D4F2F48}.Release|x86.ActiveCfg = Release|Any CPU
		{B67F4E95-07A1-41CE-BF6F-3E5B8D4F2F48}.Release|x86.Build.0 = Release|Any CPU
		{B67F4E95-07A1-41CE-BF6F-3E5B8D4F2F48}.Release|x86.Deploy.0 = Release|Any CPU
		{152D4A17-0A15-4BB5-9AAC-DB5CDDDE9857}.Ad-Hoc|Any CPU.ActiveCfg = Release|Any CPU
		{152D4A17-0A15-4BB5-9AAC-DB5CDDDE9857}.Ad-Hoc|Any CPU.Build.0 = Release|Any CPU
		{152D4A17-0A15-4BB5-9AAC-DB5CDDDE9857}.Ad-Hoc|ARM.ActiveCfg = Release|Any CPU
		{152D4A17-0A15-4BB5-9AAC-DB5CDDDE9857}.Ad-Hoc|ARM.Build.0 = Release|Any CPU
		{152D4A17-0A15-4BB5-9AAC-DB5CDDDE9857}.Ad-Hoc|iPhone.ActiveCfg = Release|Any CPU
		{152D4A17-0A15-4BB5-9AAC-DB5CDDDE9857}.Ad-Hoc|iPhone.Build.0 = Release|Any CPU
		{152D4A17-0A15-4BB5-9AAC-DB5CDDDE9857}.Ad-Hoc|iPhoneSimulator.ActiveCfg = Release|Any CPU
		{152D4A17-0A15-4BB5-9AAC-DB5CDDDE9857}.Ad-Hoc|iPhoneSimulator.Build.0 = Release|Any CPU
		{152D4A17-0A15-4BB5-9AAC-DB5CDDDE9857}.Ad-Hoc|x64.ActiveCfg = Release|Any CPU
		{152D4A17-0A15-4BB5-9AAC-DB5CDDDE9857}.Ad-Hoc|x64.Build.0 = Release|Any CPU
		{152D4A17-0A15-4BB5-9AAC-DB5CDDDE9857}.Ad-Hoc|x86.ActiveCfg = Release|Any CPU
		{152D4A17-0A15-4BB5-9AAC-DB5CDDDE9857}.Ad-Hoc|x86.Build.0 = Release|Any CPU
		{152D4A17-0A15-4BB5-9AAC-DB5CDDDE9857}.AppStore|Any CPU.ActiveCfg = Release|Any CPU
		{152D4A17-0A15-4BB5-9AAC-DB5CDDDE9857}.AppStore|Any CPU.Build.0 = Release|Any CPU
		{152D4A17-0A15-4BB5-9AAC-DB5CDDDE9857}.AppStore|ARM.ActiveCfg = Release|Any CPU
		{152D4A17-0A15-4BB5-9AAC-DB5CDDDE9857}.AppStore|ARM.Build.0 = Release|Any CPU
		{152D4A17-0A15-4BB5-9AAC-DB5CDDDE9857}.AppStore|iPhone.ActiveCfg = Release|Any CPU
		{152D4A17-0A15-4BB5-9AAC-DB5CDDDE9857}.AppStore|iPhone.Build.0 = Release|Any CPU
		{152D4A17-0A15-4BB5-9AAC-DB5CDDDE9857}.AppStore|iPhoneSimulator.ActiveCfg = Release|Any CPU
		{152D4A17-0A15-4BB5-9AAC-DB5CDDDE9857}.AppStore|iPhoneSimulator.Build.0 = Release|Any CPU
		{152D4A17-0A15-4BB5-9AAC-DB5CDDDE9857}.AppStore|x64.ActiveCfg = Release|Any CPU
		{152D4A17-0A15-4BB5-9AAC-DB5CDDDE9857}.AppStore|x64.Build.0 = Release|Any CPU
		{152D4A17-0A15-4BB5-9AAC-DB5CDDDE9857}.AppStore|x86.ActiveCfg = Release|Any CPU
		{152D4A17-0A15-4BB5-9AAC-DB5CDDDE9857}.AppStore|x86.Build.0 = Release|Any CPU
		{152D4A17-0A15-4BB5-9AAC-DB5CDDDE9857}.Debug|Any CPU.ActiveCfg = Debug|Any CPU
		{152D4A17-0A15-4BB5-9AAC-DB5CDDDE9857}.Debug|Any CPU.Build.0 = Debug|Any CPU
		{152D4A17-0A15-4BB5-9AAC-DB5CDDDE9857}.Debug|ARM.ActiveCfg = Debug|Any CPU
		{152D4A17-0A15-4BB5-9AAC-DB5CDDDE9857}.Debug|ARM.Build.0 = Debug|Any CPU
		{152D4A17-0A15-4BB5-9AAC-DB5CDDDE9857}.Debug|iPhone.ActiveCfg = Debug|Any CPU
		{152D4A17-0A15-4BB5-9AAC-DB5CDDDE9857}.Debug|iPhone.Build.0 = Debug|Any CPU
		{152D4A17-0A15-4BB5-9AAC-DB5CDDDE9857}.Debug|iPhoneSimulator.ActiveCfg = Debug|Any CPU
		{152D4A17-0A15-4BB5-9AAC-DB5CDDDE9857}.Debug|iPhoneSimulator.Build.0 = Debug|Any CPU
		{152D4A17-0A15-4BB5-9AAC-DB5CDDDE9857}.Debug|x64.ActiveCfg = Debug|Any CPU
		{152D4A17-0A15-4BB5-9AAC-DB5CDDDE9857}.Debug|x64.Build.0 = Debug|Any CPU
		{152D4A17-0A15-4BB5-9AAC-DB5CDDDE9857}.Debug|x86.ActiveCfg = Debug|Any CPU
		{152D4A17-0A15-4BB5-9AAC-DB5CDDDE9857}.Debug|x86.Build.0 = Debug|Any CPU
		{152D4A17-0A15-4BB5-9AAC-DB5CDDDE9857}.Release|Any CPU.ActiveCfg = Release|Any CPU
		{152D4A17-0A15-4BB5-9AAC-DB5CDDDE9857}.Release|Any CPU.Build.0 = Release|Any CPU
		{152D4A17-0A15-4BB5-9AAC-DB5CDDDE9857}.Release|ARM.ActiveCfg = Release|Any CPU
		{152D4A17-0A15-4BB5-9AAC-DB5CDDDE9857}.Release|ARM.Build.0 = Release|Any CPU
		{152D4A17-0A15-4BB5-9AAC-DB5CDDDE9857}.Release|iPhone.ActiveCfg = Release|Any CPU
		{152D4A17-0A15-4BB5-9AAC-DB5CDDDE9857}.Release|iPhone.Build.0 = Release|Any CPU
		{152D4A17-0A15-4BB5-9AAC-DB5CDDDE9857}.Release|iPhoneSimulator.ActiveCfg = Release|Any CPU
		{152D4A17-0A15-4BB5-9AAC-DB5CDDDE9857}.Release|iPhoneSimulator.Build.0 = Release|Any CPU
		{152D4A17-0A15-4BB5-9AAC-DB5CDDDE9857}.Release|x64.ActiveCfg = Release|Any CPU
		{152D4A17-0A15-4BB5-9AAC-DB5CDDDE9857}.Release|x64.Build.0 = Release|Any CPU
		{152D4A17-0A15-4BB5-9AAC-DB5CDDDE9857}.Release|x86.ActiveCfg = Release|Any CPU
		{152D4A17-0A15-4BB5-9AAC-DB5CDDDE9857}.Release|x86.Build.0 = Release|Any CPU
		{69C42532-A922-46CC-8248-2E13F3796B97}.Ad-Hoc|Any CPU.ActiveCfg = Release|x86
		{69C42532-A922-46CC-8248-2E13F3796B97}.Ad-Hoc|Any CPU.Build.0 = Release|x86
		{69C42532-A922-46CC-8248-2E13F3796B97}.Ad-Hoc|Any CPU.Deploy.0 = Release|x86
		{69C42532-A922-46CC-8248-2E13F3796B97}.Ad-Hoc|ARM.ActiveCfg = Release|ARM
		{69C42532-A922-46CC-8248-2E13F3796B97}.Ad-Hoc|ARM.Build.0 = Release|ARM
		{69C42532-A922-46CC-8248-2E13F3796B97}.Ad-Hoc|ARM.Deploy.0 = Release|ARM
		{69C42532-A922-46CC-8248-2E13F3796B97}.Ad-Hoc|iPhone.ActiveCfg = Release|x86
		{69C42532-A922-46CC-8248-2E13F3796B97}.Ad-Hoc|iPhone.Build.0 = Release|x86
		{69C42532-A922-46CC-8248-2E13F3796B97}.Ad-Hoc|iPhone.Deploy.0 = Release|x86
		{69C42532-A922-46CC-8248-2E13F3796B97}.Ad-Hoc|iPhoneSimulator.ActiveCfg = Release|x86
		{69C42532-A922-46CC-8248-2E13F3796B97}.Ad-Hoc|iPhoneSimulator.Build.0 = Release|x86
		{69C42532-A922-46CC-8248-2E13F3796B97}.Ad-Hoc|iPhoneSimulator.Deploy.0 = Release|x86
		{69C42532-A922-46CC-8248-2E13F3796B97}.Ad-Hoc|x64.ActiveCfg = Release|x64
		{69C42532-A922-46CC-8248-2E13F3796B97}.Ad-Hoc|x64.Build.0 = Release|x64
		{69C42532-A922-46CC-8248-2E13F3796B97}.Ad-Hoc|x64.Deploy.0 = Release|x64
		{69C42532-A922-46CC-8248-2E13F3796B97}.Ad-Hoc|x86.ActiveCfg = Release|x86
		{69C42532-A922-46CC-8248-2E13F3796B97}.Ad-Hoc|x86.Build.0 = Release|x86
		{69C42532-A922-46CC-8248-2E13F3796B97}.Ad-Hoc|x86.Deploy.0 = Release|x86
		{69C42532-A922-46CC-8248-2E13F3796B97}.AppStore|Any CPU.ActiveCfg = Release|x86
		{69C42532-A922-46CC-8248-2E13F3796B97}.AppStore|Any CPU.Build.0 = Release|x86
		{69C42532-A922-46CC-8248-2E13F3796B97}.AppStore|Any CPU.Deploy.0 = Release|x86
		{69C42532-A922-46CC-8248-2E13F3796B97}.AppStore|ARM.ActiveCfg = Release|ARM
		{69C42532-A922-46CC-8248-2E13F3796B97}.AppStore|ARM.Build.0 = Release|ARM
		{69C42532-A922-46CC-8248-2E13F3796B97}.AppStore|ARM.Deploy.0 = Release|ARM
		{69C42532-A922-46CC-8248-2E13F3796B97}.AppStore|iPhone.ActiveCfg = Release|x86
		{69C42532-A922-46CC-8248-2E13F3796B97}.AppStore|iPhone.Build.0 = Release|x86
		{69C42532-A922-46CC-8248-2E13F3796B97}.AppStore|iPhone.Deploy.0 = Release|x86
		{69C42532-A922-46CC-8248-2E13F3796B97}.AppStore|iPhoneSimulator.ActiveCfg = Release|x86
		{69C42532-A922-46CC-8248-2E13F3796B97}.AppStore|iPhoneSimulator.Build.0 = Release|x86
		{69C42532-A922-46CC-8248-2E13F3796B97}.AppStore|iPhoneSimulator.Deploy.0 = Release|x86
		{69C42532-A922-46CC-8248-2E13F3796B97}.AppStore|x64.ActiveCfg = Release|x64
		{69C42532-A922-46CC-8248-2E13F3796B97}.AppStore|x64.Build.0 = Release|x64
		{69C42532-A922-46CC-8248-2E13F3796B97}.AppStore|x64.Deploy.0 = Release|x64
		{69C42532-A922-46CC-8248-2E13F3796B97}.AppStore|x86.ActiveCfg = Release|x86
		{69C42532-A922-46CC-8248-2E13F3796B97}.AppStore|x86.Build.0 = Release|x86
		{69C42532-A922-46CC-8248-2E13F3796B97}.AppStore|x86.Deploy.0 = Release|x86
		{69C42532-A922-46CC-8248-2E13F3796B97}.Debug|Any CPU.ActiveCfg = Debug|x86
		{69C42532-A922-46CC-8248-2E13F3796B97}.Debug|ARM.ActiveCfg = Debug|ARM
		{69C42532-A922-46CC-8248-2E13F3796B97}.Debug|ARM.Build.0 = Debug|ARM
		{69C42532-A922-46CC-8248-2E13F3796B97}.Debug|ARM.Deploy.0 = Debug|ARM
		{69C42532-A922-46CC-8248-2E13F3796B97}.Debug|iPhone.ActiveCfg = Debug|x86
		{69C42532-A922-46CC-8248-2E13F3796B97}.Debug|iPhoneSimulator.ActiveCfg = Debug|x86
		{69C42532-A922-46CC-8248-2E13F3796B97}.Debug|x64.ActiveCfg = Debug|x64
		{69C42532-A922-46CC-8248-2E13F3796B97}.Debug|x64.Build.0 = Debug|x64
		{69C42532-A922-46CC-8248-2E13F3796B97}.Debug|x64.Deploy.0 = Debug|x64
		{69C42532-A922-46CC-8248-2E13F3796B97}.Debug|x86.ActiveCfg = Debug|x86
		{69C42532-A922-46CC-8248-2E13F3796B97}.Debug|x86.Build.0 = Debug|x86
		{69C42532-A922-46CC-8248-2E13F3796B97}.Debug|x86.Deploy.0 = Debug|x86
		{69C42532-A922-46CC-8248-2E13F3796B97}.Release|Any CPU.ActiveCfg = Release|x86
		{69C42532-A922-46CC-8248-2E13F3796B97}.Release|ARM.ActiveCfg = Release|ARM
		{69C42532-A922-46CC-8248-2E13F3796B97}.Release|ARM.Build.0 = Release|ARM
		{69C42532-A922-46CC-8248-2E13F3796B97}.Release|ARM.Deploy.0 = Release|ARM
		{69C42532-A922-46CC-8248-2E13F3796B97}.Release|iPhone.ActiveCfg = Release|x86
		{69C42532-A922-46CC-8248-2E13F3796B97}.Release|iPhoneSimulator.ActiveCfg = Release|x86
		{69C42532-A922-46CC-8248-2E13F3796B97}.Release|x64.ActiveCfg = Release|x64
		{69C42532-A922-46CC-8248-2E13F3796B97}.Release|x64.Build.0 = Release|x64
		{69C42532-A922-46CC-8248-2E13F3796B97}.Release|x64.Deploy.0 = Release|x64
		{69C42532-A922-46CC-8248-2E13F3796B97}.Release|x86.ActiveCfg = Release|x86
		{69C42532-A922-46CC-8248-2E13F3796B97}.Release|x86.Build.0 = Release|x86
		{69C42532-A922-46CC-8248-2E13F3796B97}.Release|x86.Deploy.0 = Release|x86
		{B1500FA7-5B3C-4736-B953-71B7C1DF6D30}.Ad-Hoc|Any CPU.ActiveCfg = Ad-Hoc|iPhone
		{B1500FA7-5B3C-4736-B953-71B7C1DF6D30}.Ad-Hoc|ARM.ActiveCfg = Ad-Hoc|iPhone
		{B1500FA7-5B3C-4736-B953-71B7C1DF6D30}.Ad-Hoc|iPhone.ActiveCfg = Ad-Hoc|iPhone
		{B1500FA7-5B3C-4736-B953-71B7C1DF6D30}.Ad-Hoc|iPhone.Build.0 = Ad-Hoc|iPhone
		{B1500FA7-5B3C-4736-B953-71B7C1DF6D30}.Ad-Hoc|iPhoneSimulator.ActiveCfg = Ad-Hoc|iPhoneSimulator
		{B1500FA7-5B3C-4736-B953-71B7C1DF6D30}.Ad-Hoc|iPhoneSimulator.Build.0 = Ad-Hoc|iPhoneSimulator
		{B1500FA7-5B3C-4736-B953-71B7C1DF6D30}.Ad-Hoc|x64.ActiveCfg = Ad-Hoc|iPhone
		{B1500FA7-5B3C-4736-B953-71B7C1DF6D30}.Ad-Hoc|x86.ActiveCfg = Ad-Hoc|iPhone
		{B1500FA7-5B3C-4736-B953-71B7C1DF6D30}.AppStore|Any CPU.ActiveCfg = AppStore|iPhone
		{B1500FA7-5B3C-4736-B953-71B7C1DF6D30}.AppStore|ARM.ActiveCfg = AppStore|iPhone
		{B1500FA7-5B3C-4736-B953-71B7C1DF6D30}.AppStore|iPhone.ActiveCfg = AppStore|iPhone
		{B1500FA7-5B3C-4736-B953-71B7C1DF6D30}.AppStore|iPhone.Build.0 = AppStore|iPhone
		{B1500FA7-5B3C-4736-B953-71B7C1DF6D30}.AppStore|iPhoneSimulator.ActiveCfg = AppStore|iPhoneSimulator
		{B1500FA7-5B3C-4736-B953-71B7C1DF6D30}.AppStore|iPhoneSimulator.Build.0 = AppStore|iPhoneSimulator
		{B1500FA7-5B3C-4736-B953-71B7C1DF6D30}.AppStore|x64.ActiveCfg = AppStore|iPhone
		{B1500FA7-5B3C-4736-B953-71B7C1DF6D30}.AppStore|x86.ActiveCfg = AppStore|iPhone
		{B1500FA7-5B3C-4736-B953-71B7C1DF6D30}.Debug|Any CPU.ActiveCfg = Debug|iPhone
		{B1500FA7-5B3C-4736-B953-71B7C1DF6D30}.Debug|ARM.ActiveCfg = Debug|iPhone
		{B1500FA7-5B3C-4736-B953-71B7C1DF6D30}.Debug|iPhone.ActiveCfg = Debug|iPhone
		{B1500FA7-5B3C-4736-B953-71B7C1DF6D30}.Debug|iPhone.Build.0 = Debug|iPhone
		{B1500FA7-5B3C-4736-B953-71B7C1DF6D30}.Debug|iPhoneSimulator.ActiveCfg = Debug|iPhoneSimulator
		{B1500FA7-5B3C-4736-B953-71B7C1DF6D30}.Debug|iPhoneSimulator.Build.0 = Debug|iPhoneSimulator
		{B1500FA7-5B3C-4736-B953-71B7C1DF6D30}.Debug|x64.ActiveCfg = Debug|iPhone
		{B1500FA7-5B3C-4736-B953-71B7C1DF6D30}.Debug|x86.ActiveCfg = Debug|iPhone
		{B1500FA7-5B3C-4736-B953-71B7C1DF6D30}.Release|Any CPU.ActiveCfg = Release|iPhone
		{B1500FA7-5B3C-4736-B953-71B7C1DF6D30}.Release|ARM.ActiveCfg = Release|iPhone
		{B1500FA7-5B3C-4736-B953-71B7C1DF6D30}.Release|iPhone.ActiveCfg = Release|iPhone
		{B1500FA7-5B3C-4736-B953-71B7C1DF6D30}.Release|iPhone.Build.0 = Release|iPhone
		{B1500FA7-5B3C-4736-B953-71B7C1DF6D30}.Release|iPhoneSimulator.ActiveCfg = Release|iPhoneSimulator
		{B1500FA7-5B3C-4736-B953-71B7C1DF6D30}.Release|iPhoneSimulator.Build.0 = Release|iPhoneSimulator
		{B1500FA7-5B3C-4736-B953-71B7C1DF6D30}.Release|x64.ActiveCfg = Release|iPhone
		{B1500FA7-5B3C-4736-B953-71B7C1DF6D30}.Release|x86.ActiveCfg = Release|iPhone
		{67F9D3A8-F71E-4428-913F-C37AE82CDB24}.Ad-Hoc|Any CPU.ActiveCfg = Release|Any CPU
		{67F9D3A8-F71E-4428-913F-C37AE82CDB24}.Ad-Hoc|Any CPU.Build.0 = Release|Any CPU
		{67F9D3A8-F71E-4428-913F-C37AE82CDB24}.Ad-Hoc|ARM.ActiveCfg = Release|Any CPU
		{67F9D3A8-F71E-4428-913F-C37AE82CDB24}.Ad-Hoc|ARM.Build.0 = Release|Any CPU
		{67F9D3A8-F71E-4428-913F-C37AE82CDB24}.Ad-Hoc|iPhone.ActiveCfg = Release|Any CPU
		{67F9D3A8-F71E-4428-913F-C37AE82CDB24}.Ad-Hoc|iPhone.Build.0 = Release|Any CPU
		{67F9D3A8-F71E-4428-913F-C37AE82CDB24}.Ad-Hoc|iPhoneSimulator.ActiveCfg = Release|Any CPU
		{67F9D3A8-F71E-4428-913F-C37AE82CDB24}.Ad-Hoc|iPhoneSimulator.Build.0 = Release|Any CPU
		{67F9D3A8-F71E-4428-913F-C37AE82CDB24}.Ad-Hoc|x64.ActiveCfg = Release|Any CPU
		{67F9D3A8-F71E-4428-913F-C37AE82CDB24}.Ad-Hoc|x64.Build.0 = Release|Any CPU
		{67F9D3A8-F71E-4428-913F-C37AE82CDB24}.Ad-Hoc|x86.ActiveCfg = Release|Any CPU
		{67F9D3A8-F71E-4428-913F-C37AE82CDB24}.Ad-Hoc|x86.Build.0 = Release|Any CPU
		{67F9D3A8-F71E-4428-913F-C37AE82CDB24}.AppStore|Any CPU.ActiveCfg = Release|Any CPU
		{67F9D3A8-F71E-4428-913F-C37AE82CDB24}.AppStore|Any CPU.Build.0 = Release|Any CPU
		{67F9D3A8-F71E-4428-913F-C37AE82CDB24}.AppStore|ARM.ActiveCfg = Release|Any CPU
		{67F9D3A8-F71E-4428-913F-C37AE82CDB24}.AppStore|ARM.Build.0 = Release|Any CPU
		{67F9D3A8-F71E-4428-913F-C37AE82CDB24}.AppStore|iPhone.ActiveCfg = Release|Any CPU
		{67F9D3A8-F71E-4428-913F-C37AE82CDB24}.AppStore|iPhone.Build.0 = Release|Any CPU
		{67F9D3A8-F71E-4428-913F-C37AE82CDB24}.AppStore|iPhoneSimulator.ActiveCfg = Release|Any CPU
		{67F9D3A8-F71E-4428-913F-C37AE82CDB24}.AppStore|iPhoneSimulator.Build.0 = Release|Any CPU
		{67F9D3A8-F71E-4428-913F-C37AE82CDB24}.AppStore|x64.ActiveCfg = Release|Any CPU
		{67F9D3A8-F71E-4428-913F-C37AE82CDB24}.AppStore|x64.Build.0 = Release|Any CPU
		{67F9D3A8-F71E-4428-913F-C37AE82CDB24}.AppStore|x86.ActiveCfg = Release|Any CPU
		{67F9D3A8-F71E-4428-913F-C37AE82CDB24}.AppStore|x86.Build.0 = Release|Any CPU
		{67F9D3A8-F71E-4428-913F-C37AE82CDB24}.Debug|Any CPU.ActiveCfg = Debug|Any CPU
		{67F9D3A8-F71E-4428-913F-C37AE82CDB24}.Debug|Any CPU.Build.0 = Debug|Any CPU
		{67F9D3A8-F71E-4428-913F-C37AE82CDB24}.Debug|ARM.ActiveCfg = Debug|Any CPU
		{67F9D3A8-F71E-4428-913F-C37AE82CDB24}.Debug|ARM.Build.0 = Debug|Any CPU
		{67F9D3A8-F71E-4428-913F-C37AE82CDB24}.Debug|iPhone.ActiveCfg = Debug|Any CPU
		{67F9D3A8-F71E-4428-913F-C37AE82CDB24}.Debug|iPhone.Build.0 = Debug|Any CPU
		{67F9D3A8-F71E-4428-913F-C37AE82CDB24}.Debug|iPhoneSimulator.ActiveCfg = Debug|Any CPU
		{67F9D3A8-F71E-4428-913F-C37AE82CDB24}.Debug|iPhoneSimulator.Build.0 = Debug|Any CPU
		{67F9D3A8-F71E-4428-913F-C37AE82CDB24}.Debug|x64.ActiveCfg = Debug|Any CPU
		{67F9D3A8-F71E-4428-913F-C37AE82CDB24}.Debug|x64.Build.0 = Debug|Any CPU
		{67F9D3A8-F71E-4428-913F-C37AE82CDB24}.Debug|x86.ActiveCfg = Debug|Any CPU
		{67F9D3A8-F71E-4428-913F-C37AE82CDB24}.Debug|x86.Build.0 = Debug|Any CPU
		{67F9D3A8-F71E-4428-913F-C37AE82CDB24}.Release|Any CPU.ActiveCfg = Release|Any CPU
		{67F9D3A8-F71E-4428-913F-C37AE82CDB24}.Release|Any CPU.Build.0 = Release|Any CPU
		{67F9D3A8-F71E-4428-913F-C37AE82CDB24}.Release|ARM.ActiveCfg = Release|Any CPU
		{67F9D3A8-F71E-4428-913F-C37AE82CDB24}.Release|ARM.Build.0 = Release|Any CPU
		{67F9D3A8-F71E-4428-913F-C37AE82CDB24}.Release|iPhone.ActiveCfg = Release|Any CPU
		{67F9D3A8-F71E-4428-913F-C37AE82CDB24}.Release|iPhone.Build.0 = Release|Any CPU
		{67F9D3A8-F71E-4428-913F-C37AE82CDB24}.Release|iPhoneSimulator.ActiveCfg = Release|Any CPU
		{67F9D3A8-F71E-4428-913F-C37AE82CDB24}.Release|iPhoneSimulator.Build.0 = Release|Any CPU
		{67F9D3A8-F71E-4428-913F-C37AE82CDB24}.Release|x64.ActiveCfg = Release|Any CPU
		{67F9D3A8-F71E-4428-913F-C37AE82CDB24}.Release|x64.Build.0 = Release|Any CPU
		{67F9D3A8-F71E-4428-913F-C37AE82CDB24}.Release|x86.ActiveCfg = Release|Any CPU
		{67F9D3A8-F71E-4428-913F-C37AE82CDB24}.Release|x86.Build.0 = Release|Any CPU
		{88DC2010-BE3A-4B86-A72F-3DF68413858B}.Ad-Hoc|Any CPU.ActiveCfg = Release|Any CPU
		{88DC2010-BE3A-4B86-A72F-3DF68413858B}.Ad-Hoc|Any CPU.Build.0 = Release|Any CPU
		{88DC2010-BE3A-4B86-A72F-3DF68413858B}.Ad-Hoc|ARM.ActiveCfg = Release|Any CPU
		{88DC2010-BE3A-4B86-A72F-3DF68413858B}.Ad-Hoc|ARM.Build.0 = Release|Any CPU
		{88DC2010-BE3A-4B86-A72F-3DF68413858B}.Ad-Hoc|iPhone.ActiveCfg = Release|Any CPU
		{88DC2010-BE3A-4B86-A72F-3DF68413858B}.Ad-Hoc|iPhone.Build.0 = Release|Any CPU
		{88DC2010-BE3A-4B86-A72F-3DF68413858B}.Ad-Hoc|iPhoneSimulator.ActiveCfg = Release|Any CPU
		{88DC2010-BE3A-4B86-A72F-3DF68413858B}.Ad-Hoc|iPhoneSimulator.Build.0 = Release|Any CPU
		{88DC2010-BE3A-4B86-A72F-3DF68413858B}.Ad-Hoc|x64.ActiveCfg = Release|Any CPU
		{88DC2010-BE3A-4B86-A72F-3DF68413858B}.Ad-Hoc|x64.Build.0 = Release|Any CPU
		{88DC2010-BE3A-4B86-A72F-3DF68413858B}.Ad-Hoc|x86.ActiveCfg = Release|Any CPU
		{88DC2010-BE3A-4B86-A72F-3DF68413858B}.Ad-Hoc|x86.Build.0 = Release|Any CPU
		{88DC2010-BE3A-4B86-A72F-3DF68413858B}.AppStore|Any CPU.ActiveCfg = Release|Any CPU
		{88DC2010-BE3A-4B86-A72F-3DF68413858B}.AppStore|Any CPU.Build.0 = Release|Any CPU
		{88DC2010-BE3A-4B86-A72F-3DF68413858B}.AppStore|ARM.ActiveCfg = Release|Any CPU
		{88DC2010-BE3A-4B86-A72F-3DF68413858B}.AppStore|ARM.Build.0 = Release|Any CPU
		{88DC2010-BE3A-4B86-A72F-3DF68413858B}.AppStore|iPhone.ActiveCfg = Release|Any CPU
		{88DC2010-BE3A-4B86-A72F-3DF68413858B}.AppStore|iPhone.Build.0 = Release|Any CPU
		{88DC2010-BE3A-4B86-A72F-3DF68413858B}.AppStore|iPhoneSimulator.ActiveCfg = Release|Any CPU
		{88DC2010-BE3A-4B86-A72F-3DF68413858B}.AppStore|iPhoneSimulator.Build.0 = Release|Any CPU
		{88DC2010-BE3A-4B86-A72F-3DF68413858B}.AppStore|x64.ActiveCfg = Release|Any CPU
		{88DC2010-BE3A-4B86-A72F-3DF68413858B}.AppStore|x64.Build.0 = Release|Any CPU
		{88DC2010-BE3A-4B86-A72F-3DF68413858B}.AppStore|x86.ActiveCfg = Release|Any CPU
		{88DC2010-BE3A-4B86-A72F-3DF68413858B}.AppStore|x86.Build.0 = Release|Any CPU
		{88DC2010-BE3A-4B86-A72F-3DF68413858B}.Debug|Any CPU.ActiveCfg = Debug|Any CPU
		{88DC2010-BE3A-4B86-A72F-3DF68413858B}.Debug|Any CPU.Build.0 = Debug|Any CPU
		{88DC2010-BE3A-4B86-A72F-3DF68413858B}.Debug|ARM.ActiveCfg = Debug|Any CPU
		{88DC2010-BE3A-4B86-A72F-3DF68413858B}.Debug|ARM.Build.0 = Debug|Any CPU
		{88DC2010-BE3A-4B86-A72F-3DF68413858B}.Debug|iPhone.ActiveCfg = Debug|Any CPU
		{88DC2010-BE3A-4B86-A72F-3DF68413858B}.Debug|iPhone.Build.0 = Debug|Any CPU
		{88DC2010-BE3A-4B86-A72F-3DF68413858B}.Debug|iPhoneSimulator.ActiveCfg = Debug|Any CPU
		{88DC2010-BE3A-4B86-A72F-3DF68413858B}.Debug|iPhoneSimulator.Build.0 = Debug|Any CPU
		{88DC2010-BE3A-4B86-A72F-3DF68413858B}.Debug|x64.ActiveCfg = Debug|Any CPU
		{88DC2010-BE3A-4B86-A72F-3DF68413858B}.Debug|x64.Build.0 = Debug|Any CPU
		{88DC2010-BE3A-4B86-A72F-3DF68413858B}.Debug|x86.ActiveCfg = Debug|Any CPU
		{88DC2010-BE3A-4B86-A72F-3DF68413858B}.Debug|x86.Build.0 = Debug|Any CPU
		{88DC2010-BE3A-4B86-A72F-3DF68413858B}.Release|Any CPU.ActiveCfg = Release|Any CPU
		{88DC2010-BE3A-4B86-A72F-3DF68413858B}.Release|Any CPU.Build.0 = Release|Any CPU
		{88DC2010-BE3A-4B86-A72F-3DF68413858B}.Release|ARM.ActiveCfg = Release|Any CPU
		{88DC2010-BE3A-4B86-A72F-3DF68413858B}.Release|ARM.Build.0 = Release|Any CPU
		{88DC2010-BE3A-4B86-A72F-3DF68413858B}.Release|iPhone.ActiveCfg = Release|Any CPU
		{88DC2010-BE3A-4B86-A72F-3DF68413858B}.Release|iPhone.Build.0 = Release|Any CPU
		{88DC2010-BE3A-4B86-A72F-3DF68413858B}.Release|iPhoneSimulator.ActiveCfg = Release|Any CPU
		{88DC2010-BE3A-4B86-A72F-3DF68413858B}.Release|iPhoneSimulator.Build.0 = Release|Any CPU
		{88DC2010-BE3A-4B86-A72F-3DF68413858B}.Release|x64.ActiveCfg = Release|Any CPU
		{88DC2010-BE3A-4B86-A72F-3DF68413858B}.Release|x64.Build.0 = Release|Any CPU
		{88DC2010-BE3A-4B86-A72F-3DF68413858B}.Release|x86.ActiveCfg = Release|Any CPU
		{88DC2010-BE3A-4B86-A72F-3DF68413858B}.Release|x86.Build.0 = Release|Any CPU
		{F09F8CAF-701A-4673-A880-1580ACCB926B}.Ad-Hoc|Any CPU.ActiveCfg = Release|Any CPU
		{F09F8CAF-701A-4673-A880-1580ACCB926B}.Ad-Hoc|Any CPU.Build.0 = Release|Any CPU
		{F09F8CAF-701A-4673-A880-1580ACCB926B}.Ad-Hoc|ARM.ActiveCfg = Release|Any CPU
		{F09F8CAF-701A-4673-A880-1580ACCB926B}.Ad-Hoc|ARM.Build.0 = Release|Any CPU
		{F09F8CAF-701A-4673-A880-1580ACCB926B}.Ad-Hoc|iPhone.ActiveCfg = Release|Any CPU
		{F09F8CAF-701A-4673-A880-1580ACCB926B}.Ad-Hoc|iPhone.Build.0 = Release|Any CPU
		{F09F8CAF-701A-4673-A880-1580ACCB926B}.Ad-Hoc|iPhoneSimulator.ActiveCfg = Release|Any CPU
		{F09F8CAF-701A-4673-A880-1580ACCB926B}.Ad-Hoc|iPhoneSimulator.Build.0 = Release|Any CPU
		{F09F8CAF-701A-4673-A880-1580ACCB926B}.Ad-Hoc|x64.ActiveCfg = Release|Any CPU
		{F09F8CAF-701A-4673-A880-1580ACCB926B}.Ad-Hoc|x64.Build.0 = Release|Any CPU
		{F09F8CAF-701A-4673-A880-1580ACCB926B}.Ad-Hoc|x86.ActiveCfg = Release|Any CPU
		{F09F8CAF-701A-4673-A880-1580ACCB926B}.Ad-Hoc|x86.Build.0 = Release|Any CPU
		{F09F8CAF-701A-4673-A880-1580ACCB926B}.AppStore|Any CPU.ActiveCfg = Release|Any CPU
		{F09F8CAF-701A-4673-A880-1580ACCB926B}.AppStore|Any CPU.Build.0 = Release|Any CPU
		{F09F8CAF-701A-4673-A880-1580ACCB926B}.AppStore|ARM.ActiveCfg = Release|Any CPU
		{F09F8CAF-701A-4673-A880-1580ACCB926B}.AppStore|ARM.Build.0 = Release|Any CPU
		{F09F8CAF-701A-4673-A880-1580ACCB926B}.AppStore|iPhone.ActiveCfg = Release|Any CPU
		{F09F8CAF-701A-4673-A880-1580ACCB926B}.AppStore|iPhone.Build.0 = Release|Any CPU
		{F09F8CAF-701A-4673-A880-1580ACCB926B}.AppStore|iPhoneSimulator.ActiveCfg = Release|Any CPU
		{F09F8CAF-701A-4673-A880-1580ACCB926B}.AppStore|iPhoneSimulator.Build.0 = Release|Any CPU
		{F09F8CAF-701A-4673-A880-1580ACCB926B}.AppStore|x64.ActiveCfg = Release|Any CPU
		{F09F8CAF-701A-4673-A880-1580ACCB926B}.AppStore|x64.Build.0 = Release|Any CPU
		{F09F8CAF-701A-4673-A880-1580ACCB926B}.AppStore|x86.ActiveCfg = Release|Any CPU
		{F09F8CAF-701A-4673-A880-1580ACCB926B}.AppStore|x86.Build.0 = Release|Any CPU
		{F09F8CAF-701A-4673-A880-1580ACCB926B}.Debug|Any CPU.ActiveCfg = Debug|Any CPU
		{F09F8CAF-701A-4673-A880-1580ACCB926B}.Debug|Any CPU.Build.0 = Debug|Any CPU
		{F09F8CAF-701A-4673-A880-1580ACCB926B}.Debug|ARM.ActiveCfg = Debug|Any CPU
		{F09F8CAF-701A-4673-A880-1580ACCB926B}.Debug|ARM.Build.0 = Debug|Any CPU
		{F09F8CAF-701A-4673-A880-1580ACCB926B}.Debug|iPhone.ActiveCfg = Debug|Any CPU
		{F09F8CAF-701A-4673-A880-1580ACCB926B}.Debug|iPhone.Build.0 = Debug|Any CPU
		{F09F8CAF-701A-4673-A880-1580ACCB926B}.Debug|iPhoneSimulator.ActiveCfg = Debug|Any CPU
		{F09F8CAF-701A-4673-A880-1580ACCB926B}.Debug|iPhoneSimulator.Build.0 = Debug|Any CPU
		{F09F8CAF-701A-4673-A880-1580ACCB926B}.Debug|x64.ActiveCfg = Debug|Any CPU
		{F09F8CAF-701A-4673-A880-1580ACCB926B}.Debug|x64.Build.0 = Debug|Any CPU
		{F09F8CAF-701A-4673-A880-1580ACCB926B}.Debug|x86.ActiveCfg = Debug|Any CPU
		{F09F8CAF-701A-4673-A880-1580ACCB926B}.Debug|x86.Build.0 = Debug|Any CPU
		{F09F8CAF-701A-4673-A880-1580ACCB926B}.Release|Any CPU.ActiveCfg = Release|Any CPU
		{F09F8CAF-701A-4673-A880-1580ACCB926B}.Release|Any CPU.Build.0 = Release|Any CPU
		{F09F8CAF-701A-4673-A880-1580ACCB926B}.Release|ARM.ActiveCfg = Release|Any CPU
		{F09F8CAF-701A-4673-A880-1580ACCB926B}.Release|ARM.Build.0 = Release|Any CPU
		{F09F8CAF-701A-4673-A880-1580ACCB926B}.Release|iPhone.ActiveCfg = Release|Any CPU
		{F09F8CAF-701A-4673-A880-1580ACCB926B}.Release|iPhone.Build.0 = Release|Any CPU
		{F09F8CAF-701A-4673-A880-1580ACCB926B}.Release|iPhoneSimulator.ActiveCfg = Release|Any CPU
		{F09F8CAF-701A-4673-A880-1580ACCB926B}.Release|iPhoneSimulator.Build.0 = Release|Any CPU
		{F09F8CAF-701A-4673-A880-1580ACCB926B}.Release|x64.ActiveCfg = Release|Any CPU
		{F09F8CAF-701A-4673-A880-1580ACCB926B}.Release|x64.Build.0 = Release|Any CPU
		{F09F8CAF-701A-4673-A880-1580ACCB926B}.Release|x86.ActiveCfg = Release|Any CPU
		{F09F8CAF-701A-4673-A880-1580ACCB926B}.Release|x86.Build.0 = Release|Any CPU
		{98F91808-0410-4362-9B3A-BD5110BEECDE}.Ad-Hoc|Any CPU.ActiveCfg = Release|Any CPU
		{98F91808-0410-4362-9B3A-BD5110BEECDE}.Ad-Hoc|Any CPU.Build.0 = Release|Any CPU
		{98F91808-0410-4362-9B3A-BD5110BEECDE}.Ad-Hoc|ARM.ActiveCfg = Release|ARM
		{98F91808-0410-4362-9B3A-BD5110BEECDE}.Ad-Hoc|ARM.Build.0 = Release|ARM
		{98F91808-0410-4362-9B3A-BD5110BEECDE}.Ad-Hoc|iPhone.ActiveCfg = Release|Any CPU
		{98F91808-0410-4362-9B3A-BD5110BEECDE}.Ad-Hoc|iPhone.Build.0 = Release|Any CPU
		{98F91808-0410-4362-9B3A-BD5110BEECDE}.Ad-Hoc|iPhoneSimulator.ActiveCfg = Release|Any CPU
		{98F91808-0410-4362-9B3A-BD5110BEECDE}.Ad-Hoc|iPhoneSimulator.Build.0 = Release|Any CPU
		{98F91808-0410-4362-9B3A-BD5110BEECDE}.Ad-Hoc|x64.ActiveCfg = Release|x64
		{98F91808-0410-4362-9B3A-BD5110BEECDE}.Ad-Hoc|x64.Build.0 = Release|x64
		{98F91808-0410-4362-9B3A-BD5110BEECDE}.Ad-Hoc|x86.ActiveCfg = Release|x86
		{98F91808-0410-4362-9B3A-BD5110BEECDE}.Ad-Hoc|x86.Build.0 = Release|x86
		{98F91808-0410-4362-9B3A-BD5110BEECDE}.AppStore|Any CPU.ActiveCfg = Release|Any CPU
		{98F91808-0410-4362-9B3A-BD5110BEECDE}.AppStore|Any CPU.Build.0 = Release|Any CPU
		{98F91808-0410-4362-9B3A-BD5110BEECDE}.AppStore|ARM.ActiveCfg = Release|ARM
		{98F91808-0410-4362-9B3A-BD5110BEECDE}.AppStore|ARM.Build.0 = Release|ARM
		{98F91808-0410-4362-9B3A-BD5110BEECDE}.AppStore|iPhone.ActiveCfg = Release|Any CPU
		{98F91808-0410-4362-9B3A-BD5110BEECDE}.AppStore|iPhone.Build.0 = Release|Any CPU
		{98F91808-0410-4362-9B3A-BD5110BEECDE}.AppStore|iPhoneSimulator.ActiveCfg = Release|Any CPU
		{98F91808-0410-4362-9B3A-BD5110BEECDE}.AppStore|iPhoneSimulator.Build.0 = Release|Any CPU
		{98F91808-0410-4362-9B3A-BD5110BEECDE}.AppStore|x64.ActiveCfg = Release|x64
		{98F91808-0410-4362-9B3A-BD5110BEECDE}.AppStore|x64.Build.0 = Release|x64
		{98F91808-0410-4362-9B3A-BD5110BEECDE}.AppStore|x86.ActiveCfg = Release|x86
		{98F91808-0410-4362-9B3A-BD5110BEECDE}.AppStore|x86.Build.0 = Release|x86
		{98F91808-0410-4362-9B3A-BD5110BEECDE}.Debug|Any CPU.ActiveCfg = Debug|Any CPU
		{98F91808-0410-4362-9B3A-BD5110BEECDE}.Debug|Any CPU.Build.0 = Debug|Any CPU
		{98F91808-0410-4362-9B3A-BD5110BEECDE}.Debug|ARM.ActiveCfg = Debug|ARM
		{98F91808-0410-4362-9B3A-BD5110BEECDE}.Debug|ARM.Build.0 = Debug|ARM
		{98F91808-0410-4362-9B3A-BD5110BEECDE}.Debug|iPhone.ActiveCfg = Debug|Any CPU
		{98F91808-0410-4362-9B3A-BD5110BEECDE}.Debug|iPhone.Build.0 = Debug|Any CPU
		{98F91808-0410-4362-9B3A-BD5110BEECDE}.Debug|iPhoneSimulator.ActiveCfg = Debug|Any CPU
		{98F91808-0410-4362-9B3A-BD5110BEECDE}.Debug|iPhoneSimulator.Build.0 = Debug|Any CPU
		{98F91808-0410-4362-9B3A-BD5110BEECDE}.Debug|x64.ActiveCfg = Debug|x64
		{98F91808-0410-4362-9B3A-BD5110BEECDE}.Debug|x64.Build.0 = Debug|x64
		{98F91808-0410-4362-9B3A-BD5110BEECDE}.Debug|x86.ActiveCfg = Debug|x86
		{98F91808-0410-4362-9B3A-BD5110BEECDE}.Debug|x86.Build.0 = Debug|x86
		{98F91808-0410-4362-9B3A-BD5110BEECDE}.Release|Any CPU.ActiveCfg = Release|Any CPU
		{98F91808-0410-4362-9B3A-BD5110BEECDE}.Release|Any CPU.Build.0 = Release|Any CPU
		{98F91808-0410-4362-9B3A-BD5110BEECDE}.Release|ARM.ActiveCfg = Release|ARM
		{98F91808-0410-4362-9B3A-BD5110BEECDE}.Release|ARM.Build.0 = Release|ARM
		{98F91808-0410-4362-9B3A-BD5110BEECDE}.Release|iPhone.ActiveCfg = Release|Any CPU
		{98F91808-0410-4362-9B3A-BD5110BEECDE}.Release|iPhone.Build.0 = Release|Any CPU
		{98F91808-0410-4362-9B3A-BD5110BEECDE}.Release|iPhoneSimulator.ActiveCfg = Release|Any CPU
		{98F91808-0410-4362-9B3A-BD5110BEECDE}.Release|iPhoneSimulator.Build.0 = Release|Any CPU
		{98F91808-0410-4362-9B3A-BD5110BEECDE}.Release|x64.ActiveCfg = Release|x64
		{98F91808-0410-4362-9B3A-BD5110BEECDE}.Release|x64.Build.0 = Release|x64
		{98F91808-0410-4362-9B3A-BD5110BEECDE}.Release|x86.ActiveCfg = Release|x86
		{98F91808-0410-4362-9B3A-BD5110BEECDE}.Release|x86.Build.0 = Release|x86
		{572B958E-CC33-47C1-95FA-1B3A0506F2ED}.Ad-Hoc|Any CPU.ActiveCfg = Release|Any CPU
		{572B958E-CC33-47C1-95FA-1B3A0506F2ED}.Ad-Hoc|Any CPU.Build.0 = Release|Any CPU
		{572B958E-CC33-47C1-95FA-1B3A0506F2ED}.Ad-Hoc|ARM.ActiveCfg = Release|Any CPU
		{572B958E-CC33-47C1-95FA-1B3A0506F2ED}.Ad-Hoc|ARM.Build.0 = Release|Any CPU
		{572B958E-CC33-47C1-95FA-1B3A0506F2ED}.Ad-Hoc|iPhone.ActiveCfg = Release|Any CPU
		{572B958E-CC33-47C1-95FA-1B3A0506F2ED}.Ad-Hoc|iPhone.Build.0 = Release|Any CPU
		{572B958E-CC33-47C1-95FA-1B3A0506F2ED}.Ad-Hoc|iPhoneSimulator.ActiveCfg = Release|Any CPU
		{572B958E-CC33-47C1-95FA-1B3A0506F2ED}.Ad-Hoc|iPhoneSimulator.Build.0 = Release|Any CPU
		{572B958E-CC33-47C1-95FA-1B3A0506F2ED}.Ad-Hoc|x64.ActiveCfg = Release|Any CPU
		{572B958E-CC33-47C1-95FA-1B3A0506F2ED}.Ad-Hoc|x64.Build.0 = Release|Any CPU
		{572B958E-CC33-47C1-95FA-1B3A0506F2ED}.Ad-Hoc|x86.ActiveCfg = Release|Any CPU
		{572B958E-CC33-47C1-95FA-1B3A0506F2ED}.Ad-Hoc|x86.Build.0 = Release|Any CPU
		{572B958E-CC33-47C1-95FA-1B3A0506F2ED}.AppStore|Any CPU.ActiveCfg = Release|Any CPU
		{572B958E-CC33-47C1-95FA-1B3A0506F2ED}.AppStore|Any CPU.Build.0 = Release|Any CPU
		{572B958E-CC33-47C1-95FA-1B3A0506F2ED}.AppStore|ARM.ActiveCfg = Release|Any CPU
		{572B958E-CC33-47C1-95FA-1B3A0506F2ED}.AppStore|ARM.Build.0 = Release|Any CPU
		{572B958E-CC33-47C1-95FA-1B3A0506F2ED}.AppStore|iPhone.ActiveCfg = Release|Any CPU
		{572B958E-CC33-47C1-95FA-1B3A0506F2ED}.AppStore|iPhone.Build.0 = Release|Any CPU
		{572B958E-CC33-47C1-95FA-1B3A0506F2ED}.AppStore|iPhoneSimulator.ActiveCfg = Release|Any CPU
		{572B958E-CC33-47C1-95FA-1B3A0506F2ED}.AppStore|iPhoneSimulator.Build.0 = Release|Any CPU
		{572B958E-CC33-47C1-95FA-1B3A0506F2ED}.AppStore|x64.ActiveCfg = Release|Any CPU
		{572B958E-CC33-47C1-95FA-1B3A0506F2ED}.AppStore|x64.Build.0 = Release|Any CPU
		{572B958E-CC33-47C1-95FA-1B3A0506F2ED}.AppStore|x86.ActiveCfg = Release|Any CPU
		{572B958E-CC33-47C1-95FA-1B3A0506F2ED}.AppStore|x86.Build.0 = Release|Any CPU
		{572B958E-CC33-47C1-95FA-1B3A0506F2ED}.Debug|Any CPU.ActiveCfg = Debug|Any CPU
		{572B958E-CC33-47C1-95FA-1B3A0506F2ED}.Debug|Any CPU.Build.0 = Debug|Any CPU
		{572B958E-CC33-47C1-95FA-1B3A0506F2ED}.Debug|ARM.ActiveCfg = Debug|Any CPU
		{572B958E-CC33-47C1-95FA-1B3A0506F2ED}.Debug|ARM.Build.0 = Debug|Any CPU
		{572B958E-CC33-47C1-95FA-1B3A0506F2ED}.Debug|iPhone.ActiveCfg = Debug|Any CPU
		{572B958E-CC33-47C1-95FA-1B3A0506F2ED}.Debug|iPhone.Build.0 = Debug|Any CPU
		{572B958E-CC33-47C1-95FA-1B3A0506F2ED}.Debug|iPhoneSimulator.ActiveCfg = Debug|Any CPU
		{572B958E-CC33-47C1-95FA-1B3A0506F2ED}.Debug|iPhoneSimulator.Build.0 = Debug|Any CPU
		{572B958E-CC33-47C1-95FA-1B3A0506F2ED}.Debug|x64.ActiveCfg = Debug|Any CPU
		{572B958E-CC33-47C1-95FA-1B3A0506F2ED}.Debug|x64.Build.0 = Debug|Any CPU
		{572B958E-CC33-47C1-95FA-1B3A0506F2ED}.Debug|x86.ActiveCfg = Debug|Any CPU
		{572B958E-CC33-47C1-95FA-1B3A0506F2ED}.Debug|x86.Build.0 = Debug|Any CPU
		{572B958E-CC33-47C1-95FA-1B3A0506F2ED}.Release|Any CPU.ActiveCfg = Release|Any CPU
		{572B958E-CC33-47C1-95FA-1B3A0506F2ED}.Release|Any CPU.Build.0 = Release|Any CPU
		{572B958E-CC33-47C1-95FA-1B3A0506F2ED}.Release|ARM.ActiveCfg = Release|Any CPU
		{572B958E-CC33-47C1-95FA-1B3A0506F2ED}.Release|ARM.Build.0 = Release|Any CPU
		{572B958E-CC33-47C1-95FA-1B3A0506F2ED}.Release|iPhone.ActiveCfg = Release|Any CPU
		{572B958E-CC33-47C1-95FA-1B3A0506F2ED}.Release|iPhone.Build.0 = Release|Any CPU
		{572B958E-CC33-47C1-95FA-1B3A0506F2ED}.Release|iPhoneSimulator.ActiveCfg = Release|Any CPU
		{572B958E-CC33-47C1-95FA-1B3A0506F2ED}.Release|iPhoneSimulator.Build.0 = Release|Any CPU
		{572B958E-CC33-47C1-95FA-1B3A0506F2ED}.Release|x64.ActiveCfg = Release|Any CPU
		{572B958E-CC33-47C1-95FA-1B3A0506F2ED}.Release|x64.Build.0 = Release|Any CPU
		{572B958E-CC33-47C1-95FA-1B3A0506F2ED}.Release|x86.ActiveCfg = Release|Any CPU
		{572B958E-CC33-47C1-95FA-1B3A0506F2ED}.Release|x86.Build.0 = Release|Any CPU
		{7F4F28E9-E66B-4AB7-8E6F-B9781DECBDB7}.Ad-Hoc|Any CPU.ActiveCfg = Release|Any CPU
		{7F4F28E9-E66B-4AB7-8E6F-B9781DECBDB7}.Ad-Hoc|Any CPU.Build.0 = Release|Any CPU
		{7F4F28E9-E66B-4AB7-8E6F-B9781DECBDB7}.Ad-Hoc|ARM.ActiveCfg = Release|Any CPU
		{7F4F28E9-E66B-4AB7-8E6F-B9781DECBDB7}.Ad-Hoc|ARM.Build.0 = Release|Any CPU
		{7F4F28E9-E66B-4AB7-8E6F-B9781DECBDB7}.Ad-Hoc|iPhone.ActiveCfg = Release|Any CPU
		{7F4F28E9-E66B-4AB7-8E6F-B9781DECBDB7}.Ad-Hoc|iPhone.Build.0 = Release|Any CPU
		{7F4F28E9-E66B-4AB7-8E6F-B9781DECBDB7}.Ad-Hoc|iPhoneSimulator.ActiveCfg = Release|Any CPU
		{7F4F28E9-E66B-4AB7-8E6F-B9781DECBDB7}.Ad-Hoc|iPhoneSimulator.Build.0 = Release|Any CPU
		{7F4F28E9-E66B-4AB7-8E6F-B9781DECBDB7}.Ad-Hoc|x64.ActiveCfg = Release|Any CPU
		{7F4F28E9-E66B-4AB7-8E6F-B9781DECBDB7}.Ad-Hoc|x64.Build.0 = Release|Any CPU
		{7F4F28E9-E66B-4AB7-8E6F-B9781DECBDB7}.Ad-Hoc|x86.ActiveCfg = Release|Any CPU
		{7F4F28E9-E66B-4AB7-8E6F-B9781DECBDB7}.Ad-Hoc|x86.Build.0 = Release|Any CPU
		{7F4F28E9-E66B-4AB7-8E6F-B9781DECBDB7}.AppStore|Any CPU.ActiveCfg = Release|Any CPU
		{7F4F28E9-E66B-4AB7-8E6F-B9781DECBDB7}.AppStore|Any CPU.Build.0 = Release|Any CPU
		{7F4F28E9-E66B-4AB7-8E6F-B9781DECBDB7}.AppStore|ARM.ActiveCfg = Release|Any CPU
		{7F4F28E9-E66B-4AB7-8E6F-B9781DECBDB7}.AppStore|ARM.Build.0 = Release|Any CPU
		{7F4F28E9-E66B-4AB7-8E6F-B9781DECBDB7}.AppStore|iPhone.ActiveCfg = Release|Any CPU
		{7F4F28E9-E66B-4AB7-8E6F-B9781DECBDB7}.AppStore|iPhone.Build.0 = Release|Any CPU
		{7F4F28E9-E66B-4AB7-8E6F-B9781DECBDB7}.AppStore|iPhoneSimulator.ActiveCfg = Release|Any CPU
		{7F4F28E9-E66B-4AB7-8E6F-B9781DECBDB7}.AppStore|iPhoneSimulator.Build.0 = Release|Any CPU
		{7F4F28E9-E66B-4AB7-8E6F-B9781DECBDB7}.AppStore|x64.ActiveCfg = Release|Any CPU
		{7F4F28E9-E66B-4AB7-8E6F-B9781DECBDB7}.AppStore|x64.Build.0 = Release|Any CPU
		{7F4F28E9-E66B-4AB7-8E6F-B9781DECBDB7}.AppStore|x86.ActiveCfg = Release|Any CPU
		{7F4F28E9-E66B-4AB7-8E6F-B9781DECBDB7}.AppStore|x86.Build.0 = Release|Any CPU
		{7F4F28E9-E66B-4AB7-8E6F-B9781DECBDB7}.Debug|Any CPU.ActiveCfg = Debug|Any CPU
		{7F4F28E9-E66B-4AB7-8E6F-B9781DECBDB7}.Debug|Any CPU.Build.0 = Debug|Any CPU
		{7F4F28E9-E66B-4AB7-8E6F-B9781DECBDB7}.Debug|ARM.ActiveCfg = Debug|Any CPU
		{7F4F28E9-E66B-4AB7-8E6F-B9781DECBDB7}.Debug|ARM.Build.0 = Debug|Any CPU
		{7F4F28E9-E66B-4AB7-8E6F-B9781DECBDB7}.Debug|iPhone.ActiveCfg = Debug|Any CPU
		{7F4F28E9-E66B-4AB7-8E6F-B9781DECBDB7}.Debug|iPhone.Build.0 = Debug|Any CPU
		{7F4F28E9-E66B-4AB7-8E6F-B9781DECBDB7}.Debug|iPhoneSimulator.ActiveCfg = Debug|Any CPU
		{7F4F28E9-E66B-4AB7-8E6F-B9781DECBDB7}.Debug|iPhoneSimulator.Build.0 = Debug|Any CPU
		{7F4F28E9-E66B-4AB7-8E6F-B9781DECBDB7}.Debug|x64.ActiveCfg = Debug|Any CPU
		{7F4F28E9-E66B-4AB7-8E6F-B9781DECBDB7}.Debug|x64.Build.0 = Debug|Any CPU
		{7F4F28E9-E66B-4AB7-8E6F-B9781DECBDB7}.Debug|x86.ActiveCfg = Debug|Any CPU
		{7F4F28E9-E66B-4AB7-8E6F-B9781DECBDB7}.Debug|x86.Build.0 = Debug|Any CPU
		{7F4F28E9-E66B-4AB7-8E6F-B9781DECBDB7}.Release|Any CPU.ActiveCfg = Release|Any CPU
		{7F4F28E9-E66B-4AB7-8E6F-B9781DECBDB7}.Release|Any CPU.Build.0 = Release|Any CPU
		{7F4F28E9-E66B-4AB7-8E6F-B9781DECBDB7}.Release|ARM.ActiveCfg = Release|Any CPU
		{7F4F28E9-E66B-4AB7-8E6F-B9781DECBDB7}.Release|ARM.Build.0 = Release|Any CPU
		{7F4F28E9-E66B-4AB7-8E6F-B9781DECBDB7}.Release|iPhone.ActiveCfg = Release|Any CPU
		{7F4F28E9-E66B-4AB7-8E6F-B9781DECBDB7}.Release|iPhone.Build.0 = Release|Any CPU
		{7F4F28E9-E66B-4AB7-8E6F-B9781DECBDB7}.Release|iPhoneSimulator.ActiveCfg = Release|Any CPU
		{7F4F28E9-E66B-4AB7-8E6F-B9781DECBDB7}.Release|iPhoneSimulator.Build.0 = Release|Any CPU
		{7F4F28E9-E66B-4AB7-8E6F-B9781DECBDB7}.Release|x64.ActiveCfg = Release|Any CPU
		{7F4F28E9-E66B-4AB7-8E6F-B9781DECBDB7}.Release|x64.Build.0 = Release|Any CPU
		{7F4F28E9-E66B-4AB7-8E6F-B9781DECBDB7}.Release|x86.ActiveCfg = Release|Any CPU
		{7F4F28E9-E66B-4AB7-8E6F-B9781DECBDB7}.Release|x86.Build.0 = Release|Any CPU
		{C25EA1CA-EB61-4478-85D4-F7772EF7284B}.Ad-Hoc|Any CPU.ActiveCfg = Release|Any CPU
		{C25EA1CA-EB61-4478-85D4-F7772EF7284B}.Ad-Hoc|Any CPU.Build.0 = Release|Any CPU
		{C25EA1CA-EB61-4478-85D4-F7772EF7284B}.Ad-Hoc|ARM.ActiveCfg = Release|Any CPU
		{C25EA1CA-EB61-4478-85D4-F7772EF7284B}.Ad-Hoc|ARM.Build.0 = Release|Any CPU
		{C25EA1CA-EB61-4478-85D4-F7772EF7284B}.Ad-Hoc|iPhone.ActiveCfg = Release|Any CPU
		{C25EA1CA-EB61-4478-85D4-F7772EF7284B}.Ad-Hoc|iPhone.Build.0 = Release|Any CPU
		{C25EA1CA-EB61-4478-85D4-F7772EF7284B}.Ad-Hoc|iPhoneSimulator.ActiveCfg = Release|Any CPU
		{C25EA1CA-EB61-4478-85D4-F7772EF7284B}.Ad-Hoc|iPhoneSimulator.Build.0 = Release|Any CPU
		{C25EA1CA-EB61-4478-85D4-F7772EF7284B}.Ad-Hoc|x64.ActiveCfg = Release|Any CPU
		{C25EA1CA-EB61-4478-85D4-F7772EF7284B}.Ad-Hoc|x64.Build.0 = Release|Any CPU
		{C25EA1CA-EB61-4478-85D4-F7772EF7284B}.Ad-Hoc|x86.ActiveCfg = Release|Any CPU
		{C25EA1CA-EB61-4478-85D4-F7772EF7284B}.Ad-Hoc|x86.Build.0 = Release|Any CPU
		{C25EA1CA-EB61-4478-85D4-F7772EF7284B}.AppStore|Any CPU.ActiveCfg = Release|Any CPU
		{C25EA1CA-EB61-4478-85D4-F7772EF7284B}.AppStore|Any CPU.Build.0 = Release|Any CPU
		{C25EA1CA-EB61-4478-85D4-F7772EF7284B}.AppStore|ARM.ActiveCfg = Release|Any CPU
		{C25EA1CA-EB61-4478-85D4-F7772EF7284B}.AppStore|ARM.Build.0 = Release|Any CPU
		{C25EA1CA-EB61-4478-85D4-F7772EF7284B}.AppStore|iPhone.ActiveCfg = Release|Any CPU
		{C25EA1CA-EB61-4478-85D4-F7772EF7284B}.AppStore|iPhone.Build.0 = Release|Any CPU
		{C25EA1CA-EB61-4478-85D4-F7772EF7284B}.AppStore|iPhoneSimulator.ActiveCfg = Release|Any CPU
		{C25EA1CA-EB61-4478-85D4-F7772EF7284B}.AppStore|iPhoneSimulator.Build.0 = Release|Any CPU
		{C25EA1CA-EB61-4478-85D4-F7772EF7284B}.AppStore|x64.ActiveCfg = Release|Any CPU
		{C25EA1CA-EB61-4478-85D4-F7772EF7284B}.AppStore|x64.Build.0 = Release|Any CPU
		{C25EA1CA-EB61-4478-85D4-F7772EF7284B}.AppStore|x86.ActiveCfg = Release|Any CPU
		{C25EA1CA-EB61-4478-85D4-F7772EF7284B}.AppStore|x86.Build.0 = Release|Any CPU
		{C25EA1CA-EB61-4478-85D4-F7772EF7284B}.Debug|Any CPU.ActiveCfg = Debug|Any CPU
		{C25EA1CA-EB61-4478-85D4-F7772EF7284B}.Debug|Any CPU.Build.0 = Debug|Any CPU
		{C25EA1CA-EB61-4478-85D4-F7772EF7284B}.Debug|ARM.ActiveCfg = Debug|Any CPU
		{C25EA1CA-EB61-4478-85D4-F7772EF7284B}.Debug|ARM.Build.0 = Debug|Any CPU
		{C25EA1CA-EB61-4478-85D4-F7772EF7284B}.Debug|iPhone.ActiveCfg = Debug|Any CPU
		{C25EA1CA-EB61-4478-85D4-F7772EF7284B}.Debug|iPhone.Build.0 = Debug|Any CPU
		{C25EA1CA-EB61-4478-85D4-F7772EF7284B}.Debug|iPhoneSimulator.ActiveCfg = Debug|Any CPU
		{C25EA1CA-EB61-4478-85D4-F7772EF7284B}.Debug|iPhoneSimulator.Build.0 = Debug|Any CPU
		{C25EA1CA-EB61-4478-85D4-F7772EF7284B}.Debug|x64.ActiveCfg = Debug|Any CPU
		{C25EA1CA-EB61-4478-85D4-F7772EF7284B}.Debug|x64.Build.0 = Debug|Any CPU
		{C25EA1CA-EB61-4478-85D4-F7772EF7284B}.Debug|x86.ActiveCfg = Debug|Any CPU
		{C25EA1CA-EB61-4478-85D4-F7772EF7284B}.Debug|x86.Build.0 = Debug|Any CPU
		{C25EA1CA-EB61-4478-85D4-F7772EF7284B}.Release|Any CPU.ActiveCfg = Release|Any CPU
		{C25EA1CA-EB61-4478-85D4-F7772EF7284B}.Release|Any CPU.Build.0 = Release|Any CPU
		{C25EA1CA-EB61-4478-85D4-F7772EF7284B}.Release|ARM.ActiveCfg = Release|Any CPU
		{C25EA1CA-EB61-4478-85D4-F7772EF7284B}.Release|ARM.Build.0 = Release|Any CPU
		{C25EA1CA-EB61-4478-85D4-F7772EF7284B}.Release|iPhone.ActiveCfg = Release|Any CPU
		{C25EA1CA-EB61-4478-85D4-F7772EF7284B}.Release|iPhone.Build.0 = Release|Any CPU
		{C25EA1CA-EB61-4478-85D4-F7772EF7284B}.Release|iPhoneSimulator.ActiveCfg = Release|Any CPU
		{C25EA1CA-EB61-4478-85D4-F7772EF7284B}.Release|iPhoneSimulator.Build.0 = Release|Any CPU
		{C25EA1CA-EB61-4478-85D4-F7772EF7284B}.Release|x64.ActiveCfg = Release|Any CPU
		{C25EA1CA-EB61-4478-85D4-F7772EF7284B}.Release|x64.Build.0 = Release|Any CPU
		{C25EA1CA-EB61-4478-85D4-F7772EF7284B}.Release|x86.ActiveCfg = Release|Any CPU
		{C25EA1CA-EB61-4478-85D4-F7772EF7284B}.Release|x86.Build.0 = Release|Any CPU
		{424CAA3E-8CA0-4D8E-9A01-C1FB3ADB8EFD}.Ad-Hoc|Any CPU.ActiveCfg = Release|Any CPU
		{424CAA3E-8CA0-4D8E-9A01-C1FB3ADB8EFD}.Ad-Hoc|Any CPU.Build.0 = Release|Any CPU
		{424CAA3E-8CA0-4D8E-9A01-C1FB3ADB8EFD}.Ad-Hoc|ARM.ActiveCfg = Release|ARM
		{424CAA3E-8CA0-4D8E-9A01-C1FB3ADB8EFD}.Ad-Hoc|ARM.Build.0 = Release|ARM
		{424CAA3E-8CA0-4D8E-9A01-C1FB3ADB8EFD}.Ad-Hoc|iPhone.ActiveCfg = Release|Any CPU
		{424CAA3E-8CA0-4D8E-9A01-C1FB3ADB8EFD}.Ad-Hoc|iPhone.Build.0 = Release|Any CPU
		{424CAA3E-8CA0-4D8E-9A01-C1FB3ADB8EFD}.Ad-Hoc|iPhoneSimulator.ActiveCfg = Release|Any CPU
		{424CAA3E-8CA0-4D8E-9A01-C1FB3ADB8EFD}.Ad-Hoc|iPhoneSimulator.Build.0 = Release|Any CPU
		{424CAA3E-8CA0-4D8E-9A01-C1FB3ADB8EFD}.Ad-Hoc|x64.ActiveCfg = Release|x64
		{424CAA3E-8CA0-4D8E-9A01-C1FB3ADB8EFD}.Ad-Hoc|x64.Build.0 = Release|x64
		{424CAA3E-8CA0-4D8E-9A01-C1FB3ADB8EFD}.Ad-Hoc|x86.ActiveCfg = Release|x86
		{424CAA3E-8CA0-4D8E-9A01-C1FB3ADB8EFD}.Ad-Hoc|x86.Build.0 = Release|x86
		{424CAA3E-8CA0-4D8E-9A01-C1FB3ADB8EFD}.AppStore|Any CPU.ActiveCfg = Release|Any CPU
		{424CAA3E-8CA0-4D8E-9A01-C1FB3ADB8EFD}.AppStore|Any CPU.Build.0 = Release|Any CPU
		{424CAA3E-8CA0-4D8E-9A01-C1FB3ADB8EFD}.AppStore|ARM.ActiveCfg = Release|ARM
		{424CAA3E-8CA0-4D8E-9A01-C1FB3ADB8EFD}.AppStore|ARM.Build.0 = Release|ARM
		{424CAA3E-8CA0-4D8E-9A01-C1FB3ADB8EFD}.AppStore|iPhone.ActiveCfg = Release|Any CPU
		{424CAA3E-8CA0-4D8E-9A01-C1FB3ADB8EFD}.AppStore|iPhone.Build.0 = Release|Any CPU
		{424CAA3E-8CA0-4D8E-9A01-C1FB3ADB8EFD}.AppStore|iPhoneSimulator.ActiveCfg = Release|Any CPU
		{424CAA3E-8CA0-4D8E-9A01-C1FB3ADB8EFD}.AppStore|iPhoneSimulator.Build.0 = Release|Any CPU
		{424CAA3E-8CA0-4D8E-9A01-C1FB3ADB8EFD}.AppStore|x64.ActiveCfg = Release|x64
		{424CAA3E-8CA0-4D8E-9A01-C1FB3ADB8EFD}.AppStore|x64.Build.0 = Release|x64
		{424CAA3E-8CA0-4D8E-9A01-C1FB3ADB8EFD}.AppStore|x86.ActiveCfg = Release|x86
		{424CAA3E-8CA0-4D8E-9A01-C1FB3ADB8EFD}.AppStore|x86.Build.0 = Release|x86
		{424CAA3E-8CA0-4D8E-9A01-C1FB3ADB8EFD}.Debug|Any CPU.ActiveCfg = Debug|Any CPU
		{424CAA3E-8CA0-4D8E-9A01-C1FB3ADB8EFD}.Debug|Any CPU.Build.0 = Debug|Any CPU
		{424CAA3E-8CA0-4D8E-9A01-C1FB3ADB8EFD}.Debug|ARM.ActiveCfg = Debug|ARM
		{424CAA3E-8CA0-4D8E-9A01-C1FB3ADB8EFD}.Debug|ARM.Build.0 = Debug|ARM
		{424CAA3E-8CA0-4D8E-9A01-C1FB3ADB8EFD}.Debug|iPhone.ActiveCfg = Debug|Any CPU
		{424CAA3E-8CA0-4D8E-9A01-C1FB3ADB8EFD}.Debug|iPhone.Build.0 = Debug|Any CPU
		{424CAA3E-8CA0-4D8E-9A01-C1FB3ADB8EFD}.Debug|iPhoneSimulator.ActiveCfg = Debug|Any CPU
		{424CAA3E-8CA0-4D8E-9A01-C1FB3ADB8EFD}.Debug|iPhoneSimulator.Build.0 = Debug|Any CPU
		{424CAA3E-8CA0-4D8E-9A01-C1FB3ADB8EFD}.Debug|x64.ActiveCfg = Debug|x64
		{424CAA3E-8CA0-4D8E-9A01-C1FB3ADB8EFD}.Debug|x64.Build.0 = Debug|x64
		{424CAA3E-8CA0-4D8E-9A01-C1FB3ADB8EFD}.Debug|x86.ActiveCfg = Debug|x86
		{424CAA3E-8CA0-4D8E-9A01-C1FB3ADB8EFD}.Debug|x86.Build.0 = Debug|x86
		{424CAA3E-8CA0-4D8E-9A01-C1FB3ADB8EFD}.Release|Any CPU.ActiveCfg = Release|Any CPU
		{424CAA3E-8CA0-4D8E-9A01-C1FB3ADB8EFD}.Release|Any CPU.Build.0 = Release|Any CPU
		{424CAA3E-8CA0-4D8E-9A01-C1FB3ADB8EFD}.Release|ARM.ActiveCfg = Release|ARM
		{424CAA3E-8CA0-4D8E-9A01-C1FB3ADB8EFD}.Release|ARM.Build.0 = Release|ARM
		{424CAA3E-8CA0-4D8E-9A01-C1FB3ADB8EFD}.Release|iPhone.ActiveCfg = Release|Any CPU
		{424CAA3E-8CA0-4D8E-9A01-C1FB3ADB8EFD}.Release|iPhone.Build.0 = Release|Any CPU
		{424CAA3E-8CA0-4D8E-9A01-C1FB3ADB8EFD}.Release|iPhoneSimulator.ActiveCfg = Release|Any CPU
		{424CAA3E-8CA0-4D8E-9A01-C1FB3ADB8EFD}.Release|iPhoneSimulator.Build.0 = Release|Any CPU
		{424CAA3E-8CA0-4D8E-9A01-C1FB3ADB8EFD}.Release|x64.ActiveCfg = Release|x64
		{424CAA3E-8CA0-4D8E-9A01-C1FB3ADB8EFD}.Release|x64.Build.0 = Release|x64
		{424CAA3E-8CA0-4D8E-9A01-C1FB3ADB8EFD}.Release|x86.ActiveCfg = Release|x86
		{424CAA3E-8CA0-4D8E-9A01-C1FB3ADB8EFD}.Release|x86.Build.0 = Release|x86
	EndGlobalSection
	GlobalSection(SolutionProperties) = preSolution
		HideSolutionNode = FALSE
	EndGlobalSection
EndGlobal
