Microsoft Visual Studio Solution File, Format Version 12.00
# Visual Studio Version 16
VisualStudioVersion = 16.0.30204.135
MinimumVisualStudioVersion = 10.0.40219.1
Project("{FAE04EC0-301F-11D3-BF4B-00C04F79EFBC}") = "Xamarin.CommunityToolkit.Sample.Android", "XCT.Sample.Android\Xamarin.CommunityToolkit.Sample.Android.csproj", "{8B80BFA6-7B19-4DE7-BD97-7D84194AD0C2}"
EndProject
Project("{FAE04EC0-301F-11D3-BF4B-00C04F79EFBC}") = "Xamarin.CommunityToolkit.Sample.iOS", "XCT.Sample.iOS\Xamarin.CommunityToolkit.Sample.iOS.csproj", "{B10BD8BF-43EA-4F95-BE5C-42ED8028CC6B}"
EndProject
Project("{9A19103F-16F7-4668-BE54-9A1E7A4F7556}") = "Xamarin.CommunityToolkit.Sample", "XCT.Sample\Xamarin.CommunityToolkit.Sample.csproj", "{81AADE72-D666-4AB0-83D9-8FE366E0755E}"
EndProject
Project("{9A19103F-16F7-4668-BE54-9A1E7A4F7556}") = "Xamarin.CommunityToolkit", "..\src\CommunityToolkit\Xamarin.CommunityToolkit\Xamarin.CommunityToolkit.csproj", "{B0DCDF81-953D-47DA-A7D4-0565339BF07C}"
EndProject
Project("{2150E333-8FDC-42A3-9474-1A3956D46DE8}") = "Tests", "Tests", "{47DFE508-04F1-433D-8C55-0C1ACD033573}"
EndProject
Project("{9A19103F-16F7-4668-BE54-9A1E7A4F7556}") = "Xamarin.CommunityToolkit.UnitTests", "..\src\CommunityToolkit\Xamarin.CommunityToolkit.UnitTests\Xamarin.CommunityToolkit.UnitTests.csproj", "{54B7812B-45A5-4FE2-9CEA-C5F17D65BDE9}"
EndProject
Project("{FAE04EC0-301F-11D3-BF4B-00C04F79EFBC}") = "Xamarin.CommunityToolkit.Sample.UWP", "XCT.Sample.UWP\Xamarin.CommunityToolkit.Sample.UWP.csproj", "{91C748B4-E9ED-4543-880A-26747B03DE3A}"
EndProject
Project("{2150E333-8FDC-42A3-9474-1A3956D46DE8}") = "Solution Items", "Solution Items", "{F695F5E8-420F-475F-A4CF-F5BB3FA6E818}"
	ProjectSection(SolutionItems) = preProject
		..\.editorconfig = ..\.editorconfig
		..\Directory.Build.props = ..\Directory.Build.props
		..\Xamarin.CommunityToolkit.ruleset = ..\Xamarin.CommunityToolkit.ruleset
	EndProjectSection
EndProject
Project("{FAE04EC0-301F-11D3-BF4B-00C04F79EFBC}") = "Xamarin.CommunityToolkit.Sample.WPF", "XCT.Sample.WPF\Xamarin.CommunityToolkit.Sample.WPF.csproj", "{C4D6CD2D-8DF4-4D46-936C-1AB31C87B5EA}"
EndProject
Project("{FAE04EC0-301F-11D3-BF4B-00C04F79EFBC}") = "Xamarin.CommunityToolkit.Sample.GTK", "XCT.Sample.GTK\Xamarin.CommunityToolkit.Sample.GTK.csproj", "{1C9105B3-2BB2-4333-9C52-2E0FC99135CF}"
EndProject
Project("{9A19103F-16F7-4668-BE54-9A1E7A4F7556}") = "Xamarin.CommunityToolkit.Sample.Tizen", "XCT.Sample.Tizen\Xamarin.CommunityToolkit.Sample.Tizen.csproj", "{416FAAA0-D6FD-4F95-BAB9-4A9438053CFD}"
EndProject
Project("{9A19103F-16F7-4668-BE54-9A1E7A4F7556}") = "Xamarin.CommunityToolkit.Markup", "..\src\Markup\Xamarin.CommunityToolkit.Markup\Xamarin.CommunityToolkit.Markup.csproj", "{A5AAB927-15D7-498C-8295-4209F21836CE}"
EndProject
Project("{9A19103F-16F7-4668-BE54-9A1E7A4F7556}") = "Xamarin.CommunityToolkit.Markup.UnitTests", "..\src\Markup\Xamarin.CommunityToolkit.Markup.UnitTests\Xamarin.CommunityToolkit.Markup.UnitTests.csproj", "{AAE423C4-E9B4-434E-885C-2164C12BF79C}"
EndProject
Project("{6EC3EE1D-3C4E-46DD-8F32-0CC8E7565705}") = "Xamarin.CommunityToolkit.Sample.FSharp", "XCT.Sample.FSharp\Xamarin.CommunityToolkit.Sample.FSharp.fsproj", "{D5C2D19A-E929-4587-A9DE-FA50E46AAB59}"
EndProject
Project("{FAE04EC0-301F-11D3-BF4B-00C04F79EFBC}") = "Xamarin.CommunityToolkit.SourceGenerator", "..\src\SourceGenerator\Xamarin.CommunityToolkit.SourceGenerator\Xamarin.CommunityToolkit.SourceGenerator.csproj", "{47143F45-FF3B-4F74-9697-212886E9967E}"
EndProject
Global
	GlobalSection(SolutionConfigurationPlatforms) = preSolution
		Debug|Any CPU = Debug|Any CPU
		Debug|ARM = Debug|ARM
		Debug|iPhone = Debug|iPhone
		Debug|iPhoneSimulator = Debug|iPhoneSimulator
		Debug|x64 = Debug|x64
		Debug|x86 = Debug|x86
		Release|Any CPU = Release|Any CPU
		Release|ARM = Release|ARM
		Release|iPhone = Release|iPhone
		Release|iPhoneSimulator = Release|iPhoneSimulator
		Release|x64 = Release|x64
		Release|x86 = Release|x86
	EndGlobalSection
	GlobalSection(ProjectConfigurationPlatforms) = postSolution
		{8B80BFA6-7B19-4DE7-BD97-7D84194AD0C2}.Debug|Any CPU.ActiveCfg = Debug|Any CPU
		{8B80BFA6-7B19-4DE7-BD97-7D84194AD0C2}.Debug|Any CPU.Build.0 = Debug|Any CPU
		{8B80BFA6-7B19-4DE7-BD97-7D84194AD0C2}.Debug|Any CPU.Deploy.0 = Debug|Any CPU
		{8B80BFA6-7B19-4DE7-BD97-7D84194AD0C2}.Debug|ARM.ActiveCfg = Debug|Any CPU
		{8B80BFA6-7B19-4DE7-BD97-7D84194AD0C2}.Debug|ARM.Build.0 = Debug|Any CPU
		{8B80BFA6-7B19-4DE7-BD97-7D84194AD0C2}.Debug|iPhone.ActiveCfg = Debug|Any CPU
		{8B80BFA6-7B19-4DE7-BD97-7D84194AD0C2}.Debug|iPhone.Build.0 = Debug|Any CPU
		{8B80BFA6-7B19-4DE7-BD97-7D84194AD0C2}.Debug|iPhoneSimulator.ActiveCfg = Debug|Any CPU
		{8B80BFA6-7B19-4DE7-BD97-7D84194AD0C2}.Debug|iPhoneSimulator.Build.0 = Debug|Any CPU
		{8B80BFA6-7B19-4DE7-BD97-7D84194AD0C2}.Debug|x64.ActiveCfg = Debug|Any CPU
		{8B80BFA6-7B19-4DE7-BD97-7D84194AD0C2}.Debug|x64.Build.0 = Debug|Any CPU
		{8B80BFA6-7B19-4DE7-BD97-7D84194AD0C2}.Debug|x86.ActiveCfg = Debug|Any CPU
		{8B80BFA6-7B19-4DE7-BD97-7D84194AD0C2}.Debug|x86.Build.0 = Debug|Any CPU
		{8B80BFA6-7B19-4DE7-BD97-7D84194AD0C2}.Release|Any CPU.ActiveCfg = Release|Any CPU
		{8B80BFA6-7B19-4DE7-BD97-7D84194AD0C2}.Release|Any CPU.Build.0 = Release|Any CPU
		{8B80BFA6-7B19-4DE7-BD97-7D84194AD0C2}.Release|Any CPU.Deploy.0 = Release|Any CPU
		{8B80BFA6-7B19-4DE7-BD97-7D84194AD0C2}.Release|ARM.ActiveCfg = Release|Any CPU
		{8B80BFA6-7B19-4DE7-BD97-7D84194AD0C2}.Release|ARM.Build.0 = Release|Any CPU
		{8B80BFA6-7B19-4DE7-BD97-7D84194AD0C2}.Release|iPhone.ActiveCfg = Release|Any CPU
		{8B80BFA6-7B19-4DE7-BD97-7D84194AD0C2}.Release|iPhone.Build.0 = Release|Any CPU
		{8B80BFA6-7B19-4DE7-BD97-7D84194AD0C2}.Release|iPhoneSimulator.ActiveCfg = Release|Any CPU
		{8B80BFA6-7B19-4DE7-BD97-7D84194AD0C2}.Release|iPhoneSimulator.Build.0 = Release|Any CPU
		{8B80BFA6-7B19-4DE7-BD97-7D84194AD0C2}.Release|x64.ActiveCfg = Release|Any CPU
		{8B80BFA6-7B19-4DE7-BD97-7D84194AD0C2}.Release|x64.Build.0 = Release|Any CPU
		{8B80BFA6-7B19-4DE7-BD97-7D84194AD0C2}.Release|x86.ActiveCfg = Release|Any CPU
		{8B80BFA6-7B19-4DE7-BD97-7D84194AD0C2}.Release|x86.Build.0 = Release|Any CPU
		{B10BD8BF-43EA-4F95-BE5C-42ED8028CC6B}.Debug|Any CPU.ActiveCfg = Debug|iPhone
		{B10BD8BF-43EA-4F95-BE5C-42ED8028CC6B}.Debug|Any CPU.Build.0 = Debug|iPhone
		{B10BD8BF-43EA-4F95-BE5C-42ED8028CC6B}.Debug|Any CPU.Deploy.0 = Debug|iPhone
		{B10BD8BF-43EA-4F95-BE5C-42ED8028CC6B}.Debug|ARM.ActiveCfg = Debug|iPhoneSimulator
		{B10BD8BF-43EA-4F95-BE5C-42ED8028CC6B}.Debug|iPhone.ActiveCfg = Debug|iPhone
		{B10BD8BF-43EA-4F95-BE5C-42ED8028CC6B}.Debug|iPhone.Build.0 = Debug|iPhone
		{B10BD8BF-43EA-4F95-BE5C-42ED8028CC6B}.Debug|iPhone.Deploy.0 = Debug|iPhone
		{B10BD8BF-43EA-4F95-BE5C-42ED8028CC6B}.Debug|iPhoneSimulator.ActiveCfg = Debug|iPhoneSimulator
		{B10BD8BF-43EA-4F95-BE5C-42ED8028CC6B}.Debug|iPhoneSimulator.Build.0 = Debug|iPhoneSimulator
		{B10BD8BF-43EA-4F95-BE5C-42ED8028CC6B}.Debug|iPhoneSimulator.Deploy.0 = Debug|iPhoneSimulator
		{B10BD8BF-43EA-4F95-BE5C-42ED8028CC6B}.Debug|x64.ActiveCfg = Debug|iPhoneSimulator
		{B10BD8BF-43EA-4F95-BE5C-42ED8028CC6B}.Debug|x86.ActiveCfg = Debug|iPhoneSimulator
		{B10BD8BF-43EA-4F95-BE5C-42ED8028CC6B}.Release|Any CPU.ActiveCfg = Release|iPhone
		{B10BD8BF-43EA-4F95-BE5C-42ED8028CC6B}.Release|Any CPU.Build.0 = Release|iPhone
		{B10BD8BF-43EA-4F95-BE5C-42ED8028CC6B}.Release|Any CPU.Deploy.0 = Release|iPhone
		{B10BD8BF-43EA-4F95-BE5C-42ED8028CC6B}.Release|ARM.ActiveCfg = Release|iPhoneSimulator
		{B10BD8BF-43EA-4F95-BE5C-42ED8028CC6B}.Release|iPhone.ActiveCfg = Release|iPhone
		{B10BD8BF-43EA-4F95-BE5C-42ED8028CC6B}.Release|iPhone.Build.0 = Release|iPhone
		{B10BD8BF-43EA-4F95-BE5C-42ED8028CC6B}.Release|iPhone.Deploy.0 = Release|iPhone
		{B10BD8BF-43EA-4F95-BE5C-42ED8028CC6B}.Release|iPhoneSimulator.ActiveCfg = Release|iPhoneSimulator
		{B10BD8BF-43EA-4F95-BE5C-42ED8028CC6B}.Release|iPhoneSimulator.Build.0 = Release|iPhoneSimulator
		{B10BD8BF-43EA-4F95-BE5C-42ED8028CC6B}.Release|iPhoneSimulator.Deploy.0 = Release|iPhoneSimulator
		{B10BD8BF-43EA-4F95-BE5C-42ED8028CC6B}.Release|x64.ActiveCfg = Release|iPhoneSimulator
		{B10BD8BF-43EA-4F95-BE5C-42ED8028CC6B}.Release|x86.ActiveCfg = Release|iPhoneSimulator
		{81AADE72-D666-4AB0-83D9-8FE366E0755E}.Debug|Any CPU.ActiveCfg = Debug|Any CPU
		{81AADE72-D666-4AB0-83D9-8FE366E0755E}.Debug|Any CPU.Build.0 = Debug|Any CPU
		{81AADE72-D666-4AB0-83D9-8FE366E0755E}.Debug|Any CPU.Deploy.0 = Debug|Any CPU
		{81AADE72-D666-4AB0-83D9-8FE366E0755E}.Debug|ARM.ActiveCfg = Debug|Any CPU
		{81AADE72-D666-4AB0-83D9-8FE366E0755E}.Debug|ARM.Build.0 = Debug|Any CPU
		{81AADE72-D666-4AB0-83D9-8FE366E0755E}.Debug|iPhone.ActiveCfg = Debug|Any CPU
		{81AADE72-D666-4AB0-83D9-8FE366E0755E}.Debug|iPhone.Build.0 = Debug|Any CPU
		{81AADE72-D666-4AB0-83D9-8FE366E0755E}.Debug|iPhone.Deploy.0 = Debug|Any CPU
		{81AADE72-D666-4AB0-83D9-8FE366E0755E}.Debug|iPhoneSimulator.ActiveCfg = Debug|Any CPU
		{81AADE72-D666-4AB0-83D9-8FE366E0755E}.Debug|iPhoneSimulator.Build.0 = Debug|Any CPU
		{81AADE72-D666-4AB0-83D9-8FE366E0755E}.Debug|iPhoneSimulator.Deploy.0 = Debug|Any CPU
		{81AADE72-D666-4AB0-83D9-8FE366E0755E}.Debug|x64.ActiveCfg = Debug|Any CPU
		{81AADE72-D666-4AB0-83D9-8FE366E0755E}.Debug|x64.Build.0 = Debug|Any CPU
		{81AADE72-D666-4AB0-83D9-8FE366E0755E}.Debug|x86.ActiveCfg = Debug|Any CPU
		{81AADE72-D666-4AB0-83D9-8FE366E0755E}.Debug|x86.Build.0 = Debug|Any CPU
		{81AADE72-D666-4AB0-83D9-8FE366E0755E}.Release|Any CPU.ActiveCfg = Release|Any CPU
		{81AADE72-D666-4AB0-83D9-8FE366E0755E}.Release|Any CPU.Build.0 = Release|Any CPU
		{81AADE72-D666-4AB0-83D9-8FE366E0755E}.Release|Any CPU.Deploy.0 = Release|Any CPU
		{81AADE72-D666-4AB0-83D9-8FE366E0755E}.Release|ARM.ActiveCfg = Release|Any CPU
		{81AADE72-D666-4AB0-83D9-8FE366E0755E}.Release|ARM.Build.0 = Release|Any CPU
		{81AADE72-D666-4AB0-83D9-8FE366E0755E}.Release|iPhone.ActiveCfg = Release|Any CPU
		{81AADE72-D666-4AB0-83D9-8FE366E0755E}.Release|iPhone.Build.0 = Release|Any CPU
		{81AADE72-D666-4AB0-83D9-8FE366E0755E}.Release|iPhone.Deploy.0 = Release|Any CPU
		{81AADE72-D666-4AB0-83D9-8FE366E0755E}.Release|iPhoneSimulator.ActiveCfg = Release|Any CPU
		{81AADE72-D666-4AB0-83D9-8FE366E0755E}.Release|iPhoneSimulator.Build.0 = Release|Any CPU
		{81AADE72-D666-4AB0-83D9-8FE366E0755E}.Release|iPhoneSimulator.Deploy.0 = Release|Any CPU
		{81AADE72-D666-4AB0-83D9-8FE366E0755E}.Release|x64.ActiveCfg = Release|Any CPU
		{81AADE72-D666-4AB0-83D9-8FE366E0755E}.Release|x64.Build.0 = Release|Any CPU
		{81AADE72-D666-4AB0-83D9-8FE366E0755E}.Release|x86.ActiveCfg = Release|Any CPU
		{81AADE72-D666-4AB0-83D9-8FE366E0755E}.Release|x86.Build.0 = Release|Any CPU
		{B0DCDF81-953D-47DA-A7D4-0565339BF07C}.Debug|Any CPU.ActiveCfg = Debug|Any CPU
		{B0DCDF81-953D-47DA-A7D4-0565339BF07C}.Debug|Any CPU.Build.0 = Debug|Any CPU
		{B0DCDF81-953D-47DA-A7D4-0565339BF07C}.Debug|ARM.ActiveCfg = Debug|Any CPU
		{B0DCDF81-953D-47DA-A7D4-0565339BF07C}.Debug|ARM.Build.0 = Debug|Any CPU
		{B0DCDF81-953D-47DA-A7D4-0565339BF07C}.Debug|iPhone.ActiveCfg = Debug|Any CPU
		{B0DCDF81-953D-47DA-A7D4-0565339BF07C}.Debug|iPhone.Build.0 = Debug|Any CPU
		{B0DCDF81-953D-47DA-A7D4-0565339BF07C}.Debug|iPhoneSimulator.ActiveCfg = Debug|Any CPU
		{B0DCDF81-953D-47DA-A7D4-0565339BF07C}.Debug|iPhoneSimulator.Build.0 = Debug|Any CPU
		{B0DCDF81-953D-47DA-A7D4-0565339BF07C}.Debug|x64.ActiveCfg = Debug|Any CPU
		{B0DCDF81-953D-47DA-A7D4-0565339BF07C}.Debug|x64.Build.0 = Debug|Any CPU
		{B0DCDF81-953D-47DA-A7D4-0565339BF07C}.Debug|x86.ActiveCfg = Debug|Any CPU
		{B0DCDF81-953D-47DA-A7D4-0565339BF07C}.Debug|x86.Build.0 = Debug|Any CPU
		{B0DCDF81-953D-47DA-A7D4-0565339BF07C}.Release|Any CPU.ActiveCfg = Release|Any CPU
		{B0DCDF81-953D-47DA-A7D4-0565339BF07C}.Release|Any CPU.Build.0 = Release|Any CPU
		{B0DCDF81-953D-47DA-A7D4-0565339BF07C}.Release|ARM.ActiveCfg = Release|Any CPU
		{B0DCDF81-953D-47DA-A7D4-0565339BF07C}.Release|ARM.Build.0 = Release|Any CPU
		{B0DCDF81-953D-47DA-A7D4-0565339BF07C}.Release|iPhone.ActiveCfg = Release|Any CPU
		{B0DCDF81-953D-47DA-A7D4-0565339BF07C}.Release|iPhone.Build.0 = Release|Any CPU
		{B0DCDF81-953D-47DA-A7D4-0565339BF07C}.Release|iPhoneSimulator.ActiveCfg = Release|Any CPU
		{B0DCDF81-953D-47DA-A7D4-0565339BF07C}.Release|iPhoneSimulator.Build.0 = Release|Any CPU
		{B0DCDF81-953D-47DA-A7D4-0565339BF07C}.Release|x64.ActiveCfg = Release|Any CPU
		{B0DCDF81-953D-47DA-A7D4-0565339BF07C}.Release|x64.Build.0 = Release|Any CPU
		{B0DCDF81-953D-47DA-A7D4-0565339BF07C}.Release|x86.ActiveCfg = Release|Any CPU
		{B0DCDF81-953D-47DA-A7D4-0565339BF07C}.Release|x86.Build.0 = Release|Any CPU
		{54B7812B-45A5-4FE2-9CEA-C5F17D65BDE9}.Debug|Any CPU.ActiveCfg = Debug|Any CPU
		{54B7812B-45A5-4FE2-9CEA-C5F17D65BDE9}.Debug|Any CPU.Build.0 = Debug|Any CPU
		{54B7812B-45A5-4FE2-9CEA-C5F17D65BDE9}.Debug|ARM.ActiveCfg = Debug|Any CPU
		{54B7812B-45A5-4FE2-9CEA-C5F17D65BDE9}.Debug|ARM.Build.0 = Debug|Any CPU
		{54B7812B-45A5-4FE2-9CEA-C5F17D65BDE9}.Debug|iPhone.ActiveCfg = Debug|Any CPU
		{54B7812B-45A5-4FE2-9CEA-C5F17D65BDE9}.Debug|iPhone.Build.0 = Debug|Any CPU
		{54B7812B-45A5-4FE2-9CEA-C5F17D65BDE9}.Debug|iPhoneSimulator.ActiveCfg = Debug|Any CPU
		{54B7812B-45A5-4FE2-9CEA-C5F17D65BDE9}.Debug|iPhoneSimulator.Build.0 = Debug|Any CPU
		{54B7812B-45A5-4FE2-9CEA-C5F17D65BDE9}.Debug|x64.ActiveCfg = Debug|Any CPU
		{54B7812B-45A5-4FE2-9CEA-C5F17D65BDE9}.Debug|x64.Build.0 = Debug|Any CPU
		{54B7812B-45A5-4FE2-9CEA-C5F17D65BDE9}.Debug|x86.ActiveCfg = Debug|Any CPU
		{54B7812B-45A5-4FE2-9CEA-C5F17D65BDE9}.Debug|x86.Build.0 = Debug|Any CPU
		{54B7812B-45A5-4FE2-9CEA-C5F17D65BDE9}.Release|Any CPU.ActiveCfg = Release|Any CPU
		{54B7812B-45A5-4FE2-9CEA-C5F17D65BDE9}.Release|Any CPU.Build.0 = Release|Any CPU
		{54B7812B-45A5-4FE2-9CEA-C5F17D65BDE9}.Release|ARM.ActiveCfg = Release|Any CPU
		{54B7812B-45A5-4FE2-9CEA-C5F17D65BDE9}.Release|ARM.Build.0 = Release|Any CPU
		{54B7812B-45A5-4FE2-9CEA-C5F17D65BDE9}.Release|iPhone.ActiveCfg = Release|Any CPU
		{54B7812B-45A5-4FE2-9CEA-C5F17D65BDE9}.Release|iPhone.Build.0 = Release|Any CPU
		{54B7812B-45A5-4FE2-9CEA-C5F17D65BDE9}.Release|iPhoneSimulator.ActiveCfg = Release|Any CPU
		{54B7812B-45A5-4FE2-9CEA-C5F17D65BDE9}.Release|iPhoneSimulator.Build.0 = Release|Any CPU
		{54B7812B-45A5-4FE2-9CEA-C5F17D65BDE9}.Release|x64.ActiveCfg = Release|Any CPU
		{54B7812B-45A5-4FE2-9CEA-C5F17D65BDE9}.Release|x64.Build.0 = Release|Any CPU
		{54B7812B-45A5-4FE2-9CEA-C5F17D65BDE9}.Release|x86.ActiveCfg = Release|Any CPU
		{54B7812B-45A5-4FE2-9CEA-C5F17D65BDE9}.Release|x86.Build.0 = Release|Any CPU
		{91C748B4-E9ED-4543-880A-26747B03DE3A}.Debug|Any CPU.ActiveCfg = Debug|x86
		{91C748B4-E9ED-4543-880A-26747B03DE3A}.Debug|Any CPU.Build.0 = Debug|x86
		{91C748B4-E9ED-4543-880A-26747B03DE3A}.Debug|Any CPU.Deploy.0 = Debug|x86
		{91C748B4-E9ED-4543-880A-26747B03DE3A}.Debug|ARM.ActiveCfg = Debug|ARM
		{91C748B4-E9ED-4543-880A-26747B03DE3A}.Debug|ARM.Build.0 = Debug|ARM
		{91C748B4-E9ED-4543-880A-26747B03DE3A}.Debug|ARM.Deploy.0 = Debug|ARM
		{91C748B4-E9ED-4543-880A-26747B03DE3A}.Debug|iPhone.ActiveCfg = Debug|x86
		{91C748B4-E9ED-4543-880A-26747B03DE3A}.Debug|iPhoneSimulator.ActiveCfg = Debug|x86
		{91C748B4-E9ED-4543-880A-26747B03DE3A}.Debug|iPhoneSimulator.Build.0 = Debug|x86
		{91C748B4-E9ED-4543-880A-26747B03DE3A}.Debug|iPhoneSimulator.Deploy.0 = Debug|x86
		{91C748B4-E9ED-4543-880A-26747B03DE3A}.Debug|x64.ActiveCfg = Debug|x64
		{91C748B4-E9ED-4543-880A-26747B03DE3A}.Debug|x64.Build.0 = Debug|x64
		{91C748B4-E9ED-4543-880A-26747B03DE3A}.Debug|x64.Deploy.0 = Debug|x64
		{91C748B4-E9ED-4543-880A-26747B03DE3A}.Debug|x86.ActiveCfg = Debug|x86
		{91C748B4-E9ED-4543-880A-26747B03DE3A}.Debug|x86.Build.0 = Debug|x86
		{91C748B4-E9ED-4543-880A-26747B03DE3A}.Debug|x86.Deploy.0 = Debug|x86
		{91C748B4-E9ED-4543-880A-26747B03DE3A}.Release|Any CPU.ActiveCfg = Release|x86
		{91C748B4-E9ED-4543-880A-26747B03DE3A}.Release|Any CPU.Build.0 = Release|x86
		{91C748B4-E9ED-4543-880A-26747B03DE3A}.Release|Any CPU.Deploy.0 = Release|x86
		{91C748B4-E9ED-4543-880A-26747B03DE3A}.Release|ARM.ActiveCfg = Release|ARM
		{91C748B4-E9ED-4543-880A-26747B03DE3A}.Release|ARM.Build.0 = Release|ARM
		{91C748B4-E9ED-4543-880A-26747B03DE3A}.Release|ARM.Deploy.0 = Release|ARM
		{91C748B4-E9ED-4543-880A-26747B03DE3A}.Release|iPhone.ActiveCfg = Release|x86
		{91C748B4-E9ED-4543-880A-26747B03DE3A}.Release|iPhoneSimulator.ActiveCfg = Release|x86
		{91C748B4-E9ED-4543-880A-26747B03DE3A}.Release|x64.ActiveCfg = Release|x64
		{91C748B4-E9ED-4543-880A-26747B03DE3A}.Release|x64.Build.0 = Release|x64
		{91C748B4-E9ED-4543-880A-26747B03DE3A}.Release|x64.Deploy.0 = Release|x64
		{91C748B4-E9ED-4543-880A-26747B03DE3A}.Release|x86.ActiveCfg = Release|x86
		{91C748B4-E9ED-4543-880A-26747B03DE3A}.Release|x86.Build.0 = Release|x86
		{91C748B4-E9ED-4543-880A-26747B03DE3A}.Release|x86.Deploy.0 = Release|x86
		{C4D6CD2D-8DF4-4D46-936C-1AB31C87B5EA}.Debug|Any CPU.ActiveCfg = Debug|Any CPU
		{C4D6CD2D-8DF4-4D46-936C-1AB31C87B5EA}.Debug|Any CPU.Build.0 = Debug|Any CPU
		{C4D6CD2D-8DF4-4D46-936C-1AB31C87B5EA}.Debug|ARM.ActiveCfg = Debug|Any CPU
		{C4D6CD2D-8DF4-4D46-936C-1AB31C87B5EA}.Debug|ARM.Build.0 = Debug|Any CPU
		{C4D6CD2D-8DF4-4D46-936C-1AB31C87B5EA}.Debug|iPhone.ActiveCfg = Debug|Any CPU
		{C4D6CD2D-8DF4-4D46-936C-1AB31C87B5EA}.Debug|iPhone.Build.0 = Debug|Any CPU
		{C4D6CD2D-8DF4-4D46-936C-1AB31C87B5EA}.Debug|iPhoneSimulator.ActiveCfg = Debug|Any CPU
		{C4D6CD2D-8DF4-4D46-936C-1AB31C87B5EA}.Debug|iPhoneSimulator.Build.0 = Debug|Any CPU
		{C4D6CD2D-8DF4-4D46-936C-1AB31C87B5EA}.Debug|x64.ActiveCfg = Debug|Any CPU
		{C4D6CD2D-8DF4-4D46-936C-1AB31C87B5EA}.Debug|x64.Build.0 = Debug|Any CPU
		{C4D6CD2D-8DF4-4D46-936C-1AB31C87B5EA}.Debug|x86.ActiveCfg = Debug|Any CPU
		{C4D6CD2D-8DF4-4D46-936C-1AB31C87B5EA}.Debug|x86.Build.0 = Debug|Any CPU
		{C4D6CD2D-8DF4-4D46-936C-1AB31C87B5EA}.Release|Any CPU.ActiveCfg = Release|Any CPU
		{C4D6CD2D-8DF4-4D46-936C-1AB31C87B5EA}.Release|Any CPU.Build.0 = Release|Any CPU
		{C4D6CD2D-8DF4-4D46-936C-1AB31C87B5EA}.Release|ARM.ActiveCfg = Release|Any CPU
		{C4D6CD2D-8DF4-4D46-936C-1AB31C87B5EA}.Release|ARM.Build.0 = Release|Any CPU
		{C4D6CD2D-8DF4-4D46-936C-1AB31C87B5EA}.Release|iPhone.ActiveCfg = Release|Any CPU
		{C4D6CD2D-8DF4-4D46-936C-1AB31C87B5EA}.Release|iPhone.Build.0 = Release|Any CPU
		{C4D6CD2D-8DF4-4D46-936C-1AB31C87B5EA}.Release|iPhoneSimulator.ActiveCfg = Release|Any CPU
		{C4D6CD2D-8DF4-4D46-936C-1AB31C87B5EA}.Release|iPhoneSimulator.Build.0 = Release|Any CPU
		{C4D6CD2D-8DF4-4D46-936C-1AB31C87B5EA}.Release|x64.ActiveCfg = Release|Any CPU
		{C4D6CD2D-8DF4-4D46-936C-1AB31C87B5EA}.Release|x64.Build.0 = Release|Any CPU
		{C4D6CD2D-8DF4-4D46-936C-1AB31C87B5EA}.Release|x86.ActiveCfg = Release|Any CPU
		{C4D6CD2D-8DF4-4D46-936C-1AB31C87B5EA}.Release|x86.Build.0 = Release|Any CPU
		{1C9105B3-2BB2-4333-9C52-2E0FC99135CF}.Debug|Any CPU.ActiveCfg = Debug|Any CPU
		{1C9105B3-2BB2-4333-9C52-2E0FC99135CF}.Debug|Any CPU.Build.0 = Debug|Any CPU
		{1C9105B3-2BB2-4333-9C52-2E0FC99135CF}.Debug|ARM.ActiveCfg = Debug|Any CPU
		{1C9105B3-2BB2-4333-9C52-2E0FC99135CF}.Debug|ARM.Build.0 = Debug|Any CPU
		{1C9105B3-2BB2-4333-9C52-2E0FC99135CF}.Debug|iPhone.ActiveCfg = Debug|Any CPU
		{1C9105B3-2BB2-4333-9C52-2E0FC99135CF}.Debug|iPhone.Build.0 = Debug|Any CPU
		{1C9105B3-2BB2-4333-9C52-2E0FC99135CF}.Debug|iPhoneSimulator.ActiveCfg = Debug|Any CPU
		{1C9105B3-2BB2-4333-9C52-2E0FC99135CF}.Debug|iPhoneSimulator.Build.0 = Debug|Any CPU
		{1C9105B3-2BB2-4333-9C52-2E0FC99135CF}.Debug|x64.ActiveCfg = Debug|Any CPU
		{1C9105B3-2BB2-4333-9C52-2E0FC99135CF}.Debug|x64.Build.0 = Debug|Any CPU
		{1C9105B3-2BB2-4333-9C52-2E0FC99135CF}.Debug|x86.ActiveCfg = Debug|Any CPU
		{1C9105B3-2BB2-4333-9C52-2E0FC99135CF}.Debug|x86.Build.0 = Debug|Any CPU
		{1C9105B3-2BB2-4333-9C52-2E0FC99135CF}.Release|Any CPU.ActiveCfg = Release|Any CPU
		{1C9105B3-2BB2-4333-9C52-2E0FC99135CF}.Release|Any CPU.Build.0 = Release|Any CPU
		{1C9105B3-2BB2-4333-9C52-2E0FC99135CF}.Release|ARM.ActiveCfg = Release|Any CPU
		{1C9105B3-2BB2-4333-9C52-2E0FC99135CF}.Release|ARM.Build.0 = Release|Any CPU
		{1C9105B3-2BB2-4333-9C52-2E0FC99135CF}.Release|iPhone.ActiveCfg = Release|Any CPU
		{1C9105B3-2BB2-4333-9C52-2E0FC99135CF}.Release|iPhone.Build.0 = Release|Any CPU
		{1C9105B3-2BB2-4333-9C52-2E0FC99135CF}.Release|iPhoneSimulator.ActiveCfg = Release|Any CPU
		{1C9105B3-2BB2-4333-9C52-2E0FC99135CF}.Release|iPhoneSimulator.Build.0 = Release|Any CPU
		{1C9105B3-2BB2-4333-9C52-2E0FC99135CF}.Release|x64.ActiveCfg = Release|Any CPU
		{1C9105B3-2BB2-4333-9C52-2E0FC99135CF}.Release|x64.Build.0 = Release|Any CPU
		{1C9105B3-2BB2-4333-9C52-2E0FC99135CF}.Release|x86.ActiveCfg = Release|Any CPU
		{1C9105B3-2BB2-4333-9C52-2E0FC99135CF}.Release|x86.Build.0 = Release|Any CPU
		{416FAAA0-D6FD-4F95-BAB9-4A9438053CFD}.Debug|Any CPU.ActiveCfg = Debug|Any CPU
		{416FAAA0-D6FD-4F95-BAB9-4A9438053CFD}.Debug|Any CPU.Build.0 = Debug|Any CPU
		{416FAAA0-D6FD-4F95-BAB9-4A9438053CFD}.Debug|ARM.ActiveCfg = Debug|Any CPU
		{416FAAA0-D6FD-4F95-BAB9-4A9438053CFD}.Debug|ARM.Build.0 = Debug|Any CPU
		{416FAAA0-D6FD-4F95-BAB9-4A9438053CFD}.Debug|iPhone.ActiveCfg = Debug|Any CPU
		{416FAAA0-D6FD-4F95-BAB9-4A9438053CFD}.Debug|iPhone.Build.0 = Debug|Any CPU
		{416FAAA0-D6FD-4F95-BAB9-4A9438053CFD}.Debug|iPhoneSimulator.ActiveCfg = Debug|Any CPU
		{416FAAA0-D6FD-4F95-BAB9-4A9438053CFD}.Debug|iPhoneSimulator.Build.0 = Debug|Any CPU
		{416FAAA0-D6FD-4F95-BAB9-4A9438053CFD}.Debug|x64.ActiveCfg = Debug|Any CPU
		{416FAAA0-D6FD-4F95-BAB9-4A9438053CFD}.Debug|x64.Build.0 = Debug|Any CPU
		{416FAAA0-D6FD-4F95-BAB9-4A9438053CFD}.Debug|x86.ActiveCfg = Debug|Any CPU
		{416FAAA0-D6FD-4F95-BAB9-4A9438053CFD}.Debug|x86.Build.0 = Debug|Any CPU
		{416FAAA0-D6FD-4F95-BAB9-4A9438053CFD}.Release|Any CPU.ActiveCfg = Release|Any CPU
		{416FAAA0-D6FD-4F95-BAB9-4A9438053CFD}.Release|Any CPU.Build.0 = Release|Any CPU
		{416FAAA0-D6FD-4F95-BAB9-4A9438053CFD}.Release|ARM.ActiveCfg = Release|Any CPU
		{416FAAA0-D6FD-4F95-BAB9-4A9438053CFD}.Release|ARM.Build.0 = Release|Any CPU
		{416FAAA0-D6FD-4F95-BAB9-4A9438053CFD}.Release|iPhone.ActiveCfg = Release|Any CPU
		{416FAAA0-D6FD-4F95-BAB9-4A9438053CFD}.Release|iPhone.Build.0 = Release|Any CPU
		{416FAAA0-D6FD-4F95-BAB9-4A9438053CFD}.Release|iPhoneSimulator.ActiveCfg = Release|Any CPU
		{416FAAA0-D6FD-4F95-BAB9-4A9438053CFD}.Release|iPhoneSimulator.Build.0 = Release|Any CPU
		{416FAAA0-D6FD-4F95-BAB9-4A9438053CFD}.Release|x64.ActiveCfg = Release|Any CPU
		{416FAAA0-D6FD-4F95-BAB9-4A9438053CFD}.Release|x64.Build.0 = Release|Any CPU
		{416FAAA0-D6FD-4F95-BAB9-4A9438053CFD}.Release|x86.ActiveCfg = Release|Any CPU
		{416FAAA0-D6FD-4F95-BAB9-4A9438053CFD}.Release|x86.Build.0 = Release|Any CPU
		{A5AAB927-15D7-498C-8295-4209F21836CE}.Debug|Any CPU.ActiveCfg = Debug|Any CPU
		{A5AAB927-15D7-498C-8295-4209F21836CE}.Debug|Any CPU.Build.0 = Debug|Any CPU
		{A5AAB927-15D7-498C-8295-4209F21836CE}.Debug|ARM.ActiveCfg = Debug|Any CPU
		{A5AAB927-15D7-498C-8295-4209F21836CE}.Debug|ARM.Build.0 = Debug|Any CPU
		{A5AAB927-15D7-498C-8295-4209F21836CE}.Debug|iPhone.ActiveCfg = Debug|Any CPU
		{A5AAB927-15D7-498C-8295-4209F21836CE}.Debug|iPhone.Build.0 = Debug|Any CPU
		{A5AAB927-15D7-498C-8295-4209F21836CE}.Debug|iPhoneSimulator.ActiveCfg = Debug|Any CPU
		{A5AAB927-15D7-498C-8295-4209F21836CE}.Debug|iPhoneSimulator.Build.0 = Debug|Any CPU
		{A5AAB927-15D7-498C-8295-4209F21836CE}.Debug|x64.ActiveCfg = Debug|Any CPU
		{A5AAB927-15D7-498C-8295-4209F21836CE}.Debug|x64.Build.0 = Debug|Any CPU
		{A5AAB927-15D7-498C-8295-4209F21836CE}.Debug|x86.ActiveCfg = Debug|Any CPU
		{A5AAB927-15D7-498C-8295-4209F21836CE}.Debug|x86.Build.0 = Debug|Any CPU
		{A5AAB927-15D7-498C-8295-4209F21836CE}.Release|Any CPU.ActiveCfg = Release|Any CPU
		{A5AAB927-15D7-498C-8295-4209F21836CE}.Release|Any CPU.Build.0 = Release|Any CPU
		{A5AAB927-15D7-498C-8295-4209F21836CE}.Release|ARM.ActiveCfg = Release|Any CPU
		{A5AAB927-15D7-498C-8295-4209F21836CE}.Release|ARM.Build.0 = Release|Any CPU
		{A5AAB927-15D7-498C-8295-4209F21836CE}.Release|iPhone.ActiveCfg = Release|Any CPU
		{A5AAB927-15D7-498C-8295-4209F21836CE}.Release|iPhone.Build.0 = Release|Any CPU
		{A5AAB927-15D7-498C-8295-4209F21836CE}.Release|iPhoneSimulator.ActiveCfg = Release|Any CPU
		{A5AAB927-15D7-498C-8295-4209F21836CE}.Release|iPhoneSimulator.Build.0 = Release|Any CPU
		{A5AAB927-15D7-498C-8295-4209F21836CE}.Release|x64.ActiveCfg = Release|Any CPU
		{A5AAB927-15D7-498C-8295-4209F21836CE}.Release|x64.Build.0 = Release|Any CPU
		{A5AAB927-15D7-498C-8295-4209F21836CE}.Release|x86.ActiveCfg = Release|Any CPU
		{A5AAB927-15D7-498C-8295-4209F21836CE}.Release|x86.Build.0 = Release|Any CPU
		{AAE423C4-E9B4-434E-885C-2164C12BF79C}.Debug|Any CPU.ActiveCfg = Debug|Any CPU
		{AAE423C4-E9B4-434E-885C-2164C12BF79C}.Debug|Any CPU.Build.0 = Debug|Any CPU
		{AAE423C4-E9B4-434E-885C-2164C12BF79C}.Debug|ARM.ActiveCfg = Debug|Any CPU
		{AAE423C4-E9B4-434E-885C-2164C12BF79C}.Debug|ARM.Build.0 = Debug|Any CPU
		{AAE423C4-E9B4-434E-885C-2164C12BF79C}.Debug|iPhone.ActiveCfg = Debug|Any CPU
		{AAE423C4-E9B4-434E-885C-2164C12BF79C}.Debug|iPhone.Build.0 = Debug|Any CPU
		{AAE423C4-E9B4-434E-885C-2164C12BF79C}.Debug|iPhoneSimulator.ActiveCfg = Debug|Any CPU
		{AAE423C4-E9B4-434E-885C-2164C12BF79C}.Debug|iPhoneSimulator.Build.0 = Debug|Any CPU
		{AAE423C4-E9B4-434E-885C-2164C12BF79C}.Debug|x64.ActiveCfg = Debug|Any CPU
		{AAE423C4-E9B4-434E-885C-2164C12BF79C}.Debug|x64.Build.0 = Debug|Any CPU
		{AAE423C4-E9B4-434E-885C-2164C12BF79C}.Debug|x86.ActiveCfg = Debug|Any CPU
		{AAE423C4-E9B4-434E-885C-2164C12BF79C}.Debug|x86.Build.0 = Debug|Any CPU
		{AAE423C4-E9B4-434E-885C-2164C12BF79C}.Release|Any CPU.ActiveCfg = Release|Any CPU
		{AAE423C4-E9B4-434E-885C-2164C12BF79C}.Release|Any CPU.Build.0 = Release|Any CPU
		{AAE423C4-E9B4-434E-885C-2164C12BF79C}.Release|ARM.ActiveCfg = Release|Any CPU
		{AAE423C4-E9B4-434E-885C-2164C12BF79C}.Release|ARM.Build.0 = Release|Any CPU
		{AAE423C4-E9B4-434E-885C-2164C12BF79C}.Release|iPhone.ActiveCfg = Release|Any CPU
		{AAE423C4-E9B4-434E-885C-2164C12BF79C}.Release|iPhone.Build.0 = Release|Any CPU
		{AAE423C4-E9B4-434E-885C-2164C12BF79C}.Release|iPhoneSimulator.ActiveCfg = Release|Any CPU
		{AAE423C4-E9B4-434E-885C-2164C12BF79C}.Release|iPhoneSimulator.Build.0 = Release|Any CPU
		{AAE423C4-E9B4-434E-885C-2164C12BF79C}.Release|x64.ActiveCfg = Release|Any CPU
		{AAE423C4-E9B4-434E-885C-2164C12BF79C}.Release|x64.Build.0 = Release|Any CPU
		{AAE423C4-E9B4-434E-885C-2164C12BF79C}.Release|x86.ActiveCfg = Release|Any CPU
		{AAE423C4-E9B4-434E-885C-2164C12BF79C}.Release|x86.Build.0 = Release|Any CPU
		{D5C2D19A-E929-4587-A9DE-FA50E46AAB59}.Debug|Any CPU.ActiveCfg = Debug|Any CPU
		{D5C2D19A-E929-4587-A9DE-FA50E46AAB59}.Debug|Any CPU.Build.0 = Debug|Any CPU
		{D5C2D19A-E929-4587-A9DE-FA50E46AAB59}.Debug|ARM.ActiveCfg = Debug|Any CPU
		{D5C2D19A-E929-4587-A9DE-FA50E46AAB59}.Debug|ARM.Build.0 = Debug|Any CPU
		{D5C2D19A-E929-4587-A9DE-FA50E46AAB59}.Debug|iPhone.ActiveCfg = Debug|Any CPU
		{D5C2D19A-E929-4587-A9DE-FA50E46AAB59}.Debug|iPhone.Build.0 = Debug|Any CPU
		{D5C2D19A-E929-4587-A9DE-FA50E46AAB59}.Debug|iPhoneSimulator.ActiveCfg = Debug|Any CPU
		{D5C2D19A-E929-4587-A9DE-FA50E46AAB59}.Debug|iPhoneSimulator.Build.0 = Debug|Any CPU
		{D5C2D19A-E929-4587-A9DE-FA50E46AAB59}.Debug|x64.ActiveCfg = Debug|Any CPU
		{D5C2D19A-E929-4587-A9DE-FA50E46AAB59}.Debug|x64.Build.0 = Debug|Any CPU
		{D5C2D19A-E929-4587-A9DE-FA50E46AAB59}.Debug|x86.ActiveCfg = Debug|Any CPU
		{D5C2D19A-E929-4587-A9DE-FA50E46AAB59}.Debug|x86.Build.0 = Debug|Any CPU
		{D5C2D19A-E929-4587-A9DE-FA50E46AAB59}.Release|Any CPU.ActiveCfg = Release|Any CPU
		{D5C2D19A-E929-4587-A9DE-FA50E46AAB59}.Release|Any CPU.Build.0 = Release|Any CPU
		{D5C2D19A-E929-4587-A9DE-FA50E46AAB59}.Release|ARM.ActiveCfg = Release|Any CPU
		{D5C2D19A-E929-4587-A9DE-FA50E46AAB59}.Release|ARM.Build.0 = Release|Any CPU
		{D5C2D19A-E929-4587-A9DE-FA50E46AAB59}.Release|iPhone.ActiveCfg = Release|Any CPU
		{D5C2D19A-E929-4587-A9DE-FA50E46AAB59}.Release|iPhone.Build.0 = Release|Any CPU
		{D5C2D19A-E929-4587-A9DE-FA50E46AAB59}.Release|iPhoneSimulator.ActiveCfg = Release|Any CPU
		{D5C2D19A-E929-4587-A9DE-FA50E46AAB59}.Release|iPhoneSimulator.Build.0 = Release|Any CPU
		{D5C2D19A-E929-4587-A9DE-FA50E46AAB59}.Release|x64.ActiveCfg = Release|Any CPU
		{D5C2D19A-E929-4587-A9DE-FA50E46AAB59}.Release|x64.Build.0 = Release|Any CPU
		{D5C2D19A-E929-4587-A9DE-FA50E46AAB59}.Release|x86.ActiveCfg = Release|Any CPU
		{D5C2D19A-E929-4587-A9DE-FA50E46AAB59}.Release|x86.Build.0 = Release|Any CPU
		{47143F45-FF3B-4F74-9697-212886E9967E}.Debug|Any CPU.ActiveCfg = Debug|Any CPU
		{47143F45-FF3B-4F74-9697-212886E9967E}.Debug|Any CPU.Build.0 = Debug|Any CPU
		{47143F45-FF3B-4F74-9697-212886E9967E}.Debug|ARM.ActiveCfg = Debug|Any CPU
		{47143F45-FF3B-4F74-9697-212886E9967E}.Debug|ARM.Build.0 = Debug|Any CPU
		{47143F45-FF3B-4F74-9697-212886E9967E}.Debug|iPhone.ActiveCfg = Debug|Any CPU
		{47143F45-FF3B-4F74-9697-212886E9967E}.Debug|iPhone.Build.0 = Debug|Any CPU
		{47143F45-FF3B-4F74-9697-212886E9967E}.Debug|iPhoneSimulator.ActiveCfg = Debug|Any CPU
		{47143F45-FF3B-4F74-9697-212886E9967E}.Debug|iPhoneSimulator.Build.0 = Debug|Any CPU
		{47143F45-FF3B-4F74-9697-212886E9967E}.Debug|x64.ActiveCfg = Debug|Any CPU
		{47143F45-FF3B-4F74-9697-212886E9967E}.Debug|x64.Build.0 = Debug|Any CPU
		{47143F45-FF3B-4F74-9697-212886E9967E}.Debug|x86.ActiveCfg = Debug|Any CPU
		{47143F45-FF3B-4F74-9697-212886E9967E}.Debug|x86.Build.0 = Debug|Any CPU
		{47143F45-FF3B-4F74-9697-212886E9967E}.Release|Any CPU.ActiveCfg = Release|Any CPU
		{47143F45-FF3B-4F74-9697-212886E9967E}.Release|Any CPU.Build.0 = Release|Any CPU
		{47143F45-FF3B-4F74-9697-212886E9967E}.Release|ARM.ActiveCfg = Release|Any CPU
		{47143F45-FF3B-4F74-9697-212886E9967E}.Release|ARM.Build.0 = Release|Any CPU
		{47143F45-FF3B-4F74-9697-212886E9967E}.Release|iPhone.ActiveCfg = Release|Any CPU
		{47143F45-FF3B-4F74-9697-212886E9967E}.Release|iPhone.Build.0 = Release|Any CPU
		{47143F45-FF3B-4F74-9697-212886E9967E}.Release|iPhoneSimulator.ActiveCfg = Release|Any CPU
		{47143F45-FF3B-4F74-9697-212886E9967E}.Release|iPhoneSimulator.Build.0 = Release|Any CPU
		{47143F45-FF3B-4F74-9697-212886E9967E}.Release|x64.ActiveCfg = Release|Any CPU
		{47143F45-FF3B-4F74-9697-212886E9967E}.Release|x64.Build.0 = Release|Any CPU
		{47143F45-FF3B-4F74-9697-212886E9967E}.Release|x86.ActiveCfg = Release|Any CPU
		{47143F45-FF3B-4F74-9697-212886E9967E}.Release|x86.Build.0 = Release|Any CPU
	EndGlobalSection
	GlobalSection(SolutionProperties) = preSolution
		HideSolutionNode = FALSE
	EndGlobalSection
	GlobalSection(NestedProjects) = preSolution
		{54B7812B-45A5-4FE2-9CEA-C5F17D65BDE9} = {47DFE508-04F1-433D-8C55-0C1ACD033573}
		{AAE423C4-E9B4-434E-885C-2164C12BF79C} = {47DFE508-04F1-433D-8C55-0C1ACD033573}
	EndGlobalSection
	GlobalSection(ExtensibilityGlobals) = postSolution
		SolutionGuid = {449686DB-B85A-4DFA-AA26-9BC92468CC2A}
	EndGlobalSection
EndGlobal
